// !$*UTF8*$!
{
	archiveVersion = 1;
	classes = {
	};
	objectVersion = 50;
	objects = {

/* Begin PBXBuildFile section */
		8E4C4C8323B3B0870089E782 /* AppDelegate.swift in Sources */ = {isa = PBXBuildFile; fileRef = 8E4C4C8223B3B0870089E782 /* AppDelegate.swift */; };
		8E4C4C8523B3B0870089E782 /* SceneDelegate.swift in Sources */ = {isa = PBXBuildFile; fileRef = 8E4C4C8423B3B0870089E782 /* SceneDelegate.swift */; };
		8E4C4C8723B3B0870089E782 /* ViewController.swift in Sources */ = {isa = PBXBuildFile; fileRef = 8E4C4C8623B3B0870089E782 /* ViewController.swift */; };
		8E4C4C8A23B3B0870089E782 /* Main.storyboard in Resources */ = {isa = PBXBuildFile; fileRef = 8E4C4C8823B3B0870089E782 /* Main.storyboard */; };
		8E4C4C8C23B3B0890089E782 /* Assets.xcassets in Resources */ = {isa = PBXBuildFile; fileRef = 8E4C4C8B23B3B0890089E782 /* Assets.xcassets */; };
		8E4C4C8F23B3B0890089E782 /* LaunchScreen.storyboard in Resources */ = {isa = PBXBuildFile; fileRef = 8E4C4C8D23B3B0890089E782 /* LaunchScreen.storyboard */; };
		8E4C4C9823B3B3D20089E782 /* Bubbling.swift in Sources */ = {isa = PBXBuildFile; fileRef = 8E4C4C9723B3B3D20089E782 /* Bubbling.swift */; };
		D2CAF87C23B9C96C00BFC04B /* QuickSort.cpp in Sources */ = {isa = PBXBuildFile; fileRef = D2CAF87A23B9C96C00BFC04B /* QuickSort.cpp */; };
		D2CAF88723BB1BBD00BFC04B /* InsertionSort.swift in Sources */ = {isa = PBXBuildFile; fileRef = D2CAF88623BB1BBD00BFC04B /* InsertionSort.swift */; };
		D2CAF89123BDBEBF00BFC04B /* ShellSort.swift in Sources */ = {isa = PBXBuildFile; fileRef = D2CAF89023BDBEBE00BFC04B /* ShellSort.swift */; };
		D2CAF89623BEE9F600BFC04B /* QuickSort.swift in Sources */ = {isa = PBXBuildFile; fileRef = D2CAF89523BEE9F600BFC04B /* QuickSort.swift */; };
		D2CAF89A23BF30BA00BFC04B /* MergeSort.swift in Sources */ = {isa = PBXBuildFile; fileRef = D2CAF89923BF30BA00BFC04B /* MergeSort.swift */; };
/* End PBXBuildFile section */

/* Begin PBXFileReference section */
		8E4C4C7F23B3B0870089E782 /* SortingAlgorithm.app */ = {isa = PBXFileReference; explicitFileType = wrapper.application; includeInIndex = 0; path = SortingAlgorithm.app; sourceTree = BUILT_PRODUCTS_DIR; };
		8E4C4C8223B3B0870089E782 /* AppDelegate.swift */ = {isa = PBXFileReference; lastKnownFileType = sourcecode.swift; path = AppDelegate.swift; sourceTree = "<group>"; };
		8E4C4C8423B3B0870089E782 /* SceneDelegate.swift */ = {isa = PBXFileReference; lastKnownFileType = sourcecode.swift; path = SceneDelegate.swift; sourceTree = "<group>"; };
		8E4C4C8623B3B0870089E782 /* ViewController.swift */ = {isa = PBXFileReference; lastKnownFileType = sourcecode.swift; path = ViewController.swift; sourceTree = "<group>"; };
		8E4C4C8923B3B0870089E782 /* Base */ = {isa = PBXFileReference; lastKnownFileType = file.storyboard; name = Base; path = Base.lproj/Main.storyboard; sourceTree = "<group>"; };
		8E4C4C8B23B3B0890089E782 /* Assets.xcassets */ = {isa = PBXFileReference; lastKnownFileType = folder.assetcatalog; path = Assets.xcassets; sourceTree = "<group>"; };
		8E4C4C8E23B3B0890089E782 /* Base */ = {isa = PBXFileReference; lastKnownFileType = file.storyboard; name = Base; path = Base.lproj/LaunchScreen.storyboard; sourceTree = "<group>"; };
		8E4C4C9023B3B0890089E782 /* Info.plist */ = {isa = PBXFileReference; lastKnownFileType = text.plist.xml; path = Info.plist; sourceTree = "<group>"; };
		8E4C4C9723B3B3D20089E782 /* Bubbling.swift */ = {isa = PBXFileReference; lastKnownFileType = sourcecode.swift; path = Bubbling.swift; sourceTree = "<group>"; };
		D2CAF87923B9C96C00BFC04B /* SortingAlgorithm-Bridging-Header.h */ = {isa = PBXFileReference; lastKnownFileType = sourcecode.c.h; path = "SortingAlgorithm-Bridging-Header.h"; sourceTree = "<group>"; };
		D2CAF87A23B9C96C00BFC04B /* QuickSort.cpp */ = {isa = PBXFileReference; lastKnownFileType = sourcecode.cpp.cpp; path = QuickSort.cpp; sourceTree = "<group>"; };
		D2CAF87B23B9C96C00BFC04B /* QuickSort.hpp */ = {isa = PBXFileReference; lastKnownFileType = sourcecode.cpp.h; path = QuickSort.hpp; sourceTree = "<group>"; };
		D2CAF88623BB1BBD00BFC04B /* InsertionSort.swift */ = {isa = PBXFileReference; lastKnownFileType = sourcecode.swift; path = InsertionSort.swift; sourceTree = "<group>"; };
		D2CAF89023BDBEBE00BFC04B /* ShellSort.swift */ = {isa = PBXFileReference; lastKnownFileType = sourcecode.swift; path = ShellSort.swift; sourceTree = "<group>"; };
		D2CAF89523BEE9F600BFC04B /* QuickSort.swift */ = {isa = PBXFileReference; lastKnownFileType = sourcecode.swift; path = QuickSort.swift; sourceTree = "<group>"; };
		D2CAF89723BEFACA00BFC04B /* CBridgeing.h */ = {isa = PBXFileReference; lastKnownFileType = sourcecode.c.h; path = CBridgeing.h; sourceTree = "<group>"; };
		D2CAF89923BF30BA00BFC04B /* MergeSort.swift */ = {isa = PBXFileReference; lastKnownFileType = sourcecode.swift; path = MergeSort.swift; sourceTree = "<group>"; };
/* End PBXFileReference section */

/* Begin PBXFrameworksBuildPhase section */
		8E4C4C7C23B3B0870089E782 /* Frameworks */ = {
			isa = PBXFrameworksBuildPhase;
			buildActionMask = 2147483647;
			files = (
			);
			runOnlyForDeploymentPostprocessing = 0;
		};
/* End PBXFrameworksBuildPhase section */

/* Begin PBXGroup section */
		8E4C4C7623B3B0870089E782 = {
			isa = PBXGroup;
			children = (
				8E4C4C8123B3B0870089E782 /* SortingAlgorithm */,
				8E4C4C8023B3B0870089E782 /* Products */,
			);
			sourceTree = "<group>";
		};
		8E4C4C8023B3B0870089E782 /* Products */ = {
			isa = PBXGroup;
			children = (
				8E4C4C7F23B3B0870089E782 /* SortingAlgorithm.app */,
			);
			name = Products;
			sourceTree = "<group>";
		};
		8E4C4C8123B3B0870089E782 /* SortingAlgorithm */ = {
			isa = PBXGroup;
			children = (
				D2CAF89823BF2D0800BFC04B /* 归并排序 */,
				D2CAF87823B9C91200BFC04B /* 快速排序 */,
				D2CAF88F23BDBE6100BFC04B /* 希尔排序 */,
				D2CAF88523BB1B8A00BFC04B /* 插入排序 */,
				8E4C4C9623B3B39F0089E782 /* 冒泡排序 */,
				8E4C4C8223B3B0870089E782 /* AppDelegate.swift */,
				8E4C4C8423B3B0870089E782 /* SceneDelegate.swift */,
				8E4C4C8623B3B0870089E782 /* ViewController.swift */,
				D2CAF89723BEFACA00BFC04B /* CBridgeing.h */,
				D2CAF87923B9C96C00BFC04B /* SortingAlgorithm-Bridging-Header.h */,
				8E4C4C8823B3B0870089E782 /* Main.storyboard */,
				8E4C4C8B23B3B0890089E782 /* Assets.xcassets */,
				8E4C4C8D23B3B0890089E782 /* LaunchScreen.storyboard */,
				8E4C4C9023B3B0890089E782 /* Info.plist */,
			);
			path = SortingAlgorithm;
			sourceTree = "<group>";
		};
		8E4C4C9623B3B39F0089E782 /* 冒泡排序 */ = {
			isa = PBXGroup;
			children = (
				8E4C4C9723B3B3D20089E782 /* Bubbling.swift */,
			);
			path = "冒泡排序";
			sourceTree = "<group>";
		};
		D2CAF87823B9C91200BFC04B /* 快速排序 */ = {
			isa = PBXGroup;
			children = (
				D2CAF87A23B9C96C00BFC04B /* QuickSort.cpp */,
				D2CAF87B23B9C96C00BFC04B /* QuickSort.hpp */,
				D2CAF89523BEE9F600BFC04B /* QuickSort.swift */,
			);
			path = "快速排序";
			sourceTree = "<group>";
		};
		D2CAF88523BB1B8A00BFC04B /* 插入排序 */ = {
			isa = PBXGroup;
			children = (
				D2CAF88623BB1BBD00BFC04B /* InsertionSort.swift */,
			);
			path = "插入排序";
			sourceTree = "<group>";
		};
		D2CAF88F23BDBE6100BFC04B /* 希尔排序 */ = {
			isa = PBXGroup;
			children = (
				D2CAF89023BDBEBE00BFC04B /* ShellSort.swift */,
			);
			path = "希尔排序";
			sourceTree = "<group>";
		};
		D2CAF89823BF2D0800BFC04B /* 归并排序 */ = {
			isa = PBXGroup;
			children = (
				D2CAF89923BF30BA00BFC04B /* MergeSort.swift */,
			);
			path = "归并排序";
			sourceTree = "<group>";
		};
/* End PBXGroup section */

/* Begin PBXNativeTarget section */
		8E4C4C7E23B3B0870089E782 /* SortingAlgorithm */ = {
			isa = PBXNativeTarget;
			buildConfigurationList = 8E4C4C9323B3B08A0089E782 /* Build configuration list for PBXNativeTarget "SortingAlgorithm" */;
			buildPhases = (
				8E4C4C7B23B3B0870089E782 /* Sources */,
				8E4C4C7C23B3B0870089E782 /* Frameworks */,
				8E4C4C7D23B3B0870089E782 /* Resources */,
			);
			buildRules = (
			);
			dependencies = (
			);
			name = SortingAlgorithm;
			productName = SortingAlgorithm;
			productReference = 8E4C4C7F23B3B0870089E782 /* SortingAlgorithm.app */;
			productType = "com.apple.product-type.application";
		};
/* End PBXNativeTarget section */

/* Begin PBXProject section */
		8E4C4C7723B3B0870089E782 /* Project object */ = {
			isa = PBXProject;
			attributes = {
				LastSwiftUpdateCheck = 1130;
				LastUpgradeCheck = 1130;
				ORGANIZATIONNAME = "HM C";
				TargetAttributes = {
					8E4C4C7E23B3B0870089E782 = {
						CreatedOnToolsVersion = 11.3;
						LastSwiftMigration = 1120;
					};
				};
			};
			buildConfigurationList = 8E4C4C7A23B3B0870089E782 /* Build configuration list for PBXProject "SortingAlgorithm" */;
			compatibilityVersion = "Xcode 9.3";
			developmentRegion = en;
			hasScannedForEncodings = 0;
			knownRegions = (
				en,
				Base,
			);
			mainGroup = 8E4C4C7623B3B0870089E782;
			productRefGroup = 8E4C4C8023B3B0870089E782 /* Products */;
			projectDirPath = "";
			projectRoot = "";
			targets = (
				8E4C4C7E23B3B0870089E782 /* SortingAlgorithm */,
			);
		};
/* End PBXProject section */

/* Begin PBXResourcesBuildPhase section */
		8E4C4C7D23B3B0870089E782 /* Resources */ = {
			isa = PBXResourcesBuildPhase;
			buildActionMask = 2147483647;
			files = (
				8E4C4C8F23B3B0890089E782 /* LaunchScreen.storyboard in Resources */,
				8E4C4C8C23B3B0890089E782 /* Assets.xcassets in Resources */,
				8E4C4C8A23B3B0870089E782 /* Main.storyboard in Resources */,
			);
			runOnlyForDeploymentPostprocessing = 0;
		};
/* End PBXResourcesBuildPhase section */

/* Begin PBXSourcesBuildPhase section */
		8E4C4C7B23B3B0870089E782 /* Sources */ = {
			isa = PBXSourcesBuildPhase;
			buildActionMask = 2147483647;
			files = (
				8E4C4C8723B3B0870089E782 /* ViewController.swift in Sources */,
				8E4C4C8323B3B0870089E782 /* AppDelegate.swift in Sources */,
				8E4C4C9823B3B3D20089E782 /* Bubbling.swift in Sources */,
				D2CAF88723BB1BBD00BFC04B /* InsertionSort.swift in Sources */,
				D2CAF89123BDBEBF00BFC04B /* ShellSort.swift in Sources */,
				D2CAF87C23B9C96C00BFC04B /* QuickSort.cpp in Sources */,
				D2CAF89A23BF30BA00BFC04B /* MergeSort.swift in Sources */,
				8E4C4C8523B3B0870089E782 /* SceneDelegate.swift in Sources */,
				D2CAF89623BEE9F600BFC04B /* QuickSort.swift in Sources */,
			);
			runOnlyForDeploymentPostprocessing = 0;
		};
/* End PBXSourcesBuildPhase section */

/* Begin PBXVariantGroup section */
		8E4C4C8823B3B0870089E782 /* Main.storyboard */ = {
			isa = PBXVariantGroup;
			children = (
				8E4C4C8923B3B0870089E782 /* Base */,
			);
			name = Main.storyboard;
			sourceTree = "<group>";
		};
		8E4C4C8D23B3B0890089E782 /* LaunchScreen.storyboard */ = {
			isa = PBXVariantGroup;
			children = (
				8E4C4C8E23B3B0890089E782 /* Base */,
			);
			name = LaunchScreen.storyboard;
			sourceTree = "<group>";
		};
/* End PBXVariantGroup section */

/* Begin XCBuildConfiguration section */
		8E4C4C9123B3B08A0089E782 /* Debug */ = {
			isa = XCBuildConfiguration;
			buildSettings = {
				ALWAYS_SEARCH_USER_PATHS = NO;
				CLANG_ANALYZER_NONNULL = YES;
				CLANG_ANALYZER_NUMBER_OBJECT_CONVERSION = YES_AGGRESSIVE;
				CLANG_CXX_LANGUAGE_STANDARD = "gnu++14";
				CLANG_CXX_LIBRARY = "libc++";
				CLANG_ENABLE_MODULES = YES;
				CLANG_ENABLE_OBJC_ARC = YES;
				CLANG_ENABLE_OBJC_WEAK = YES;
				CLANG_WARN_BLOCK_CAPTURE_AUTORELEASING = YES;
				CLANG_WARN_BOOL_CONVERSION = YES;
				CLANG_WARN_COMMA = YES;
				CLANG_WARN_CONSTANT_CONVERSION = YES;
				CLANG_WARN_DEPRECATED_OBJC_IMPLEMENTATIONS = YES;
				CLANG_WARN_DIRECT_OBJC_ISA_USAGE = YES_ERROR;
				CLANG_WARN_DOCUMENTATION_COMMENTS = YES;
				CLANG_WARN_EMPTY_BODY = YES;
				CLANG_WARN_ENUM_CONVERSION = YES;
				CLANG_WARN_INFINITE_RECURSION = YES;
				CLANG_WARN_INT_CONVERSION = YES;
				CLANG_WARN_NON_LITERAL_NULL_CONVERSION = YES;
				CLANG_WARN_OBJC_IMPLICIT_RETAIN_SELF = YES;
				CLANG_WARN_OBJC_LITERAL_CONVERSION = YES;
				CLANG_WARN_OBJC_ROOT_CLASS = YES_ERROR;
				CLANG_WARN_RANGE_LOOP_ANALYSIS = YES;
				CLANG_WARN_STRICT_PROTOTYPES = YES;
				CLANG_WARN_SUSPICIOUS_MOVE = YES;
				CLANG_WARN_UNGUARDED_AVAILABILITY = YES_AGGRESSIVE;
				CLANG_WARN_UNREACHABLE_CODE = YES;
				CLANG_WARN__DUPLICATE_METHOD_MATCH = YES;
				COPY_PHASE_STRIP = NO;
				DEBUG_INFORMATION_FORMAT = dwarf;
				ENABLE_STRICT_OBJC_MSGSEND = YES;
				ENABLE_TESTABILITY = YES;
				GCC_C_LANGUAGE_STANDARD = gnu11;
				GCC_DYNAMIC_NO_PIC = NO;
				GCC_NO_COMMON_BLOCKS = YES;
				GCC_OPTIMIZATION_LEVEL = 0;
				GCC_PREPROCESSOR_DEFINITIONS = (
					"DEBUG=1",
					"$(inherited)",
				);
				GCC_WARN_64_TO_32_BIT_CONVERSION = YES;
				GCC_WARN_ABOUT_RETURN_TYPE = YES_ERROR;
				GCC_WARN_UNDECLARED_SELECTOR = YES;
				GCC_WARN_UNINITIALIZED_AUTOS = YES_AGGRESSIVE;
				GCC_WARN_UNUSED_FUNCTION = YES;
				GCC_WARN_UNUSED_VARIABLE = YES;
				IPHONEOS_DEPLOYMENT_TARGET = 13.2;
				MTL_ENABLE_DEBUG_INFO = INCLUDE_SOURCE;
				MTL_FAST_MATH = YES;
				ONLY_ACTIVE_ARCH = YES;
				SDKROOT = iphoneos;
				SWIFT_ACTIVE_COMPILATION_CONDITIONS = DEBUG;
				SWIFT_OPTIMIZATION_LEVEL = "-Onone";
			};
			name = Debug;
		};
		8E4C4C9223B3B08A0089E782 /* Release */ = {
			isa = XCBuildConfiguration;
			buildSettings = {
				ALWAYS_SEARCH_USER_PATHS = NO;
				CLANG_ANALYZER_NONNULL = YES;
				CLANG_ANALYZER_NUMBER_OBJECT_CONVERSION = YES_AGGRESSIVE;
				CLANG_CXX_LANGUAGE_STANDARD = "gnu++14";
				CLANG_CXX_LIBRARY = "libc++";
				CLANG_ENABLE_MODULES = YES;
				CLANG_ENABLE_OBJC_ARC = YES;
				CLANG_ENABLE_OBJC_WEAK = YES;
				CLANG_WARN_BLOCK_CAPTURE_AUTORELEASING = YES;
				CLANG_WARN_BOOL_CONVERSION = YES;
				CLANG_WARN_COMMA = YES;
				CLANG_WARN_CONSTANT_CONVERSION = YES;
				CLANG_WARN_DEPRECATED_OBJC_IMPLEMENTATIONS = YES;
				CLANG_WARN_DIRECT_OBJC_ISA_USAGE = YES_ERROR;
				CLANG_WARN_DOCUMENTATION_COMMENTS = YES;
				CLANG_WARN_EMPTY_BODY = YES;
				CLANG_WARN_ENUM_CONVERSION = YES;
				CLANG_WARN_INFINITE_RECURSION = YES;
				CLANG_WARN_INT_CONVERSION = YES;
				CLANG_WARN_NON_LITERAL_NULL_CONVERSION = YES;
				CLANG_WARN_OBJC_IMPLICIT_RETAIN_SELF = YES;
				CLANG_WARN_OBJC_LITERAL_CONVERSION = YES;
				CLANG_WARN_OBJC_ROOT_CLASS = YES_ERROR;
				CLANG_WARN_RANGE_LOOP_ANALYSIS = YES;
				CLANG_WARN_STRICT_PROTOTYPES = YES;
				CLANG_WARN_SUSPICIOUS_MOVE = YES;
				CLANG_WARN_UNGUARDED_AVAILABILITY = YES_AGGRESSIVE;
				CLANG_WARN_UNREACHABLE_CODE = YES;
				CLANG_WARN__DUPLICATE_METHOD_MATCH = YES;
				COPY_PHASE_STRIP = NO;
				DEBUG_INFORMATION_FORMAT = "dwarf-with-dsym";
				ENABLE_NS_ASSERTIONS = NO;
				ENABLE_STRICT_OBJC_MSGSEND = YES;
				GCC_C_LANGUAGE_STANDARD = gnu11;
				GCC_NO_COMMON_BLOCKS = YES;
				GCC_WARN_64_TO_32_BIT_CONVERSION = YES;
				GCC_WARN_ABOUT_RETURN_TYPE = YES_ERROR;
				GCC_WARN_UNDECLARED_SELECTOR = YES;
				GCC_WARN_UNINITIALIZED_AUTOS = YES_AGGRESSIVE;
				GCC_WARN_UNUSED_FUNCTION = YES;
				GCC_WARN_UNUSED_VARIABLE = YES;
				IPHONEOS_DEPLOYMENT_TARGET = 13.2;
				MTL_ENABLE_DEBUG_INFO = NO;
				MTL_FAST_MATH = YES;
				SDKROOT = iphoneos;
				SWIFT_COMPILATION_MODE = wholemodule;
				SWIFT_OPTIMIZATION_LEVEL = "-O";
				VALIDATE_PRODUCT = YES;
			};
			name = Release;
		};
		8E4C4C9423B3B08A0089E782 /* Debug */ = {
			isa = XCBuildConfiguration;
			buildSettings = {
				ASSETCATALOG_COMPILER_APPICON_NAME = AppIcon;
				CLANG_ENABLE_MODULES = YES;
				CODE_SIGN_STYLE = Automatic;
				INFOPLIST_FILE = SortingAlgorithm/Info.plist;
				LD_RUNPATH_SEARCH_PATHS = (
					"$(inherited)",
					"@executable_path/Frameworks",
				);
				PRODUCT_BUNDLE_IDENTIFIER = HMCDeveloper.SortingAlgorithm;
				PRODUCT_NAME = "$(TARGET_NAME)";
				SWIFT_OBJC_BRIDGING_HEADER = "SortingAlgorithm/SortingAlgorithm-Bridging-Header.h";
				SWIFT_OPTIMIZATION_LEVEL = "-Onone";
				SWIFT_VERSION = 5.0;
				TARGETED_DEVICE_FAMILY = "1,2";
			};
			name = Debug;
		};
		8E4C4C9523B3B08A0089E782 /* Release */ = {
			isa = XCBuildConfiguration;
			buildSettings = {
				ASSETCATALOG_COMPILER_APPICON_NAME = AppIcon;
				CLANG_ENABLE_MODULES = YES;
				CODE_SIGN_STYLE = Automatic;
				INFOPLIST_FILE = SortingAlgorithm/Info.plist;
				LD_RUNPATH_SEARCH_PATHS = (
					"$(inherited)",
					"@executable_path/Frameworks",
				);
				PRODUCT_BUNDLE_IDENTIFIER = HMCDeveloper.SortingAlgorithm;
				PRODUCT_NAME = "$(TARGET_NAME)";
				SWIFT_OBJC_BRIDGING_HEADER = "SortingAlgorithm/SortingAlgorithm-Bridging-Header.h";
				SWIFT_VERSION = 5.0;
				TARGETED_DEVICE_FAMILY = "1,2";
			};
			name = Release;
		};
/* End XCBuildConfiguration section */

/* Begin XCConfigurationList section */
		8E4C4C7A23B3B0870089E782 /* Build configuration list for PBXProject "SortingAlgorithm" */ = {
			isa = XCConfigurationList;
			buildConfigurations = (
				8E4C4C9123B3B08A0089E782 /* Debug */,
				8E4C4C9223B3B08A0089E782 /* Release */,
			);
			defaultConfigurationIsVisible = 0;
			defaultConfigurationName = Release;
		};
		8E4C4C9323B3B08A0089E782 /* Build configuration list for PBXNativeTarget "SortingAlgorithm" */ = {
			isa = XCConfigurationList;
			buildConfigurations = (
				8E4C4C9423B3B08A0089E782 /* Debug */,
				8E4C4C9523B3B08A0089E782 /* Release */,
			);
			defaultConfigurationIsVisible = 0;
			defaultConfigurationName = Release;
		};
/* End XCConfigurationList section */
	};
	rootObject = 8E4C4C7723B3B0870089E782 /* Project object */;
}
