// !$*UTF8*$!
{
	archiveVersion = 1;
	classes = {
	};
	objectVersion = 50;
	objects = {

/* Begin PBXBuildFile section */
		8E2572BD24D062C90080F598 /* CPower.cpp in Sources */ = {isa = PBXBuildFile; fileRef = 8E2572BB24D062C90080F598 /* CPower.cpp */; };
		8E2572C124D0696F0080F598 /* Print1ToMaxOfNDigits.cpp in Sources */ = {isa = PBXBuildFile; fileRef = 8E2572BF24D0696F0080F598 /* Print1ToMaxOfNDigits.cpp */; };
		8E2572C524D1B3AE0080F598 /* MirrorOfBinaryTree.cpp in Sources */ = {isa = PBXBuildFile; fileRef = 8E2572C324D1B3AE0080F598 /* MirrorOfBinaryTree.cpp */; };
		8E2572C824D1B45D0080F598 /* BinaryTree.cpp in Sources */ = {isa = PBXBuildFile; fileRef = 8E2572C624D1B45D0080F598 /* BinaryTree.cpp */; };
		8E2572CC24D1C3780080F598 /* SymmetricalBinaryTree.cpp in Sources */ = {isa = PBXBuildFile; fileRef = 8E2572CA24D1C3780080F598 /* SymmetricalBinaryTree.cpp */; };
		8E2572D024D3039B0080F598 /* StringPermutation.cpp in Sources */ = {isa = PBXBuildFile; fileRef = 8E2572CE24D3039B0080F598 /* StringPermutation.cpp */; };
		8E2572D524D304690080F598 /* MoreThanHalfNumber.cpp in Sources */ = {isa = PBXBuildFile; fileRef = 8E2572D324D304690080F598 /* MoreThanHalfNumber.cpp */; };
		8E2572D824D304DE0080F598 /* Array.cpp in Sources */ = {isa = PBXBuildFile; fileRef = 8E2572D624D304DE0080F598 /* Array.cpp */; };
		8E5CCE0724B9FF3D0081B5FF /* Review_1.cpp in Sources */ = {isa = PBXBuildFile; fileRef = 8E5CCE0624B9FF3D0081B5FF /* Review_1.cpp */; };
		8EA593D924CDB969002785EF /* main.cpp in Sources */ = {isa = PBXBuildFile; fileRef = 8EA593D824CDB969002785EF /* main.cpp */; };
		8EA593E024CDBD0B002785EF /* AssignmentOperator.cpp in Sources */ = {isa = PBXBuildFile; fileRef = 8EA593DE24CDBD0B002785EF /* AssignmentOperator.cpp */; };
		8EA593E424CF0B40002785EF /* ConstructBinaryTree.cpp in Sources */ = {isa = PBXBuildFile; fileRef = 8EA593E224CF0B40002785EF /* ConstructBinaryTree.cpp */; };
		D2090C0524CFA51E00FA4F51 /* NextNodeInBinaryTrees.cpp in Sources */ = {isa = PBXBuildFile; fileRef = D2090C0324CFA51E00FA4F51 /* NextNodeInBinaryTrees.cpp */; };
		D2090C0924CFAD4B00FA4F51 /* QueueWithTwoStacks.cpp in Sources */ = {isa = PBXBuildFile; fileRef = D2090C0724CFAD4B00FA4F51 /* QueueWithTwoStacks.cpp */; };
		D2090C0D24CFBCC600FA4F51 /* StackWithTwoQueues.cpp in Sources */ = {isa = PBXBuildFile; fileRef = D2090C0B24CFBCC600FA4F51 /* StackWithTwoQueues.cpp */; };
		D2090C1124CFCF3600FA4F51 /* Fibonacci.cpp in Sources */ = {isa = PBXBuildFile; fileRef = D2090C0F24CFCF3600FA4F51 /* Fibonacci.cpp */; };
		D2090C1524CFF75E00FA4F51 /* MinNumberInRotatedArray.cpp in Sources */ = {isa = PBXBuildFile; fileRef = D2090C1324CFF75E00FA4F51 /* MinNumberInRotatedArray.cpp */; };
		D2090C1924D010B800FA4F51 /* StringPathInMatrix.cpp in Sources */ = {isa = PBXBuildFile; fileRef = D2090C1724D010B800FA4F51 /* StringPathInMatrix.cpp */; };
		D2090C1D24D01FCC00FA4F51 /* RobotMove.cpp in Sources */ = {isa = PBXBuildFile; fileRef = D2090C1B24D01FCC00FA4F51 /* RobotMove.cpp */; };
		D2090C2124D0293B00FA4F51 /* NumberOf1InBinary.cpp in Sources */ = {isa = PBXBuildFile; fileRef = D2090C1F24D0293B00FA4F51 /* NumberOf1InBinary.cpp */; };
		D21B43A324CE83160078EEF9 /* FindDuplication.cpp in Sources */ = {isa = PBXBuildFile; fileRef = D21B43A124CE83160078EEF9 /* FindDuplication.cpp */; };
		D21B43A724CEA24B0078EEF9 /* FindDuplicationNoEdit.cpp in Sources */ = {isa = PBXBuildFile; fileRef = D21B43A524CEA24B0078EEF9 /* FindDuplicationNoEdit.cpp */; };
		D21B43AB24CEB54B0078EEF9 /* FindInPartiallySortedMatrix.cpp in Sources */ = {isa = PBXBuildFile; fileRef = D21B43A924CEB54B0078EEF9 /* FindInPartiallySortedMatrix.cpp */; };
		D21B43AF24CEC0CD0078EEF9 /* ReplaceSpaces.cpp in Sources */ = {isa = PBXBuildFile; fileRef = D21B43AD24CEC0CD0078EEF9 /* ReplaceSpaces.cpp */; };
		D21B43B324CED1390078EEF9 /* PrintListInReversedOrder.cpp in Sources */ = {isa = PBXBuildFile; fileRef = D21B43B124CED1390078EEF9 /* PrintListInReversedOrder.cpp */; };
		D227130824D10B2F009B180D /* DeleteNodeInList.cpp in Sources */ = {isa = PBXBuildFile; fileRef = D227130624D10B2F009B180D /* DeleteNodeInList.cpp */; };
		D227130C24D11360009B180D /* DeleteDuplicatedNode.cpp in Sources */ = {isa = PBXBuildFile; fileRef = D227130A24D11360009B180D /* DeleteDuplicatedNode.cpp */; };
		D227131024D11DB5009B180D /* RegularExpressions.cpp in Sources */ = {isa = PBXBuildFile; fileRef = D227130E24D11DB5009B180D /* RegularExpressions.cpp */; };
		D227131424D126F2009B180D /* NumericStrings.cpp in Sources */ = {isa = PBXBuildFile; fileRef = D227131224D126F2009B180D /* NumericStrings.cpp */; };
		D227131824D139B5009B180D /* ReorderArray.cpp in Sources */ = {isa = PBXBuildFile; fileRef = D227131624D139B5009B180D /* ReorderArray.cpp */; };
		D227131C24D14BEB009B180D /* KthNodeFromEnd.cpp in Sources */ = {isa = PBXBuildFile; fileRef = D227131A24D14BEB009B180D /* KthNodeFromEnd.cpp */; };
		D227132024D1577D009B180D /* EntryNodeInListLoop.cpp in Sources */ = {isa = PBXBuildFile; fileRef = D227131E24D1577D009B180D /* EntryNodeInListLoop.cpp */; };
		D227132424D165A1009B180D /* ReverseList.cpp in Sources */ = {isa = PBXBuildFile; fileRef = D227132224D165A1009B180D /* ReverseList.cpp */; };
		D227132824D16CBB009B180D /* MergeSortedLists.cpp in Sources */ = {isa = PBXBuildFile; fileRef = D227132624D16CBB009B180D /* MergeSortedLists.cpp */; };
		D227132C24D16E6B009B180D /* List.cpp in Sources */ = {isa = PBXBuildFile; fileRef = D227132A24D16E6B009B180D /* List.cpp */; };
		D227133024D17ADA009B180D /* SubstructureInTree.cpp in Sources */ = {isa = PBXBuildFile; fileRef = D227132E24D17AD9009B180D /* SubstructureInTree.cpp */; };
		D2330A2824AF0FD500C6480D /* main.cpp in Sources */ = {isa = PBXBuildFile; fileRef = D2330A2724AF0FD500C6480D /* main.cpp */; };
		D237C63F24D24648001E0B21 /* StackWithMin.cpp in Sources */ = {isa = PBXBuildFile; fileRef = D237C63D24D24648001E0B21 /* StackWithMin.cpp */; };
		D237C64324D25B20001E0B21 /* StackPushPopOrder.cpp in Sources */ = {isa = PBXBuildFile; fileRef = D237C64124D25B20001E0B21 /* StackPushPopOrder.cpp */; };
		D237C64724D265B0001E0B21 /* PrintTreeFromTopToBottom.cpp in Sources */ = {isa = PBXBuildFile; fileRef = D237C64524D265B0001E0B21 /* PrintTreeFromTopToBottom.cpp */; };
		D237C64B24D26CED001E0B21 /* PrintTreesInLines.cpp in Sources */ = {isa = PBXBuildFile; fileRef = D237C64924D26CED001E0B21 /* PrintTreesInLines.cpp */; };
		D237C64F24D27648001E0B21 /* PrintTreesInZigzag.cpp in Sources */ = {isa = PBXBuildFile; fileRef = D237C64D24D27648001E0B21 /* PrintTreesInZigzag.cpp */; };
		D237C65324D27FEE001E0B21 /* SquenceOfBST.cpp in Sources */ = {isa = PBXBuildFile; fileRef = D237C65124D27FEE001E0B21 /* SquenceOfBST.cpp */; };
		D237C65724D29F3A001E0B21 /* PathInTree.cpp in Sources */ = {isa = PBXBuildFile; fileRef = D237C65524D29F3A001E0B21 /* PathInTree.cpp */; };
		D237C65B24D2AAF8001E0B21 /* CopyComplexList.cpp in Sources */ = {isa = PBXBuildFile; fileRef = D237C65924D2AAF8001E0B21 /* CopyComplexList.cpp */; };
		D237C65E24D2AB63001E0B21 /* ComplexList.cpp in Sources */ = {isa = PBXBuildFile; fileRef = D237C65C24D2AB63001E0B21 /* ComplexList.cpp */; };
		D237C66224D2BC31001E0B21 /* ConvertBinarySearchTree.cpp in Sources */ = {isa = PBXBuildFile; fileRef = D237C66024D2BC31001E0B21 /* ConvertBinarySearchTree.cpp */; };
		D237C66624D2C730001E0B21 /* SerializeBinaryTrees.cpp in Sources */ = {isa = PBXBuildFile; fileRef = D237C66424D2C730001E0B21 /* SerializeBinaryTrees.cpp */; };
		D239E71724D3921A00DA0BE5 /* KLeastNumbers.cpp in Sources */ = {isa = PBXBuildFile; fileRef = D239E71524D3921A00DA0BE5 /* KLeastNumbers.cpp */; };
		D239E71B24D39BCA00DA0BE5 /* StreamMedian.cpp in Sources */ = {isa = PBXBuildFile; fileRef = D239E71924D39BCA00DA0BE5 /* StreamMedian.cpp */; };
		D239E71F24D3A3B200DA0BE5 /* GreatestSumOfSubarrays.cpp in Sources */ = {isa = PBXBuildFile; fileRef = D239E71D24D3A3B200DA0BE5 /* GreatestSumOfSubarrays.cpp */; };
		D239E72324D3B3E700DA0BE5 /* NumberOf1.cpp in Sources */ = {isa = PBXBuildFile; fileRef = D239E72124D3B3E700DA0BE5 /* NumberOf1.cpp */; };
		D239E72724D3BDDF00DA0BE5 /* DigitsInSequence.cpp in Sources */ = {isa = PBXBuildFile; fileRef = D239E72524D3BDDF00DA0BE5 /* DigitsInSequence.cpp */; };
		D239E77C24D3FBF000DA0BE5 /* SortArrayForMinNumber.cpp in Sources */ = {isa = PBXBuildFile; fileRef = D239E77A24D3FBF000DA0BE5 /* SortArrayForMinNumber.cpp */; };
		D239E78024D4012500DA0BE5 /* TranslateNumbersToStrings.cpp in Sources */ = {isa = PBXBuildFile; fileRef = D239E77E24D4012500DA0BE5 /* TranslateNumbersToStrings.cpp */; };
		D239E78424D4161800DA0BE5 /* MaxValueOfGifts.cpp in Sources */ = {isa = PBXBuildFile; fileRef = D239E78224D4161800DA0BE5 /* MaxValueOfGifts.cpp */; };
		D239E78824D4290200DA0BE5 /* LongestSubstringWithoutDup.cpp in Sources */ = {isa = PBXBuildFile; fileRef = D239E78624D4290200DA0BE5 /* LongestSubstringWithoutDup.cpp */; };
		D28F813A24C6E60E00EE7EF3 /* RecursiveSummary.cpp in Sources */ = {isa = PBXBuildFile; fileRef = D28F813824C6E60E00EE7EF3 /* RecursiveSummary.cpp */; };
		D2EB010024D912C6009EAFD6 /* main.swift in Sources */ = {isa = PBXBuildFile; fileRef = D2EB00FF24D912C6009EAFD6 /* main.swift */; };
		D2EB010924D9136D009EAFD6 /* BubbleSort.swift in Sources */ = {isa = PBXBuildFile; fileRef = D2EB010824D9136D009EAFD6 /* BubbleSort.swift */; };
		D2EB010C24D91F91009EAFD6 /* BubbleSort.cpp in Sources */ = {isa = PBXBuildFile; fileRef = D2EB010A24D91F91009EAFD6 /* BubbleSort.cpp */; };
		D2EB011024D92F70009EAFD6 /* InsertSort.cpp in Sources */ = {isa = PBXBuildFile; fileRef = D2EB010E24D92F70009EAFD6 /* InsertSort.cpp */; };
		D2EB011324D933BB009EAFD6 /* InsertSort.swift in Sources */ = {isa = PBXBuildFile; fileRef = D2EB011224D933BB009EAFD6 /* InsertSort.swift */; };
		D2EB011724D9364C009EAFD6 /* ShellSort.cpp in Sources */ = {isa = PBXBuildFile; fileRef = D2EB011524D9364C009EAFD6 /* ShellSort.cpp */; };
		D2EB011A24D93E86009EAFD6 /* ShellSort.swift in Sources */ = {isa = PBXBuildFile; fileRef = D2EB011924D93E86009EAFD6 /* ShellSort.swift */; };
		D2EB011E24D955D6009EAFD6 /* SelectSort.cpp in Sources */ = {isa = PBXBuildFile; fileRef = D2EB011C24D955D6009EAFD6 /* SelectSort.cpp */; };
		D2EB012124D95836009EAFD6 /* SelectSort.swift in Sources */ = {isa = PBXBuildFile; fileRef = D2EB012024D95836009EAFD6 /* SelectSort.swift */; };
		D2EB012524D95A00009EAFD6 /* QuickSort.cpp in Sources */ = {isa = PBXBuildFile; fileRef = D2EB012324D95A00009EAFD6 /* QuickSort.cpp */; };
		D2EB012824D95C83009EAFD6 /* QuickSort.swift in Sources */ = {isa = PBXBuildFile; fileRef = D2EB012724D95C83009EAFD6 /* QuickSort.swift */; };
		D2EB012C24D95F74009EAFD6 /* MergeSort.cpp in Sources */ = {isa = PBXBuildFile; fileRef = D2EB012A24D95F74009EAFD6 /* MergeSort.cpp */; };
		D2EB013024D96467009EAFD6 /* HeapSort.cpp in Sources */ = {isa = PBXBuildFile; fileRef = D2EB012E24D96467009EAFD6 /* HeapSort.cpp */; };
		D2EB013324D96A81009EAFD6 /* MergeSort.swift in Sources */ = {isa = PBXBuildFile; fileRef = D2EB013224D96A81009EAFD6 /* MergeSort.swift */; };
		D2EB013624D97392009EAFD6 /* HeapSort.swift in Sources */ = {isa = PBXBuildFile; fileRef = D2EB013524D97392009EAFD6 /* HeapSort.swift */; };
		D2EB013B24DA2DC8009EAFD6 /* TwoSum.cpp in Sources */ = {isa = PBXBuildFile; fileRef = D2EB013924DA2DC8009EAFD6 /* TwoSum.cpp */; };
		D2EB014324DB7A5C009EAFD6 /* main.m in Sources */ = {isa = PBXBuildFile; fileRef = D2EB014224DB7A5C009EAFD6 /* main.m */; };
		D2EB014C24DBB132009EAFD6 /* BlockStruct.c in Sources */ = {isa = PBXBuildFile; fileRef = D2EB014B24DBB132009EAFD6 /* BlockStruct.c */; };
		D2EB014F24DC0002009EAFD6 /* Father.m in Sources */ = {isa = PBXBuildFile; fileRef = D2EB014E24DC0002009EAFD6 /* Father.m */; };
		D2EB015524DC00CE009EAFD6 /* Son.m in Sources */ = {isa = PBXBuildFile; fileRef = D2EB015424DC00CE009EAFD6 /* Son.m */; };
		D2EB015824DC04F0009EAFD6 /* Father+Test.m in Sources */ = {isa = PBXBuildFile; fileRef = D2EB015724DC04F0009EAFD6 /* Father+Test.m */; };
		D2EB015B24DC0593009EAFD6 /* Son+Test.m in Sources */ = {isa = PBXBuildFile; fileRef = D2EB015A24DC0592009EAFD6 /* Son+Test.m */; };
		D2FF2CD224DC1B200029E56E /* GrandSon.m in Sources */ = {isa = PBXBuildFile; fileRef = D2FF2CD124DC1B200029E56E /* GrandSon.m */; };
/* End PBXBuildFile section */

/* Begin PBXCopyFilesBuildPhase section */
		8EA593D424CDB969002785EF /* CopyFiles */ = {
			isa = PBXCopyFilesBuildPhase;
			buildActionMask = 2147483647;
			dstPath = /usr/share/man/man1/;
			dstSubfolderSpec = 0;
			files = (
			);
			runOnlyForDeploymentPostprocessing = 1;
		};
		D2330A2224AF0FD500C6480D /* CopyFiles */ = {
			isa = PBXCopyFilesBuildPhase;
			buildActionMask = 2147483647;
			dstPath = /usr/share/man/man1/;
			dstSubfolderSpec = 0;
			files = (
			);
			runOnlyForDeploymentPostprocessing = 1;
		};
		D2EB00FB24D912C6009EAFD6 /* CopyFiles */ = {
			isa = PBXCopyFilesBuildPhase;
			buildActionMask = 2147483647;
			dstPath = /usr/share/man/man1/;
			dstSubfolderSpec = 0;
			files = (
			);
			runOnlyForDeploymentPostprocessing = 1;
		};
		D2EB013E24DB7A5C009EAFD6 /* CopyFiles */ = {
			isa = PBXCopyFilesBuildPhase;
			buildActionMask = 2147483647;
			dstPath = /usr/share/man/man1/;
			dstSubfolderSpec = 0;
			files = (
			);
			runOnlyForDeploymentPostprocessing = 1;
		};
/* End PBXCopyFilesBuildPhase section */

/* Begin PBXFileReference section */
		8E2572BB24D062C90080F598 /* CPower.cpp */ = {isa = PBXFileReference; lastKnownFileType = sourcecode.cpp.cpp; path = CPower.cpp; sourceTree = "<group>"; };
		8E2572BC24D062C90080F598 /* CPower.hpp */ = {isa = PBXFileReference; lastKnownFileType = sourcecode.cpp.h; path = CPower.hpp; sourceTree = "<group>"; };
		8E2572BF24D0696F0080F598 /* Print1ToMaxOfNDigits.cpp */ = {isa = PBXFileReference; lastKnownFileType = sourcecode.cpp.cpp; path = Print1ToMaxOfNDigits.cpp; sourceTree = "<group>"; };
		8E2572C024D0696F0080F598 /* Print1ToMaxOfNDigits.hpp */ = {isa = PBXFileReference; lastKnownFileType = sourcecode.cpp.h; path = Print1ToMaxOfNDigits.hpp; sourceTree = "<group>"; };
		8E2572C324D1B3AE0080F598 /* MirrorOfBinaryTree.cpp */ = {isa = PBXFileReference; lastKnownFileType = sourcecode.cpp.cpp; path = MirrorOfBinaryTree.cpp; sourceTree = "<group>"; };
		8E2572C424D1B3AE0080F598 /* MirrorOfBinaryTree.hpp */ = {isa = PBXFileReference; lastKnownFileType = sourcecode.cpp.h; path = MirrorOfBinaryTree.hpp; sourceTree = "<group>"; };
		8E2572C624D1B45D0080F598 /* BinaryTree.cpp */ = {isa = PBXFileReference; lastKnownFileType = sourcecode.cpp.cpp; path = BinaryTree.cpp; sourceTree = "<group>"; };
		8E2572C724D1B45D0080F598 /* BinaryTree.hpp */ = {isa = PBXFileReference; lastKnownFileType = sourcecode.cpp.h; path = BinaryTree.hpp; sourceTree = "<group>"; };
		8E2572CA24D1C3780080F598 /* SymmetricalBinaryTree.cpp */ = {isa = PBXFileReference; lastKnownFileType = sourcecode.cpp.cpp; path = SymmetricalBinaryTree.cpp; sourceTree = "<group>"; };
		8E2572CB24D1C3780080F598 /* SymmetricalBinaryTree.hpp */ = {isa = PBXFileReference; lastKnownFileType = sourcecode.cpp.h; path = SymmetricalBinaryTree.hpp; sourceTree = "<group>"; };
		8E2572CE24D3039B0080F598 /* StringPermutation.cpp */ = {isa = PBXFileReference; lastKnownFileType = sourcecode.cpp.cpp; path = StringPermutation.cpp; sourceTree = "<group>"; };
		8E2572CF24D3039B0080F598 /* StringPermutation.hpp */ = {isa = PBXFileReference; lastKnownFileType = sourcecode.cpp.h; path = StringPermutation.hpp; sourceTree = "<group>"; };
		8E2572D324D304690080F598 /* MoreThanHalfNumber.cpp */ = {isa = PBXFileReference; lastKnownFileType = sourcecode.cpp.cpp; path = MoreThanHalfNumber.cpp; sourceTree = "<group>"; };
		8E2572D424D304690080F598 /* MoreThanHalfNumber.hpp */ = {isa = PBXFileReference; lastKnownFileType = sourcecode.cpp.h; path = MoreThanHalfNumber.hpp; sourceTree = "<group>"; };
		8E2572D624D304DE0080F598 /* Array.cpp */ = {isa = PBXFileReference; lastKnownFileType = sourcecode.cpp.cpp; path = Array.cpp; sourceTree = "<group>"; };
		8E2572D724D304DE0080F598 /* Array.hpp */ = {isa = PBXFileReference; lastKnownFileType = sourcecode.cpp.h; path = Array.hpp; sourceTree = "<group>"; };
		8E5CCE0624B9FF3D0081B5FF /* Review_1.cpp */ = {isa = PBXFileReference; lastKnownFileType = sourcecode.cpp.cpp; path = Review_1.cpp; sourceTree = "<group>"; };
		8EA593D624CDB969002785EF /* OfferReview */ = {isa = PBXFileReference; explicitFileType = "compiled.mach-o.executable"; includeInIndex = 0; path = OfferReview; sourceTree = BUILT_PRODUCTS_DIR; };
		8EA593D824CDB969002785EF /* main.cpp */ = {isa = PBXFileReference; lastKnownFileType = sourcecode.cpp.cpp; path = main.cpp; sourceTree = "<group>"; };
		8EA593DE24CDBD0B002785EF /* AssignmentOperator.cpp */ = {isa = PBXFileReference; lastKnownFileType = sourcecode.cpp.cpp; path = AssignmentOperator.cpp; sourceTree = "<group>"; };
		8EA593DF24CDBD0B002785EF /* AssignmentOperator.hpp */ = {isa = PBXFileReference; lastKnownFileType = sourcecode.cpp.h; path = AssignmentOperator.hpp; sourceTree = "<group>"; };
		8EA593E224CF0B40002785EF /* ConstructBinaryTree.cpp */ = {isa = PBXFileReference; lastKnownFileType = sourcecode.cpp.cpp; path = ConstructBinaryTree.cpp; sourceTree = "<group>"; };
		8EA593E324CF0B40002785EF /* ConstructBinaryTree.hpp */ = {isa = PBXFileReference; lastKnownFileType = sourcecode.cpp.h; path = ConstructBinaryTree.hpp; sourceTree = "<group>"; };
		D2090C0324CFA51E00FA4F51 /* NextNodeInBinaryTrees.cpp */ = {isa = PBXFileReference; lastKnownFileType = sourcecode.cpp.cpp; path = NextNodeInBinaryTrees.cpp; sourceTree = "<group>"; };
		D2090C0424CFA51E00FA4F51 /* NextNodeInBinaryTrees.hpp */ = {isa = PBXFileReference; lastKnownFileType = sourcecode.cpp.h; path = NextNodeInBinaryTrees.hpp; sourceTree = "<group>"; };
		D2090C0724CFAD4B00FA4F51 /* QueueWithTwoStacks.cpp */ = {isa = PBXFileReference; lastKnownFileType = sourcecode.cpp.cpp; path = QueueWithTwoStacks.cpp; sourceTree = "<group>"; };
		D2090C0824CFAD4B00FA4F51 /* QueueWithTwoStacks.hpp */ = {isa = PBXFileReference; lastKnownFileType = sourcecode.cpp.h; path = QueueWithTwoStacks.hpp; sourceTree = "<group>"; };
		D2090C0B24CFBCC600FA4F51 /* StackWithTwoQueues.cpp */ = {isa = PBXFileReference; lastKnownFileType = sourcecode.cpp.cpp; path = StackWithTwoQueues.cpp; sourceTree = "<group>"; };
		D2090C0C24CFBCC600FA4F51 /* StackWithTwoQueues.hpp */ = {isa = PBXFileReference; lastKnownFileType = sourcecode.cpp.h; path = StackWithTwoQueues.hpp; sourceTree = "<group>"; };
		D2090C0F24CFCF3600FA4F51 /* Fibonacci.cpp */ = {isa = PBXFileReference; lastKnownFileType = sourcecode.cpp.cpp; path = Fibonacci.cpp; sourceTree = "<group>"; };
		D2090C1024CFCF3600FA4F51 /* Fibonacci.hpp */ = {isa = PBXFileReference; lastKnownFileType = sourcecode.cpp.h; path = Fibonacci.hpp; sourceTree = "<group>"; };
		D2090C1324CFF75E00FA4F51 /* MinNumberInRotatedArray.cpp */ = {isa = PBXFileReference; lastKnownFileType = sourcecode.cpp.cpp; path = MinNumberInRotatedArray.cpp; sourceTree = "<group>"; };
		D2090C1424CFF75E00FA4F51 /* MinNumberInRotatedArray.hpp */ = {isa = PBXFileReference; lastKnownFileType = sourcecode.cpp.h; path = MinNumberInRotatedArray.hpp; sourceTree = "<group>"; };
		D2090C1724D010B800FA4F51 /* StringPathInMatrix.cpp */ = {isa = PBXFileReference; lastKnownFileType = sourcecode.cpp.cpp; path = StringPathInMatrix.cpp; sourceTree = "<group>"; };
		D2090C1824D010B800FA4F51 /* StringPathInMatrix.hpp */ = {isa = PBXFileReference; lastKnownFileType = sourcecode.cpp.h; path = StringPathInMatrix.hpp; sourceTree = "<group>"; };
		D2090C1B24D01FCC00FA4F51 /* RobotMove.cpp */ = {isa = PBXFileReference; lastKnownFileType = sourcecode.cpp.cpp; path = RobotMove.cpp; sourceTree = "<group>"; };
		D2090C1C24D01FCC00FA4F51 /* RobotMove.hpp */ = {isa = PBXFileReference; lastKnownFileType = sourcecode.cpp.h; path = RobotMove.hpp; sourceTree = "<group>"; };
		D2090C1F24D0293B00FA4F51 /* NumberOf1InBinary.cpp */ = {isa = PBXFileReference; lastKnownFileType = sourcecode.cpp.cpp; path = NumberOf1InBinary.cpp; sourceTree = "<group>"; };
		D2090C2024D0293B00FA4F51 /* NumberOf1InBinary.hpp */ = {isa = PBXFileReference; lastKnownFileType = sourcecode.cpp.h; path = NumberOf1InBinary.hpp; sourceTree = "<group>"; };
		D21B43A124CE83160078EEF9 /* FindDuplication.cpp */ = {isa = PBXFileReference; lastKnownFileType = sourcecode.cpp.cpp; path = FindDuplication.cpp; sourceTree = "<group>"; };
		D21B43A224CE83160078EEF9 /* FindDuplication.hpp */ = {isa = PBXFileReference; lastKnownFileType = sourcecode.cpp.h; path = FindDuplication.hpp; sourceTree = "<group>"; };
		D21B43A524CEA24B0078EEF9 /* FindDuplicationNoEdit.cpp */ = {isa = PBXFileReference; lastKnownFileType = sourcecode.cpp.cpp; path = FindDuplicationNoEdit.cpp; sourceTree = "<group>"; };
		D21B43A624CEA24B0078EEF9 /* FindDuplicationNoEdit.hpp */ = {isa = PBXFileReference; lastKnownFileType = sourcecode.cpp.h; path = FindDuplicationNoEdit.hpp; sourceTree = "<group>"; };
		D21B43A924CEB54B0078EEF9 /* FindInPartiallySortedMatrix.cpp */ = {isa = PBXFileReference; lastKnownFileType = sourcecode.cpp.cpp; path = FindInPartiallySortedMatrix.cpp; sourceTree = "<group>"; };
		D21B43AA24CEB54B0078EEF9 /* FindInPartiallySortedMatrix.hpp */ = {isa = PBXFileReference; lastKnownFileType = sourcecode.cpp.h; path = FindInPartiallySortedMatrix.hpp; sourceTree = "<group>"; };
		D21B43AD24CEC0CD0078EEF9 /* ReplaceSpaces.cpp */ = {isa = PBXFileReference; lastKnownFileType = sourcecode.cpp.cpp; path = ReplaceSpaces.cpp; sourceTree = "<group>"; };
		D21B43AE24CEC0CD0078EEF9 /* ReplaceSpaces.hpp */ = {isa = PBXFileReference; lastKnownFileType = sourcecode.cpp.h; path = ReplaceSpaces.hpp; sourceTree = "<group>"; };
		D21B43B124CED1390078EEF9 /* PrintListInReversedOrder.cpp */ = {isa = PBXFileReference; lastKnownFileType = sourcecode.cpp.cpp; path = PrintListInReversedOrder.cpp; sourceTree = "<group>"; };
		D21B43B224CED1390078EEF9 /* PrintListInReversedOrder.hpp */ = {isa = PBXFileReference; lastKnownFileType = sourcecode.cpp.h; path = PrintListInReversedOrder.hpp; sourceTree = "<group>"; };
		D225BF4324B7E38500D16B45 /* StudyList.strings */ = {isa = PBXFileReference; lastKnownFileType = text.plist.strings; path = StudyList.strings; sourceTree = "<group>"; };
		D227130624D10B2F009B180D /* DeleteNodeInList.cpp */ = {isa = PBXFileReference; lastKnownFileType = sourcecode.cpp.cpp; path = DeleteNodeInList.cpp; sourceTree = "<group>"; };
		D227130724D10B2F009B180D /* DeleteNodeInList.hpp */ = {isa = PBXFileReference; lastKnownFileType = sourcecode.cpp.h; path = DeleteNodeInList.hpp; sourceTree = "<group>"; };
		D227130A24D11360009B180D /* DeleteDuplicatedNode.cpp */ = {isa = PBXFileReference; lastKnownFileType = sourcecode.cpp.cpp; path = DeleteDuplicatedNode.cpp; sourceTree = "<group>"; };
		D227130B24D11360009B180D /* DeleteDuplicatedNode.hpp */ = {isa = PBXFileReference; lastKnownFileType = sourcecode.cpp.h; path = DeleteDuplicatedNode.hpp; sourceTree = "<group>"; };
		D227130E24D11DB5009B180D /* RegularExpressions.cpp */ = {isa = PBXFileReference; lastKnownFileType = sourcecode.cpp.cpp; path = RegularExpressions.cpp; sourceTree = "<group>"; };
		D227130F24D11DB5009B180D /* RegularExpressions.hpp */ = {isa = PBXFileReference; lastKnownFileType = sourcecode.cpp.h; path = RegularExpressions.hpp; sourceTree = "<group>"; };
		D227131224D126F2009B180D /* NumericStrings.cpp */ = {isa = PBXFileReference; lastKnownFileType = sourcecode.cpp.cpp; path = NumericStrings.cpp; sourceTree = "<group>"; };
		D227131324D126F2009B180D /* NumericStrings.hpp */ = {isa = PBXFileReference; lastKnownFileType = sourcecode.cpp.h; path = NumericStrings.hpp; sourceTree = "<group>"; };
		D227131624D139B5009B180D /* ReorderArray.cpp */ = {isa = PBXFileReference; lastKnownFileType = sourcecode.cpp.cpp; path = ReorderArray.cpp; sourceTree = "<group>"; };
		D227131724D139B5009B180D /* ReorderArray.hpp */ = {isa = PBXFileReference; lastKnownFileType = sourcecode.cpp.h; path = ReorderArray.hpp; sourceTree = "<group>"; };
		D227131A24D14BEB009B180D /* KthNodeFromEnd.cpp */ = {isa = PBXFileReference; lastKnownFileType = sourcecode.cpp.cpp; path = KthNodeFromEnd.cpp; sourceTree = "<group>"; };
		D227131B24D14BEB009B180D /* KthNodeFromEnd.hpp */ = {isa = PBXFileReference; lastKnownFileType = sourcecode.cpp.h; path = KthNodeFromEnd.hpp; sourceTree = "<group>"; };
		D227131E24D1577D009B180D /* EntryNodeInListLoop.cpp */ = {isa = PBXFileReference; lastKnownFileType = sourcecode.cpp.cpp; path = EntryNodeInListLoop.cpp; sourceTree = "<group>"; };
		D227131F24D1577D009B180D /* EntryNodeInListLoop.hpp */ = {isa = PBXFileReference; lastKnownFileType = sourcecode.cpp.h; path = EntryNodeInListLoop.hpp; sourceTree = "<group>"; };
		D227132224D165A1009B180D /* ReverseList.cpp */ = {isa = PBXFileReference; lastKnownFileType = sourcecode.cpp.cpp; path = ReverseList.cpp; sourceTree = "<group>"; };
		D227132324D165A1009B180D /* ReverseList.hpp */ = {isa = PBXFileReference; lastKnownFileType = sourcecode.cpp.h; path = ReverseList.hpp; sourceTree = "<group>"; };
		D227132624D16CBB009B180D /* MergeSortedLists.cpp */ = {isa = PBXFileReference; lastKnownFileType = sourcecode.cpp.cpp; path = MergeSortedLists.cpp; sourceTree = "<group>"; };
		D227132724D16CBB009B180D /* MergeSortedLists.hpp */ = {isa = PBXFileReference; lastKnownFileType = sourcecode.cpp.h; path = MergeSortedLists.hpp; sourceTree = "<group>"; };
		D227132A24D16E6B009B180D /* List.cpp */ = {isa = PBXFileReference; lastKnownFileType = sourcecode.cpp.cpp; path = List.cpp; sourceTree = "<group>"; };
		D227132B24D16E6B009B180D /* List.hpp */ = {isa = PBXFileReference; lastKnownFileType = sourcecode.cpp.h; path = List.hpp; sourceTree = "<group>"; };
		D227132E24D17AD9009B180D /* SubstructureInTree.cpp */ = {isa = PBXFileReference; lastKnownFileType = sourcecode.cpp.cpp; path = SubstructureInTree.cpp; sourceTree = "<group>"; };
		D227132F24D17ADA009B180D /* SubstructureInTree.hpp */ = {isa = PBXFileReference; lastKnownFileType = sourcecode.cpp.h; path = SubstructureInTree.hpp; sourceTree = "<group>"; };
		D2330A2424AF0FD500C6480D /* Algorithm_C */ = {isa = PBXFileReference; explicitFileType = "compiled.mach-o.executable"; includeInIndex = 0; path = Algorithm_C; sourceTree = BUILT_PRODUCTS_DIR; };
		D2330A2724AF0FD500C6480D /* main.cpp */ = {isa = PBXFileReference; lastKnownFileType = sourcecode.cpp.cpp; path = main.cpp; sourceTree = "<group>"; };
		D237C63D24D24648001E0B21 /* StackWithMin.cpp */ = {isa = PBXFileReference; lastKnownFileType = sourcecode.cpp.cpp; path = StackWithMin.cpp; sourceTree = "<group>"; };
		D237C63E24D24648001E0B21 /* StackWithMin.hpp */ = {isa = PBXFileReference; lastKnownFileType = sourcecode.cpp.h; path = StackWithMin.hpp; sourceTree = "<group>"; };
		D237C64124D25B20001E0B21 /* StackPushPopOrder.cpp */ = {isa = PBXFileReference; lastKnownFileType = sourcecode.cpp.cpp; path = StackPushPopOrder.cpp; sourceTree = "<group>"; };
		D237C64224D25B20001E0B21 /* StackPushPopOrder.hpp */ = {isa = PBXFileReference; lastKnownFileType = sourcecode.cpp.h; path = StackPushPopOrder.hpp; sourceTree = "<group>"; };
		D237C64524D265B0001E0B21 /* PrintTreeFromTopToBottom.cpp */ = {isa = PBXFileReference; lastKnownFileType = sourcecode.cpp.cpp; path = PrintTreeFromTopToBottom.cpp; sourceTree = "<group>"; };
		D237C64624D265B0001E0B21 /* PrintTreeFromTopToBottom.hpp */ = {isa = PBXFileReference; lastKnownFileType = sourcecode.cpp.h; path = PrintTreeFromTopToBottom.hpp; sourceTree = "<group>"; };
		D237C64924D26CED001E0B21 /* PrintTreesInLines.cpp */ = {isa = PBXFileReference; lastKnownFileType = sourcecode.cpp.cpp; path = PrintTreesInLines.cpp; sourceTree = "<group>"; };
		D237C64A24D26CED001E0B21 /* PrintTreesInLines.hpp */ = {isa = PBXFileReference; lastKnownFileType = sourcecode.cpp.h; path = PrintTreesInLines.hpp; sourceTree = "<group>"; };
		D237C64D24D27648001E0B21 /* PrintTreesInZigzag.cpp */ = {isa = PBXFileReference; lastKnownFileType = sourcecode.cpp.cpp; path = PrintTreesInZigzag.cpp; sourceTree = "<group>"; };
		D237C64E24D27648001E0B21 /* PrintTreesInZigzag.hpp */ = {isa = PBXFileReference; lastKnownFileType = sourcecode.cpp.h; path = PrintTreesInZigzag.hpp; sourceTree = "<group>"; };
		D237C65124D27FEE001E0B21 /* SquenceOfBST.cpp */ = {isa = PBXFileReference; lastKnownFileType = sourcecode.cpp.cpp; path = SquenceOfBST.cpp; sourceTree = "<group>"; };
		D237C65224D27FEE001E0B21 /* SquenceOfBST.hpp */ = {isa = PBXFileReference; lastKnownFileType = sourcecode.cpp.h; path = SquenceOfBST.hpp; sourceTree = "<group>"; };
		D237C65524D29F3A001E0B21 /* PathInTree.cpp */ = {isa = PBXFileReference; lastKnownFileType = sourcecode.cpp.cpp; path = PathInTree.cpp; sourceTree = "<group>"; };
		D237C65624D29F3A001E0B21 /* PathInTree.hpp */ = {isa = PBXFileReference; lastKnownFileType = sourcecode.cpp.h; path = PathInTree.hpp; sourceTree = "<group>"; };
		D237C65924D2AAF8001E0B21 /* CopyComplexList.cpp */ = {isa = PBXFileReference; lastKnownFileType = sourcecode.cpp.cpp; path = CopyComplexList.cpp; sourceTree = "<group>"; };
		D237C65A24D2AAF8001E0B21 /* CopyComplexList.hpp */ = {isa = PBXFileReference; lastKnownFileType = sourcecode.cpp.h; path = CopyComplexList.hpp; sourceTree = "<group>"; };
		D237C65C24D2AB63001E0B21 /* ComplexList.cpp */ = {isa = PBXFileReference; lastKnownFileType = sourcecode.cpp.cpp; path = ComplexList.cpp; sourceTree = "<group>"; };
		D237C65D24D2AB63001E0B21 /* ComplexList.hpp */ = {isa = PBXFileReference; lastKnownFileType = sourcecode.cpp.h; path = ComplexList.hpp; sourceTree = "<group>"; };
		D237C66024D2BC31001E0B21 /* ConvertBinarySearchTree.cpp */ = {isa = PBXFileReference; lastKnownFileType = sourcecode.cpp.cpp; path = ConvertBinarySearchTree.cpp; sourceTree = "<group>"; };
		D237C66124D2BC31001E0B21 /* ConvertBinarySearchTree.hpp */ = {isa = PBXFileReference; lastKnownFileType = sourcecode.cpp.h; path = ConvertBinarySearchTree.hpp; sourceTree = "<group>"; };
		D237C66424D2C730001E0B21 /* SerializeBinaryTrees.cpp */ = {isa = PBXFileReference; lastKnownFileType = sourcecode.cpp.cpp; path = SerializeBinaryTrees.cpp; sourceTree = "<group>"; };
		D237C66524D2C730001E0B21 /* SerializeBinaryTrees.hpp */ = {isa = PBXFileReference; lastKnownFileType = sourcecode.cpp.h; path = SerializeBinaryTrees.hpp; sourceTree = "<group>"; };
		D239E71524D3921A00DA0BE5 /* KLeastNumbers.cpp */ = {isa = PBXFileReference; lastKnownFileType = sourcecode.cpp.cpp; path = KLeastNumbers.cpp; sourceTree = "<group>"; };
		D239E71624D3921A00DA0BE5 /* KLeastNumbers.hpp */ = {isa = PBXFileReference; lastKnownFileType = sourcecode.cpp.h; path = KLeastNumbers.hpp; sourceTree = "<group>"; };
		D239E71924D39BCA00DA0BE5 /* StreamMedian.cpp */ = {isa = PBXFileReference; lastKnownFileType = sourcecode.cpp.cpp; path = StreamMedian.cpp; sourceTree = "<group>"; };
		D239E71A24D39BCA00DA0BE5 /* StreamMedian.hpp */ = {isa = PBXFileReference; lastKnownFileType = sourcecode.cpp.h; path = StreamMedian.hpp; sourceTree = "<group>"; };
		D239E71D24D3A3B200DA0BE5 /* GreatestSumOfSubarrays.cpp */ = {isa = PBXFileReference; lastKnownFileType = sourcecode.cpp.cpp; path = GreatestSumOfSubarrays.cpp; sourceTree = "<group>"; };
		D239E71E24D3A3B200DA0BE5 /* GreatestSumOfSubarrays.hpp */ = {isa = PBXFileReference; lastKnownFileType = sourcecode.cpp.h; path = GreatestSumOfSubarrays.hpp; sourceTree = "<group>"; };
		D239E72124D3B3E700DA0BE5 /* NumberOf1.cpp */ = {isa = PBXFileReference; lastKnownFileType = sourcecode.cpp.cpp; path = NumberOf1.cpp; sourceTree = "<group>"; };
		D239E72224D3B3E700DA0BE5 /* NumberOf1.hpp */ = {isa = PBXFileReference; lastKnownFileType = sourcecode.cpp.h; path = NumberOf1.hpp; sourceTree = "<group>"; };
		D239E72524D3BDDF00DA0BE5 /* DigitsInSequence.cpp */ = {isa = PBXFileReference; lastKnownFileType = sourcecode.cpp.cpp; path = DigitsInSequence.cpp; sourceTree = "<group>"; };
		D239E72624D3BDDF00DA0BE5 /* DigitsInSequence.hpp */ = {isa = PBXFileReference; lastKnownFileType = sourcecode.cpp.h; path = DigitsInSequence.hpp; sourceTree = "<group>"; };
		D239E77A24D3FBF000DA0BE5 /* SortArrayForMinNumber.cpp */ = {isa = PBXFileReference; lastKnownFileType = sourcecode.cpp.cpp; path = SortArrayForMinNumber.cpp; sourceTree = "<group>"; };
		D239E77B24D3FBF000DA0BE5 /* SortArrayForMinNumber.hpp */ = {isa = PBXFileReference; lastKnownFileType = sourcecode.cpp.h; path = SortArrayForMinNumber.hpp; sourceTree = "<group>"; };
		D239E77E24D4012500DA0BE5 /* TranslateNumbersToStrings.cpp */ = {isa = PBXFileReference; lastKnownFileType = sourcecode.cpp.cpp; path = TranslateNumbersToStrings.cpp; sourceTree = "<group>"; };
		D239E77F24D4012500DA0BE5 /* TranslateNumbersToStrings.hpp */ = {isa = PBXFileReference; lastKnownFileType = sourcecode.cpp.h; path = TranslateNumbersToStrings.hpp; sourceTree = "<group>"; };
		D239E78224D4161800DA0BE5 /* MaxValueOfGifts.cpp */ = {isa = PBXFileReference; lastKnownFileType = sourcecode.cpp.cpp; path = MaxValueOfGifts.cpp; sourceTree = "<group>"; };
		D239E78324D4161800DA0BE5 /* MaxValueOfGifts.hpp */ = {isa = PBXFileReference; lastKnownFileType = sourcecode.cpp.h; path = MaxValueOfGifts.hpp; sourceTree = "<group>"; };
		D239E78624D4290200DA0BE5 /* LongestSubstringWithoutDup.cpp */ = {isa = PBXFileReference; lastKnownFileType = sourcecode.cpp.cpp; path = LongestSubstringWithoutDup.cpp; sourceTree = "<group>"; };
		D239E78724D4290200DA0BE5 /* LongestSubstringWithoutDup.hpp */ = {isa = PBXFileReference; lastKnownFileType = sourcecode.cpp.h; path = LongestSubstringWithoutDup.hpp; sourceTree = "<group>"; };
		D2407F3D24BD626B0018D876 /* LearnedList.strings */ = {isa = PBXFileReference; lastKnownFileType = text.plist.strings; path = LearnedList.strings; sourceTree = "<group>"; };
		D28F813824C6E60E00EE7EF3 /* RecursiveSummary.cpp */ = {isa = PBXFileReference; lastKnownFileType = sourcecode.cpp.cpp; path = RecursiveSummary.cpp; sourceTree = "<group>"; };
		D28F813924C6E60E00EE7EF3 /* RecursiveSummary.hpp */ = {isa = PBXFileReference; lastKnownFileType = sourcecode.cpp.h; path = RecursiveSummary.hpp; sourceTree = "<group>"; };
		D2EB00FD24D912C6009EAFD6 /* Algorithm_Swift */ = {isa = PBXFileReference; explicitFileType = "compiled.mach-o.executable"; includeInIndex = 0; path = Algorithm_Swift; sourceTree = BUILT_PRODUCTS_DIR; };
		D2EB00FF24D912C6009EAFD6 /* main.swift */ = {isa = PBXFileReference; lastKnownFileType = sourcecode.swift; path = main.swift; sourceTree = "<group>"; };
		D2EB010824D9136D009EAFD6 /* BubbleSort.swift */ = {isa = PBXFileReference; lastKnownFileType = sourcecode.swift; path = BubbleSort.swift; sourceTree = "<group>"; };
		D2EB010A24D91F91009EAFD6 /* BubbleSort.cpp */ = {isa = PBXFileReference; lastKnownFileType = sourcecode.cpp.cpp; path = BubbleSort.cpp; sourceTree = "<group>"; };
		D2EB010B24D91F91009EAFD6 /* BubbleSort.hpp */ = {isa = PBXFileReference; lastKnownFileType = sourcecode.cpp.h; path = BubbleSort.hpp; sourceTree = "<group>"; };
		D2EB010E24D92F70009EAFD6 /* InsertSort.cpp */ = {isa = PBXFileReference; lastKnownFileType = sourcecode.cpp.cpp; path = InsertSort.cpp; sourceTree = "<group>"; };
		D2EB010F24D92F70009EAFD6 /* InsertSort.hpp */ = {isa = PBXFileReference; lastKnownFileType = sourcecode.cpp.h; path = InsertSort.hpp; sourceTree = "<group>"; };
		D2EB011224D933BB009EAFD6 /* InsertSort.swift */ = {isa = PBXFileReference; lastKnownFileType = sourcecode.swift; path = InsertSort.swift; sourceTree = "<group>"; };
		D2EB011524D9364C009EAFD6 /* ShellSort.cpp */ = {isa = PBXFileReference; lastKnownFileType = sourcecode.cpp.cpp; path = ShellSort.cpp; sourceTree = "<group>"; };
		D2EB011624D9364C009EAFD6 /* ShellSort.hpp */ = {isa = PBXFileReference; lastKnownFileType = sourcecode.cpp.h; path = ShellSort.hpp; sourceTree = "<group>"; };
		D2EB011924D93E86009EAFD6 /* ShellSort.swift */ = {isa = PBXFileReference; lastKnownFileType = sourcecode.swift; path = ShellSort.swift; sourceTree = "<group>"; };
		D2EB011C24D955D6009EAFD6 /* SelectSort.cpp */ = {isa = PBXFileReference; lastKnownFileType = sourcecode.cpp.cpp; path = SelectSort.cpp; sourceTree = "<group>"; };
		D2EB011D24D955D6009EAFD6 /* SelectSort.hpp */ = {isa = PBXFileReference; lastKnownFileType = sourcecode.cpp.h; path = SelectSort.hpp; sourceTree = "<group>"; };
		D2EB012024D95836009EAFD6 /* SelectSort.swift */ = {isa = PBXFileReference; lastKnownFileType = sourcecode.swift; path = SelectSort.swift; sourceTree = "<group>"; };
		D2EB012324D95A00009EAFD6 /* QuickSort.cpp */ = {isa = PBXFileReference; lastKnownFileType = sourcecode.cpp.cpp; path = QuickSort.cpp; sourceTree = "<group>"; };
		D2EB012424D95A00009EAFD6 /* QuickSort.hpp */ = {isa = PBXFileReference; lastKnownFileType = sourcecode.cpp.h; path = QuickSort.hpp; sourceTree = "<group>"; };
		D2EB012724D95C83009EAFD6 /* QuickSort.swift */ = {isa = PBXFileReference; lastKnownFileType = sourcecode.swift; path = QuickSort.swift; sourceTree = "<group>"; };
		D2EB012A24D95F74009EAFD6 /* MergeSort.cpp */ = {isa = PBXFileReference; lastKnownFileType = sourcecode.cpp.cpp; path = MergeSort.cpp; sourceTree = "<group>"; };
		D2EB012B24D95F74009EAFD6 /* MergeSort.hpp */ = {isa = PBXFileReference; lastKnownFileType = sourcecode.cpp.h; path = MergeSort.hpp; sourceTree = "<group>"; };
		D2EB012E24D96467009EAFD6 /* HeapSort.cpp */ = {isa = PBXFileReference; lastKnownFileType = sourcecode.cpp.cpp; path = HeapSort.cpp; sourceTree = "<group>"; };
		D2EB012F24D96467009EAFD6 /* HeapSort.hpp */ = {isa = PBXFileReference; lastKnownFileType = sourcecode.cpp.h; path = HeapSort.hpp; sourceTree = "<group>"; };
		D2EB013224D96A81009EAFD6 /* MergeSort.swift */ = {isa = PBXFileReference; lastKnownFileType = sourcecode.swift; path = MergeSort.swift; sourceTree = "<group>"; };
		D2EB013524D97392009EAFD6 /* HeapSort.swift */ = {isa = PBXFileReference; lastKnownFileType = sourcecode.swift; path = HeapSort.swift; sourceTree = "<group>"; };
		D2EB013924DA2DC8009EAFD6 /* TwoSum.cpp */ = {isa = PBXFileReference; lastKnownFileType = sourcecode.cpp.cpp; path = TwoSum.cpp; sourceTree = "<group>"; };
		D2EB013A24DA2DC8009EAFD6 /* TwoSum.hpp */ = {isa = PBXFileReference; lastKnownFileType = sourcecode.cpp.h; path = TwoSum.hpp; sourceTree = "<group>"; };
		D2EB014024DB7A5C009EAFD6 /* Block */ = {isa = PBXFileReference; explicitFileType = "compiled.mach-o.executable"; includeInIndex = 0; path = Block; sourceTree = BUILT_PRODUCTS_DIR; };
		D2EB014224DB7A5C009EAFD6 /* main.m */ = {isa = PBXFileReference; lastKnownFileType = sourcecode.c.objc; path = main.m; sourceTree = "<group>"; };
		D2EB014724DB7B3A009EAFD6 /* BlockNotes.md */ = {isa = PBXFileReference; lastKnownFileType = net.daringfireball.markdown; path = BlockNotes.md; sourceTree = "<group>"; };
		D2EB014A24DBB132009EAFD6 /* BlockStruct.h */ = {isa = PBXFileReference; lastKnownFileType = sourcecode.c.h; path = BlockStruct.h; sourceTree = "<group>"; };
		D2EB014B24DBB132009EAFD6 /* BlockStruct.c */ = {isa = PBXFileReference; lastKnownFileType = sourcecode.c.c; path = BlockStruct.c; sourceTree = "<group>"; };
		D2EB014D24DC0002009EAFD6 /* Father.h */ = {isa = PBXFileReference; lastKnownFileType = sourcecode.c.h; path = Father.h; sourceTree = "<group>"; };
		D2EB014E24DC0002009EAFD6 /* Father.m */ = {isa = PBXFileReference; lastKnownFileType = sourcecode.c.objc; path = Father.m; sourceTree = "<group>"; };
		D2EB015324DC00CE009EAFD6 /* Son.h */ = {isa = PBXFileReference; lastKnownFileType = sourcecode.c.h; path = Son.h; sourceTree = "<group>"; };
		D2EB015424DC00CE009EAFD6 /* Son.m */ = {isa = PBXFileReference; lastKnownFileType = sourcecode.c.objc; path = Son.m; sourceTree = "<group>"; };
		D2EB015624DC04F0009EAFD6 /* Father+Test.h */ = {isa = PBXFileReference; lastKnownFileType = sourcecode.c.h; path = "Father+Test.h"; sourceTree = "<group>"; };
		D2EB015724DC04F0009EAFD6 /* Father+Test.m */ = {isa = PBXFileReference; lastKnownFileType = sourcecode.c.objc; path = "Father+Test.m"; sourceTree = "<group>"; };
		D2EB015924DC0592009EAFD6 /* Son+Test.h */ = {isa = PBXFileReference; lastKnownFileType = sourcecode.c.h; path = "Son+Test.h"; sourceTree = "<group>"; };
		D2EB015A24DC0592009EAFD6 /* Son+Test.m */ = {isa = PBXFileReference; lastKnownFileType = sourcecode.c.objc; path = "Son+Test.m"; sourceTree = "<group>"; };
		D2FF2CD024DC1B200029E56E /* GrandSon.h */ = {isa = PBXFileReference; lastKnownFileType = sourcecode.c.h; path = GrandSon.h; sourceTree = "<group>"; };
		D2FF2CD124DC1B200029E56E /* GrandSon.m */ = {isa = PBXFileReference; lastKnownFileType = sourcecode.c.objc; path = GrandSon.m; sourceTree = "<group>"; };
/* End PBXFileReference section */

/* Begin PBXFrameworksBuildPhase section */
		8EA593D324CDB969002785EF /* Frameworks */ = {
			isa = PBXFrameworksBuildPhase;
			buildActionMask = 2147483647;
			files = (
			);
			runOnlyForDeploymentPostprocessing = 0;
		};
		D2330A2124AF0FD500C6480D /* Frameworks */ = {
			isa = PBXFrameworksBuildPhase;
			buildActionMask = 2147483647;
			files = (
			);
			runOnlyForDeploymentPostprocessing = 0;
		};
		D2EB00FA24D912C6009EAFD6 /* Frameworks */ = {
			isa = PBXFrameworksBuildPhase;
			buildActionMask = 2147483647;
			files = (
			);
			runOnlyForDeploymentPostprocessing = 0;
		};
		D2EB013D24DB7A5C009EAFD6 /* Frameworks */ = {
			isa = PBXFrameworksBuildPhase;
			buildActionMask = 2147483647;
			files = (
			);
			runOnlyForDeploymentPostprocessing = 0;
		};
/* End PBXFrameworksBuildPhase section */

/* Begin PBXGroup section */
		8E2572B724D05C450080F598 /* 16_Power */ = {
			isa = PBXGroup;
			children = (
				8E2572BB24D062C90080F598 /* CPower.cpp */,
				8E2572BC24D062C90080F598 /* CPower.hpp */,
			);
			path = 16_Power;
			sourceTree = "<group>";
		};
		8E2572BE24D069470080F598 /* 17_Print1ToMaxOfNDigits */ = {
			isa = PBXGroup;
			children = (
				8E2572BF24D0696F0080F598 /* Print1ToMaxOfNDigits.cpp */,
				8E2572C024D0696F0080F598 /* Print1ToMaxOfNDigits.hpp */,
			);
			path = 17_Print1ToMaxOfNDigits;
			sourceTree = "<group>";
		};
		8E2572C224D1B3990080F598 /* 27_MirrorOfBinaryTree */ = {
			isa = PBXGroup;
			children = (
				8E2572C324D1B3AE0080F598 /* MirrorOfBinaryTree.cpp */,
				8E2572C424D1B3AE0080F598 /* MirrorOfBinaryTree.hpp */,
			);
			path = 27_MirrorOfBinaryTree;
			sourceTree = "<group>";
		};
		8E2572C924D1C3630080F598 /* 28_SymmetricalBinaryTree */ = {
			isa = PBXGroup;
			children = (
				8E2572CA24D1C3780080F598 /* SymmetricalBinaryTree.cpp */,
				8E2572CB24D1C3780080F598 /* SymmetricalBinaryTree.hpp */,
			);
			path = 28_SymmetricalBinaryTree;
			sourceTree = "<group>";
		};
		8E2572CD24D303870080F598 /* 38_StringPermutation */ = {
			isa = PBXGroup;
			children = (
				8E2572CE24D3039B0080F598 /* StringPermutation.cpp */,
				8E2572CF24D3039B0080F598 /* StringPermutation.hpp */,
			);
			path = 38_StringPermutation;
			sourceTree = "<group>";
		};
		8E2572D124D304370080F598 /* 01_38 */ = {
			isa = PBXGroup;
			children = (
				8EA593DD24CDBCF8002785EF /* 01_AssignmentOperator */,
				D21B43A024CE82E40078EEF9 /* 03_01_DuplicationInArray */,
				D21B43A424CEA23C0078EEF9 /* 03_02_DuplicationInArrayNoEdit */,
				D21B43A824CEB5350078EEF9 /* 04_FindInPartiallySortedMatrix */,
				D21B43AC24CEC0BB0078EEF9 /* 05_ReplaceSpaces */,
				D21B43B024CED1220078EEF9 /* 06_PrintListInReversedOrder */,
				8EA593E124CF0B27002785EF /* 07_ConstructBinaryTree */,
				D2090C0224CFA50E00FA4F51 /* 08_NextNodeInBinaryTrees */,
				D2090C0624CFAD3A00FA4F51 /* 09_QueueWithTwoStacks */,
				D2090C0A24CFB9CA00FA4F51 /* 09_02_StackWithTwoQueues */,
				D2090C0E24CFCEA200FA4F51 /* 10_Fibonacci */,
				D2090C1224CFF73A00FA4F51 /* 11_MinNumberInRotatedArray */,
				D2090C1624D0109B00FA4F51 /* 12_StringPathInMatrix */,
				D2090C1A24D01FAF00FA4F51 /* 13_RobotMove */,
				D2090C1E24D0292500FA4F51 /* 15_NumberOf1InBinary */,
				8E2572B724D05C450080F598 /* 16_Power */,
				8E2572BE24D069470080F598 /* 17_Print1ToMaxOfNDigits */,
				D227130524D10B11009B180D /* 18_01_DeleteNodeInList */,
				D227130924D11342009B180D /* 18_02_DeleteDuplicatedNode */,
				D227130D24D11DA9009B180D /* 19_RegularExpressionsMatching */,
				D227131124D126E5009B180D /* 20_NumericStrings */,
				D227131524D139A4009B180D /* 21_ReorderArray */,
				D227131924D14BDF009B180D /* 22_KthNodeFromEnd */,
				D227131D24D15772009B180D /* 23_EntryNodeInListLoop */,
				D227132124D16596009B180D /* 24_ReverseList */,
				D227132524D16CAC009B180D /* 25_MergeSortedLists */,
				D227132D24D17AAC009B180D /* 26_SubstructureInTree */,
				8E2572C224D1B3990080F598 /* 27_MirrorOfBinaryTree */,
				8E2572C924D1C3630080F598 /* 28_SymmetricalBinaryTree */,
				D237C63C24D245E7001E0B21 /* 30_MinInStack */,
				D237C64024D25A1E001E0B21 /* 31_StackPushPopOrder */,
				D237C64424D26592001E0B21 /* 32_01_PrintTreeFromTopToBottom */,
				D237C64824D26CDF001E0B21 /* 32_02_PrintTreesInLines */,
				D237C64C24D27637001E0B21 /* 32_03_PrintTreesInZigzag */,
				D237C65024D27FE2001E0B21 /* 33_SquenceOfBST */,
				D237C65424D29F11001E0B21 /* 34_PathInTree */,
				D237C65824D2AAAD001E0B21 /* 35_CopyComplexList */,
				D237C65F24D2BC07001E0B21 /* 36_ConvertBinarySearchTree */,
				D237C66324D2C722001E0B21 /* 37_SerializeBinaryTrees */,
				8E2572CD24D303870080F598 /* 38_StringPermutation */,
			);
			path = 01_38;
			sourceTree = "<group>";
		};
		8E2572D224D304590080F598 /* 39_MoreThanHalfNumber */ = {
			isa = PBXGroup;
			children = (
				8E2572D324D304690080F598 /* MoreThanHalfNumber.cpp */,
				8E2572D424D304690080F598 /* MoreThanHalfNumber.hpp */,
			);
			path = 39_MoreThanHalfNumber;
			sourceTree = "<group>";
		};
		8E2572DA24DC44650080F598 /* Initialize */ = {
			isa = PBXGroup;
			children = (
				D2EB014D24DC0002009EAFD6 /* Father.h */,
				D2EB014E24DC0002009EAFD6 /* Father.m */,
				D2EB015624DC04F0009EAFD6 /* Father+Test.h */,
				D2EB015724DC04F0009EAFD6 /* Father+Test.m */,
				D2EB015324DC00CE009EAFD6 /* Son.h */,
				D2EB015424DC00CE009EAFD6 /* Son.m */,
				D2FF2CD024DC1B200029E56E /* GrandSon.h */,
				D2FF2CD124DC1B200029E56E /* GrandSon.m */,
				D2EB015924DC0592009EAFD6 /* Son+Test.h */,
				D2EB015A24DC0592009EAFD6 /* Son+Test.m */,
			);
			path = Initialize;
			sourceTree = "<group>";
		};
		8E3ECB7324C28B2C004D4F4E /* MirrorOfBinaryTree */ = {
			isa = PBXGroup;
			children = (
			);
			path = MirrorOfBinaryTree;
			sourceTree = "<group>";
		};
		8E3ECB7724C28B42004D4F4E /* SymmetricalBinaryTree */ = {
			isa = PBXGroup;
			children = (
			);
			path = SymmetricalBinaryTree;
			sourceTree = "<group>";
		};
		8E3ECB7B24C28B55004D4F4E /* PrintMatrix */ = {
			isa = PBXGroup;
			children = (
			);
			path = PrintMatrix;
			sourceTree = "<group>";
		};
		8E3ECB7F24C28B64004D4F4E /* StackWithMin */ = {
			isa = PBXGroup;
			children = (
			);
			path = StackWithMin;
			sourceTree = "<group>";
		};
		8E3ECB8324C28B73004D4F4E /* StackPushPopOrder */ = {
			isa = PBXGroup;
			children = (
			);
			path = StackPushPopOrder;
			sourceTree = "<group>";
		};
		8E3ECB8724C28B8C004D4F4E /* PrintTreeFromTopToBottom */ = {
			isa = PBXGroup;
			children = (
			);
			path = PrintTreeFromTopToBottom;
			sourceTree = "<group>";
		};
		8E3ECB8B24C28B98004D4F4E /* PrintTreesInLines */ = {
			isa = PBXGroup;
			children = (
			);
			path = PrintTreesInLines;
			sourceTree = "<group>";
		};
		8E3ECB8F24C29771004D4F4E /* PrintTreesInZigzag */ = {
			isa = PBXGroup;
			children = (
			);
			path = PrintTreesInZigzag;
			sourceTree = "<group>";
		};
		8E3ECB9324C2A9F9004D4F4E /* SquenceOfBST */ = {
			isa = PBXGroup;
			children = (
			);
			path = SquenceOfBST;
			sourceTree = "<group>";
		};
		8E3ECB9724C2E9C2004D4F4E /* PathInTree */ = {
			isa = PBXGroup;
			children = (
			);
			path = PathInTree;
			sourceTree = "<group>";
		};
		8E3ECB9B24C9D15F004D4F4E /* UglyNumber */ = {
			isa = PBXGroup;
			children = (
			);
			path = UglyNumber;
			sourceTree = "<group>";
		};
		8E3ECB9F24CBA6E7004D4F4E /* NumberAppearingOnce */ = {
			isa = PBXGroup;
			children = (
			);
			path = NumberAppearingOnce;
			sourceTree = "<group>";
		};
		8E3ECBA324CBAD57004D4F4E /* TwoNumbersWithSum */ = {
			isa = PBXGroup;
			children = (
			);
			path = TwoNumbersWithSum;
			sourceTree = "<group>";
		};
		8E3ECBA724CBB105004D4F4E /* ContinuousSquenceWithSum */ = {
			isa = PBXGroup;
			children = (
			);
			path = ContinuousSquenceWithSum;
			sourceTree = "<group>";
		};
		8E3ECBAB24CBFF10004D4F4E /* ReverseWordsInSentence */ = {
			isa = PBXGroup;
			children = (
			);
			path = ReverseWordsInSentence;
			sourceTree = "<group>";
		};
		8E3ECBAF24CC08B3004D4F4E /* LeftRotateString */ = {
			isa = PBXGroup;
			children = (
			);
			path = LeftRotateString;
			sourceTree = "<group>";
		};
		8E3ECBB324CC3368004D4F4E /* MaxInSlidingWindow */ = {
			isa = PBXGroup;
			children = (
			);
			path = MaxInSlidingWindow;
			sourceTree = "<group>";
		};
		8E3ECBB724CC3B53004D4F4E /* QueueWithMax */ = {
			isa = PBXGroup;
			children = (
			);
			path = QueueWithMax;
			sourceTree = "<group>";
		};
		8EA593D024CDB58D002785EF /* First */ = {
			isa = PBXGroup;
			children = (
				D2407F3824BD3D9A0018D876 /* Review */,
				D26E5B6D24CD7856006B75C9 /* CommonParentInTree */,
				D26E5B6924CD7299006B75C9 /* StringToInt */,
				D26E5B6524CD6C43006B75C9 /* ConstuctArray */,
				D26E5B6124CD65F6006B75C9 /* AddTwoNumbers */,
				D26E5B5D24CD530C006B75C9 /* Accumulate */,
				D26E5B5924CD4A01006B75C9 /* MaximalProfit */,
				D26E5B5524CD2E7B006B75C9 /* LastNumberInCircle */,
				D26E5B5024CD2749006B75C9 /* ContinousCards */,
				D26E5B4C24CD0881006B75C9 /* DicesProbability */,
				8E3ECBB724CC3B53004D4F4E /* QueueWithMax */,
				8E3ECBB324CC3368004D4F4E /* MaxInSlidingWindow */,
				8E3ECBAF24CC08B3004D4F4E /* LeftRotateString */,
				8E3ECBAB24CBFF10004D4F4E /* ReverseWordsInSentence */,
				8E3ECBA724CBB105004D4F4E /* ContinuousSquenceWithSum */,
				8E3ECBA324CBAD57004D4F4E /* TwoNumbersWithSum */,
				8E3ECB9F24CBA6E7004D4F4E /* NumberAppearingOnce */,
				D2FE54CD24CAF0DF00E5B5EA /* NumbersAppearOnce */,
				D2FE54C924CAD5EE00E5B5EA /* BalancedBinaryTree */,
				D2FE54C524CACAFA00E5B5EA /* TreeDepth */,
				D2FE54C124CAC39900E5B5EA /* KthNodeInBST */,
				D2FE54BD24CABC4700E5B5EA /* IntegerIdenticalToIndex */,
				D2FE54B924CAB71400E5B5EA /* MissingNumber */,
				D2FE54B524CAB0BA00E5B5EA /* NumberOfK */,
				D2FE54B124CA94E500E5B5EA /* FirstCommonNodesInLists */,
				D2FE54AD24CA8E6700E5B5EA /* InversePairs */,
				D2FE54A924CA698500E5B5EA /* FirstNotRepeatingChar */,
				8E3ECB9B24C9D15F004D4F4E /* UglyNumber */,
				D250310A24C99FB1007DCD5A /* LongestSubstringWithoutDup */,
				D250310624C98DD8007DCD5A /* MaxValueOfGifts */,
				D250310224C965A3007DCD5A /* TranslateNumbersToStrings */,
				D25030FE24C9436C007DCD5A /* SortArrayForMinNumber */,
				D25030FA24C92887007DCD5A /* DigitsInSequence */,
				D2CB57A724C836B000B31AE3 /* NumberOf1 */,
				D2CB57A324C82C1D00B31AE3 /* GreatestSumOfSubarrays */,
				D2CB579F24C81AFA00B31AE3 /* StreamMedian */,
				D2CB579B24C7E7A500B31AE3 /* KLeastNumbers */,
				D2CB579724C7CBBF00B31AE3 /* MoreThanHalfNumber */,
				D2D21CFB24C5A5B2008FD1E7 /* StringPermutation */,
				D2D21CF724C59C97008FD1E7 /* SerializeBinaryTrees */,
				D2D21CF324C57035008FD1E7 /* ConvertBinarySearchTree */,
				D2D21CEC24C54BCE008FD1E7 /* CopyComplexList */,
				8E3ECB9724C2E9C2004D4F4E /* PathInTree */,
				8E3ECB9324C2A9F9004D4F4E /* SquenceOfBST */,
				8E3ECB8F24C29771004D4F4E /* PrintTreesInZigzag */,
				8E3ECB8B24C28B98004D4F4E /* PrintTreesInLines */,
				8E3ECB8724C28B8C004D4F4E /* PrintTreeFromTopToBottom */,
				8E3ECB8324C28B73004D4F4E /* StackPushPopOrder */,
				8E3ECB7F24C28B64004D4F4E /* StackWithMin */,
				8E3ECB7B24C28B55004D4F4E /* PrintMatrix */,
				8E3ECB7724C28B42004D4F4E /* SymmetricalBinaryTree */,
				8E3ECB7324C28B2C004D4F4E /* MirrorOfBinaryTree */,
				8EB134E024C091300055BDDF /* SubstructureInTree */,
				D21EDC9624C0669600CBF16E /* MergeSortedLists */,
				D21EDC9124C03FF100CBF16E /* ReverseList */,
				D21EDC8D24C02C0E00CBF16E /* EntryNodeInListLoop */,
				D21EDC8924C01DDA00CBF16E /* KthNodeFromEnd */,
				D21EDC8524BFFCF200CBF16E /* ReorderArray */,
				D21EDC8124BFCCB600CBF16E /* NumericStrings */,
				D267479824BF05FA00DB689B /* RegularExpressions */,
				D267479424BED8D300DB689B /* DeleteDuplicatedNode */,
				D267479024BEC57100DB689B /* DeleteNodeInList */,
				8EB134DC24BDF2AB0055BDDF /* Print1ToMaxOfNDigits */,
				D2407F3924BD61A60018D876 /* Power */,
			);
			path = First;
			sourceTree = "<group>";
		};
		8EA593D724CDB969002785EF /* OfferReview */ = {
			isa = PBXGroup;
			children = (
				D2EB010424D91318009EAFD6 /* Sort */,
				8EA593D824CDB969002785EF /* main.cpp */,
				8E2572D124D304370080F598 /* 01_38 */,
				D227132924D16E36009B180D /* Utilities */,
				8E2572D224D304590080F598 /* 39_MoreThanHalfNumber */,
				D239E71424D391F800DA0BE5 /* 40_KLeastNumbers */,
				D239E71824D39BBC00DA0BE5 /* 41_StreamMedian */,
				D239E71C24D3A3A500DA0BE5 /* 42_GreatestSumOfSubarrays */,
				D239E72024D3B3DC00DA0BE5 /* 43_NumberOf1 */,
				D239E72424D3BDD000DA0BE5 /* 44_DigitsInSequence */,
				D239E77924D3FBDC00DA0BE5 /* 45_SortArrayForMinNumber */,
				D239E77D24D4011100DA0BE5 /* 46_TranslateNumbersToStrings */,
				D239E78124D4160800DA0BE5 /* 47_MaxValueOfGifts */,
				D239E78524D4286600DA0BE5 /* 48_LongestSubstringWithoutDup */,
			);
			path = OfferReview;
			sourceTree = "<group>";
		};
		8EA593DD24CDBCF8002785EF /* 01_AssignmentOperator */ = {
			isa = PBXGroup;
			children = (
				8EA593DE24CDBD0B002785EF /* AssignmentOperator.cpp */,
				8EA593DF24CDBD0B002785EF /* AssignmentOperator.hpp */,
			);
			path = 01_AssignmentOperator;
			sourceTree = "<group>";
		};
		8EA593E124CF0B27002785EF /* 07_ConstructBinaryTree */ = {
			isa = PBXGroup;
			children = (
				8EA593E224CF0B40002785EF /* ConstructBinaryTree.cpp */,
				8EA593E324CF0B40002785EF /* ConstructBinaryTree.hpp */,
			);
			path = 07_ConstructBinaryTree;
			sourceTree = "<group>";
		};
		8EB134DC24BDF2AB0055BDDF /* Print1ToMaxOfNDigits */ = {
			isa = PBXGroup;
			children = (
			);
			path = Print1ToMaxOfNDigits;
			sourceTree = "<group>";
		};
		8EB134E024C091300055BDDF /* SubstructureInTree */ = {
			isa = PBXGroup;
			children = (
			);
			path = SubstructureInTree;
			sourceTree = "<group>";
		};
		D2090C0224CFA50E00FA4F51 /* 08_NextNodeInBinaryTrees */ = {
			isa = PBXGroup;
			children = (
				D2090C0324CFA51E00FA4F51 /* NextNodeInBinaryTrees.cpp */,
				D2090C0424CFA51E00FA4F51 /* NextNodeInBinaryTrees.hpp */,
			);
			path = 08_NextNodeInBinaryTrees;
			sourceTree = "<group>";
		};
		D2090C0624CFAD3A00FA4F51 /* 09_QueueWithTwoStacks */ = {
			isa = PBXGroup;
			children = (
				D2090C0724CFAD4B00FA4F51 /* QueueWithTwoStacks.cpp */,
				D2090C0824CFAD4B00FA4F51 /* QueueWithTwoStacks.hpp */,
			);
			path = 09_QueueWithTwoStacks;
			sourceTree = "<group>";
		};
		D2090C0A24CFB9CA00FA4F51 /* 09_02_StackWithTwoQueues */ = {
			isa = PBXGroup;
			children = (
				D2090C0B24CFBCC600FA4F51 /* StackWithTwoQueues.cpp */,
				D2090C0C24CFBCC600FA4F51 /* StackWithTwoQueues.hpp */,
			);
			path = 09_02_StackWithTwoQueues;
			sourceTree = "<group>";
		};
		D2090C0E24CFCEA200FA4F51 /* 10_Fibonacci */ = {
			isa = PBXGroup;
			children = (
				D2090C0F24CFCF3600FA4F51 /* Fibonacci.cpp */,
				D2090C1024CFCF3600FA4F51 /* Fibonacci.hpp */,
			);
			path = 10_Fibonacci;
			sourceTree = "<group>";
		};
		D2090C1224CFF73A00FA4F51 /* 11_MinNumberInRotatedArray */ = {
			isa = PBXGroup;
			children = (
				D2090C1324CFF75E00FA4F51 /* MinNumberInRotatedArray.cpp */,
				D2090C1424CFF75E00FA4F51 /* MinNumberInRotatedArray.hpp */,
			);
			path = 11_MinNumberInRotatedArray;
			sourceTree = "<group>";
		};
		D2090C1624D0109B00FA4F51 /* 12_StringPathInMatrix */ = {
			isa = PBXGroup;
			children = (
				D2090C1724D010B800FA4F51 /* StringPathInMatrix.cpp */,
				D2090C1824D010B800FA4F51 /* StringPathInMatrix.hpp */,
			);
			path = 12_StringPathInMatrix;
			sourceTree = "<group>";
		};
		D2090C1A24D01FAF00FA4F51 /* 13_RobotMove */ = {
			isa = PBXGroup;
			children = (
				D2090C1B24D01FCC00FA4F51 /* RobotMove.cpp */,
				D2090C1C24D01FCC00FA4F51 /* RobotMove.hpp */,
			);
			path = 13_RobotMove;
			sourceTree = "<group>";
		};
		D2090C1E24D0292500FA4F51 /* 15_NumberOf1InBinary */ = {
			isa = PBXGroup;
			children = (
				D2090C1F24D0293B00FA4F51 /* NumberOf1InBinary.cpp */,
				D2090C2024D0293B00FA4F51 /* NumberOf1InBinary.hpp */,
			);
			path = 15_NumberOf1InBinary;
			sourceTree = "<group>";
		};
		D21B43A024CE82E40078EEF9 /* 03_01_DuplicationInArray */ = {
			isa = PBXGroup;
			children = (
				D21B43A124CE83160078EEF9 /* FindDuplication.cpp */,
				D21B43A224CE83160078EEF9 /* FindDuplication.hpp */,
			);
			path = 03_01_DuplicationInArray;
			sourceTree = "<group>";
		};
		D21B43A424CEA23C0078EEF9 /* 03_02_DuplicationInArrayNoEdit */ = {
			isa = PBXGroup;
			children = (
				D21B43A524CEA24B0078EEF9 /* FindDuplicationNoEdit.cpp */,
				D21B43A624CEA24B0078EEF9 /* FindDuplicationNoEdit.hpp */,
			);
			path = 03_02_DuplicationInArrayNoEdit;
			sourceTree = "<group>";
		};
		D21B43A824CEB5350078EEF9 /* 04_FindInPartiallySortedMatrix */ = {
			isa = PBXGroup;
			children = (
				D21B43A924CEB54B0078EEF9 /* FindInPartiallySortedMatrix.cpp */,
				D21B43AA24CEB54B0078EEF9 /* FindInPartiallySortedMatrix.hpp */,
			);
			path = 04_FindInPartiallySortedMatrix;
			sourceTree = "<group>";
		};
		D21B43AC24CEC0BB0078EEF9 /* 05_ReplaceSpaces */ = {
			isa = PBXGroup;
			children = (
				D21B43AD24CEC0CD0078EEF9 /* ReplaceSpaces.cpp */,
				D21B43AE24CEC0CD0078EEF9 /* ReplaceSpaces.hpp */,
			);
			path = 05_ReplaceSpaces;
			sourceTree = "<group>";
		};
		D21B43B024CED1220078EEF9 /* 06_PrintListInReversedOrder */ = {
			isa = PBXGroup;
			children = (
				D21B43B124CED1390078EEF9 /* PrintListInReversedOrder.cpp */,
				D21B43B224CED1390078EEF9 /* PrintListInReversedOrder.hpp */,
			);
			path = 06_PrintListInReversedOrder;
			sourceTree = "<group>";
		};
		D21EDC8124BFCCB600CBF16E /* NumericStrings */ = {
			isa = PBXGroup;
			children = (
			);
			path = NumericStrings;
			sourceTree = "<group>";
		};
		D21EDC8524BFFCF200CBF16E /* ReorderArray */ = {
			isa = PBXGroup;
			children = (
			);
			path = ReorderArray;
			sourceTree = "<group>";
		};
		D21EDC8924C01DDA00CBF16E /* KthNodeFromEnd */ = {
			isa = PBXGroup;
			children = (
			);
			path = KthNodeFromEnd;
			sourceTree = "<group>";
		};
		D21EDC8D24C02C0E00CBF16E /* EntryNodeInListLoop */ = {
			isa = PBXGroup;
			children = (
			);
			path = EntryNodeInListLoop;
			sourceTree = "<group>";
		};
		D21EDC9124C03FF100CBF16E /* ReverseList */ = {
			isa = PBXGroup;
			children = (
			);
			path = ReverseList;
			sourceTree = "<group>";
		};
		D21EDC9524C04E4000CBF16E /* LearnedList */ = {
			isa = PBXGroup;
			children = (
				D2407F3D24BD626B0018D876 /* LearnedList.strings */,
			);
			path = LearnedList;
			sourceTree = "<group>";
		};
		D21EDC9624C0669600CBF16E /* MergeSortedLists */ = {
			isa = PBXGroup;
			children = (
			);
			path = MergeSortedLists;
			sourceTree = "<group>";
		};
		D227130524D10B11009B180D /* 18_01_DeleteNodeInList */ = {
			isa = PBXGroup;
			children = (
				D227130624D10B2F009B180D /* DeleteNodeInList.cpp */,
				D227130724D10B2F009B180D /* DeleteNodeInList.hpp */,
			);
			path = 18_01_DeleteNodeInList;
			sourceTree = "<group>";
		};
		D227130924D11342009B180D /* 18_02_DeleteDuplicatedNode */ = {
			isa = PBXGroup;
			children = (
				D227130A24D11360009B180D /* DeleteDuplicatedNode.cpp */,
				D227130B24D11360009B180D /* DeleteDuplicatedNode.hpp */,
			);
			path = 18_02_DeleteDuplicatedNode;
			sourceTree = "<group>";
		};
		D227130D24D11DA9009B180D /* 19_RegularExpressionsMatching */ = {
			isa = PBXGroup;
			children = (
				D227130E24D11DB5009B180D /* RegularExpressions.cpp */,
				D227130F24D11DB5009B180D /* RegularExpressions.hpp */,
			);
			path = 19_RegularExpressionsMatching;
			sourceTree = "<group>";
		};
		D227131124D126E5009B180D /* 20_NumericStrings */ = {
			isa = PBXGroup;
			children = (
				D227131224D126F2009B180D /* NumericStrings.cpp */,
				D227131324D126F2009B180D /* NumericStrings.hpp */,
			);
			path = 20_NumericStrings;
			sourceTree = "<group>";
		};
		D227131524D139A4009B180D /* 21_ReorderArray */ = {
			isa = PBXGroup;
			children = (
				D227131624D139B5009B180D /* ReorderArray.cpp */,
				D227131724D139B5009B180D /* ReorderArray.hpp */,
			);
			path = 21_ReorderArray;
			sourceTree = "<group>";
		};
		D227131924D14BDF009B180D /* 22_KthNodeFromEnd */ = {
			isa = PBXGroup;
			children = (
				D227131A24D14BEB009B180D /* KthNodeFromEnd.cpp */,
				D227131B24D14BEB009B180D /* KthNodeFromEnd.hpp */,
			);
			path = 22_KthNodeFromEnd;
			sourceTree = "<group>";
		};
		D227131D24D15772009B180D /* 23_EntryNodeInListLoop */ = {
			isa = PBXGroup;
			children = (
				D227131E24D1577D009B180D /* EntryNodeInListLoop.cpp */,
				D227131F24D1577D009B180D /* EntryNodeInListLoop.hpp */,
			);
			path = 23_EntryNodeInListLoop;
			sourceTree = "<group>";
		};
		D227132124D16596009B180D /* 24_ReverseList */ = {
			isa = PBXGroup;
			children = (
				D227132224D165A1009B180D /* ReverseList.cpp */,
				D227132324D165A1009B180D /* ReverseList.hpp */,
			);
			path = 24_ReverseList;
			sourceTree = "<group>";
		};
		D227132524D16CAC009B180D /* 25_MergeSortedLists */ = {
			isa = PBXGroup;
			children = (
				D227132624D16CBB009B180D /* MergeSortedLists.cpp */,
				D227132724D16CBB009B180D /* MergeSortedLists.hpp */,
			);
			path = 25_MergeSortedLists;
			sourceTree = "<group>";
		};
		D227132924D16E36009B180D /* Utilities */ = {
			isa = PBXGroup;
			children = (
				D227132A24D16E6B009B180D /* List.cpp */,
				D227132B24D16E6B009B180D /* List.hpp */,
				8E2572C624D1B45D0080F598 /* BinaryTree.cpp */,
				8E2572C724D1B45D0080F598 /* BinaryTree.hpp */,
				D237C65C24D2AB63001E0B21 /* ComplexList.cpp */,
				D237C65D24D2AB63001E0B21 /* ComplexList.hpp */,
				8E2572D624D304DE0080F598 /* Array.cpp */,
				8E2572D724D304DE0080F598 /* Array.hpp */,
			);
			path = Utilities;
			sourceTree = "<group>";
		};
		D227132D24D17AAC009B180D /* 26_SubstructureInTree */ = {
			isa = PBXGroup;
			children = (
				D227132E24D17AD9009B180D /* SubstructureInTree.cpp */,
				D227132F24D17ADA009B180D /* SubstructureInTree.hpp */,
			);
			path = 26_SubstructureInTree;
			sourceTree = "<group>";
		};
		D2330A1B24AF0FD500C6480D = {
			isa = PBXGroup;
			children = (
				D225BF4324B7E38500D16B45 /* StudyList.strings */,
				D2330A2624AF0FD500C6480D /* Algorithm_C */,
				8EA593D724CDB969002785EF /* OfferReview */,
				D2EB00FE24D912C6009EAFD6 /* Algorithm_Swift */,
				D2EB014124DB7A5C009EAFD6 /* Block */,
				D2330A2524AF0FD500C6480D /* Products */,
			);
			sourceTree = "<group>";
		};
		D2330A2524AF0FD500C6480D /* Products */ = {
			isa = PBXGroup;
			children = (
				D2330A2424AF0FD500C6480D /* Algorithm_C */,
				8EA593D624CDB969002785EF /* OfferReview */,
				D2EB00FD24D912C6009EAFD6 /* Algorithm_Swift */,
				D2EB014024DB7A5C009EAFD6 /* Block */,
			);
			name = Products;
			sourceTree = "<group>";
		};
		D2330A2624AF0FD500C6480D /* Algorithm_C */ = {
			isa = PBXGroup;
			children = (
				D2EB013724DA2D8A009EAFD6 /* LeetCode */,
				8EA593D024CDB58D002785EF /* First */,
				D2330A2724AF0FD500C6480D /* main.cpp */,
			);
			path = Algorithm_C;
			sourceTree = "<group>";
		};
		D237C63C24D245E7001E0B21 /* 30_MinInStack */ = {
			isa = PBXGroup;
			children = (
				D237C63D24D24648001E0B21 /* StackWithMin.cpp */,
				D237C63E24D24648001E0B21 /* StackWithMin.hpp */,
			);
			path = 30_MinInStack;
			sourceTree = "<group>";
		};
		D237C64024D25A1E001E0B21 /* 31_StackPushPopOrder */ = {
			isa = PBXGroup;
			children = (
				D237C64124D25B20001E0B21 /* StackPushPopOrder.cpp */,
				D237C64224D25B20001E0B21 /* StackPushPopOrder.hpp */,
			);
			path = 31_StackPushPopOrder;
			sourceTree = "<group>";
		};
		D237C64424D26592001E0B21 /* 32_01_PrintTreeFromTopToBottom */ = {
			isa = PBXGroup;
			children = (
				D237C64524D265B0001E0B21 /* PrintTreeFromTopToBottom.cpp */,
				D237C64624D265B0001E0B21 /* PrintTreeFromTopToBottom.hpp */,
			);
			path = 32_01_PrintTreeFromTopToBottom;
			sourceTree = "<group>";
		};
		D237C64824D26CDF001E0B21 /* 32_02_PrintTreesInLines */ = {
			isa = PBXGroup;
			children = (
				D237C64924D26CED001E0B21 /* PrintTreesInLines.cpp */,
				D237C64A24D26CED001E0B21 /* PrintTreesInLines.hpp */,
			);
			path = 32_02_PrintTreesInLines;
			sourceTree = "<group>";
		};
		D237C64C24D27637001E0B21 /* 32_03_PrintTreesInZigzag */ = {
			isa = PBXGroup;
			children = (
				D237C64D24D27648001E0B21 /* PrintTreesInZigzag.cpp */,
				D237C64E24D27648001E0B21 /* PrintTreesInZigzag.hpp */,
			);
			path = 32_03_PrintTreesInZigzag;
			sourceTree = "<group>";
		};
		D237C65024D27FE2001E0B21 /* 33_SquenceOfBST */ = {
			isa = PBXGroup;
			children = (
				D237C65124D27FEE001E0B21 /* SquenceOfBST.cpp */,
				D237C65224D27FEE001E0B21 /* SquenceOfBST.hpp */,
			);
			path = 33_SquenceOfBST;
			sourceTree = "<group>";
		};
		D237C65424D29F11001E0B21 /* 34_PathInTree */ = {
			isa = PBXGroup;
			children = (
				D237C65524D29F3A001E0B21 /* PathInTree.cpp */,
				D237C65624D29F3A001E0B21 /* PathInTree.hpp */,
			);
			path = 34_PathInTree;
			sourceTree = "<group>";
		};
		D237C65824D2AAAD001E0B21 /* 35_CopyComplexList */ = {
			isa = PBXGroup;
			children = (
				D237C65924D2AAF8001E0B21 /* CopyComplexList.cpp */,
				D237C65A24D2AAF8001E0B21 /* CopyComplexList.hpp */,
			);
			path = 35_CopyComplexList;
			sourceTree = "<group>";
		};
		D237C65F24D2BC07001E0B21 /* 36_ConvertBinarySearchTree */ = {
			isa = PBXGroup;
			children = (
				D237C66024D2BC31001E0B21 /* ConvertBinarySearchTree.cpp */,
				D237C66124D2BC31001E0B21 /* ConvertBinarySearchTree.hpp */,
			);
			path = 36_ConvertBinarySearchTree;
			sourceTree = "<group>";
		};
		D237C66324D2C722001E0B21 /* 37_SerializeBinaryTrees */ = {
			isa = PBXGroup;
			children = (
				D237C66424D2C730001E0B21 /* SerializeBinaryTrees.cpp */,
				D237C66524D2C730001E0B21 /* SerializeBinaryTrees.hpp */,
			);
			path = 37_SerializeBinaryTrees;
			sourceTree = "<group>";
		};
		D239E71424D391F800DA0BE5 /* 40_KLeastNumbers */ = {
			isa = PBXGroup;
			children = (
				D239E71524D3921A00DA0BE5 /* KLeastNumbers.cpp */,
				D239E71624D3921A00DA0BE5 /* KLeastNumbers.hpp */,
			);
			path = 40_KLeastNumbers;
			sourceTree = "<group>";
		};
		D239E71824D39BBC00DA0BE5 /* 41_StreamMedian */ = {
			isa = PBXGroup;
			children = (
				D239E71924D39BCA00DA0BE5 /* StreamMedian.cpp */,
				D239E71A24D39BCA00DA0BE5 /* StreamMedian.hpp */,
			);
			path = 41_StreamMedian;
			sourceTree = "<group>";
		};
		D239E71C24D3A3A500DA0BE5 /* 42_GreatestSumOfSubarrays */ = {
			isa = PBXGroup;
			children = (
				D239E71D24D3A3B200DA0BE5 /* GreatestSumOfSubarrays.cpp */,
				D239E71E24D3A3B200DA0BE5 /* GreatestSumOfSubarrays.hpp */,
			);
			path = 42_GreatestSumOfSubarrays;
			sourceTree = "<group>";
		};
		D239E72024D3B3DC00DA0BE5 /* 43_NumberOf1 */ = {
			isa = PBXGroup;
			children = (
				D239E72124D3B3E700DA0BE5 /* NumberOf1.cpp */,
				D239E72224D3B3E700DA0BE5 /* NumberOf1.hpp */,
			);
			path = 43_NumberOf1;
			sourceTree = "<group>";
		};
		D239E72424D3BDD000DA0BE5 /* 44_DigitsInSequence */ = {
			isa = PBXGroup;
			children = (
				D239E72524D3BDDF00DA0BE5 /* DigitsInSequence.cpp */,
				D239E72624D3BDDF00DA0BE5 /* DigitsInSequence.hpp */,
			);
			path = 44_DigitsInSequence;
			sourceTree = "<group>";
		};
		D239E77924D3FBDC00DA0BE5 /* 45_SortArrayForMinNumber */ = {
			isa = PBXGroup;
			children = (
				D239E77A24D3FBF000DA0BE5 /* SortArrayForMinNumber.cpp */,
				D239E77B24D3FBF000DA0BE5 /* SortArrayForMinNumber.hpp */,
			);
			path = 45_SortArrayForMinNumber;
			sourceTree = "<group>";
		};
		D239E77D24D4011100DA0BE5 /* 46_TranslateNumbersToStrings */ = {
			isa = PBXGroup;
			children = (
				D239E77E24D4012500DA0BE5 /* TranslateNumbersToStrings.cpp */,
				D239E77F24D4012500DA0BE5 /* TranslateNumbersToStrings.hpp */,
			);
			path = 46_TranslateNumbersToStrings;
			sourceTree = "<group>";
		};
		D239E78124D4160800DA0BE5 /* 47_MaxValueOfGifts */ = {
			isa = PBXGroup;
			children = (
				D239E78224D4161800DA0BE5 /* MaxValueOfGifts.cpp */,
				D239E78324D4161800DA0BE5 /* MaxValueOfGifts.hpp */,
			);
			path = 47_MaxValueOfGifts;
			sourceTree = "<group>";
		};
		D239E78524D4286600DA0BE5 /* 48_LongestSubstringWithoutDup */ = {
			isa = PBXGroup;
			children = (
				D239E78624D4290200DA0BE5 /* LongestSubstringWithoutDup.cpp */,
				D239E78724D4290200DA0BE5 /* LongestSubstringWithoutDup.hpp */,
			);
			path = 48_LongestSubstringWithoutDup;
			sourceTree = "<group>";
		};
		D2407F3824BD3D9A0018D876 /* Review */ = {
			isa = PBXGroup;
			children = (
				D28F813724C6E5F700EE7EF3 /* RecursiveSummary */,
				D21EDC9524C04E4000CBF16E /* LearnedList */,
				8E5CCE0624B9FF3D0081B5FF /* Review_1.cpp */,
			);
			path = Review;
			sourceTree = "<group>";
		};
		D2407F3924BD61A60018D876 /* Power */ = {
			isa = PBXGroup;
			children = (
			);
			path = Power;
			sourceTree = "<group>";
		};
		D25030FA24C92887007DCD5A /* DigitsInSequence */ = {
			isa = PBXGroup;
			children = (
			);
			path = DigitsInSequence;
			sourceTree = "<group>";
		};
		D25030FE24C9436C007DCD5A /* SortArrayForMinNumber */ = {
			isa = PBXGroup;
			children = (
			);
			path = SortArrayForMinNumber;
			sourceTree = "<group>";
		};
		D250310224C965A3007DCD5A /* TranslateNumbersToStrings */ = {
			isa = PBXGroup;
			children = (
			);
			path = TranslateNumbersToStrings;
			sourceTree = "<group>";
		};
		D250310624C98DD8007DCD5A /* MaxValueOfGifts */ = {
			isa = PBXGroup;
			children = (
			);
			path = MaxValueOfGifts;
			sourceTree = "<group>";
		};
		D250310A24C99FB1007DCD5A /* LongestSubstringWithoutDup */ = {
			isa = PBXGroup;
			children = (
			);
			path = LongestSubstringWithoutDup;
			sourceTree = "<group>";
		};
		D267479024BEC57100DB689B /* DeleteNodeInList */ = {
			isa = PBXGroup;
			children = (
			);
			path = DeleteNodeInList;
			sourceTree = "<group>";
		};
		D267479424BED8D300DB689B /* DeleteDuplicatedNode */ = {
			isa = PBXGroup;
			children = (
			);
			path = DeleteDuplicatedNode;
			sourceTree = "<group>";
		};
		D267479824BF05FA00DB689B /* RegularExpressions */ = {
			isa = PBXGroup;
			children = (
			);
			path = RegularExpressions;
			sourceTree = "<group>";
		};
		D26E5B4C24CD0881006B75C9 /* DicesProbability */ = {
			isa = PBXGroup;
			children = (
			);
			path = DicesProbability;
			sourceTree = "<group>";
		};
		D26E5B5024CD2749006B75C9 /* ContinousCards */ = {
			isa = PBXGroup;
			children = (
			);
			path = ContinousCards;
			sourceTree = "<group>";
		};
		D26E5B5524CD2E7B006B75C9 /* LastNumberInCircle */ = {
			isa = PBXGroup;
			children = (
			);
			path = LastNumberInCircle;
			sourceTree = "<group>";
		};
		D26E5B5924CD4A01006B75C9 /* MaximalProfit */ = {
			isa = PBXGroup;
			children = (
			);
			path = MaximalProfit;
			sourceTree = "<group>";
		};
		D26E5B5D24CD530C006B75C9 /* Accumulate */ = {
			isa = PBXGroup;
			children = (
			);
			path = Accumulate;
			sourceTree = "<group>";
		};
		D26E5B6124CD65F6006B75C9 /* AddTwoNumbers */ = {
			isa = PBXGroup;
			children = (
			);
			path = AddTwoNumbers;
			sourceTree = "<group>";
		};
		D26E5B6524CD6C43006B75C9 /* ConstuctArray */ = {
			isa = PBXGroup;
			children = (
			);
			path = ConstuctArray;
			sourceTree = "<group>";
		};
		D26E5B6924CD7299006B75C9 /* StringToInt */ = {
			isa = PBXGroup;
			children = (
			);
			path = StringToInt;
			sourceTree = "<group>";
		};
		D26E5B6D24CD7856006B75C9 /* CommonParentInTree */ = {
			isa = PBXGroup;
			children = (
			);
			path = CommonParentInTree;
			sourceTree = "<group>";
		};
		D28F813724C6E5F700EE7EF3 /* RecursiveSummary */ = {
			isa = PBXGroup;
			children = (
				D28F813824C6E60E00EE7EF3 /* RecursiveSummary.cpp */,
				D28F813924C6E60E00EE7EF3 /* RecursiveSummary.hpp */,
			);
			path = RecursiveSummary;
			sourceTree = "<group>";
		};
		D2CB579724C7CBBF00B31AE3 /* MoreThanHalfNumber */ = {
			isa = PBXGroup;
			children = (
			);
			path = MoreThanHalfNumber;
			sourceTree = "<group>";
		};
		D2CB579B24C7E7A500B31AE3 /* KLeastNumbers */ = {
			isa = PBXGroup;
			children = (
			);
			path = KLeastNumbers;
			sourceTree = "<group>";
		};
		D2CB579F24C81AFA00B31AE3 /* StreamMedian */ = {
			isa = PBXGroup;
			children = (
			);
			path = StreamMedian;
			sourceTree = "<group>";
		};
		D2CB57A324C82C1D00B31AE3 /* GreatestSumOfSubarrays */ = {
			isa = PBXGroup;
			children = (
			);
			path = GreatestSumOfSubarrays;
			sourceTree = "<group>";
		};
		D2CB57A724C836B000B31AE3 /* NumberOf1 */ = {
			isa = PBXGroup;
			children = (
			);
			path = NumberOf1;
			sourceTree = "<group>";
		};
		D2D21CEC24C54BCE008FD1E7 /* CopyComplexList */ = {
			isa = PBXGroup;
			children = (
			);
			path = CopyComplexList;
			sourceTree = "<group>";
		};
		D2D21CF324C57035008FD1E7 /* ConvertBinarySearchTree */ = {
			isa = PBXGroup;
			children = (
			);
			path = ConvertBinarySearchTree;
			sourceTree = "<group>";
		};
		D2D21CF724C59C97008FD1E7 /* SerializeBinaryTrees */ = {
			isa = PBXGroup;
			children = (
			);
			path = SerializeBinaryTrees;
			sourceTree = "<group>";
		};
		D2D21CFB24C5A5B2008FD1E7 /* StringPermutation */ = {
			isa = PBXGroup;
			children = (
			);
			path = StringPermutation;
			sourceTree = "<group>";
		};
		D2EB00FE24D912C6009EAFD6 /* Algorithm_Swift */ = {
			isa = PBXGroup;
			children = (
				D2EB010524D9131D009EAFD6 /* Sort */,
				D2EB00FF24D912C6009EAFD6 /* main.swift */,
			);
			path = Algorithm_Swift;
			sourceTree = "<group>";
		};
		D2EB010424D91318009EAFD6 /* Sort */ = {
			isa = PBXGroup;
			children = (
				D2EB010724D91339009EAFD6 /* 01_bubbleSort */,
				D2EB010D24D92F5B009EAFD6 /* 02_InsertSort */,
				D2EB011424D93626009EAFD6 /* 03_ShellSort */,
				D2EB011B24D955B8009EAFD6 /* 04_SelectSort */,
				D2EB012224D959DA009EAFD6 /* 05_QuickSort */,
				D2EB012924D95F48009EAFD6 /* 06_MergeSort */,
				D2EB012D24D96442009EAFD6 /* 07_HeapSort */,
			);
			path = Sort;
			sourceTree = "<group>";
		};
		D2EB010524D9131D009EAFD6 /* Sort */ = {
			isa = PBXGroup;
			children = (
				D2EB010624D91326009EAFD6 /* 01_bubbleSort */,
				D2EB011124D93397009EAFD6 /* 02_InsertSort */,
				D2EB011824D93E71009EAFD6 /* 03_ShellSort */,
				D2EB011F24D9581D009EAFD6 /* 04_SelectSort */,
				D2EB012624D95C6F009EAFD6 /* 05_QuickSort */,
				D2EB013124D96A5C009EAFD6 /* 06_MergeSort */,
				D2EB013424D97385009EAFD6 /* 07_HeapSort */,
			);
			path = Sort;
			sourceTree = "<group>";
		};
		D2EB010624D91326009EAFD6 /* 01_bubbleSort */ = {
			isa = PBXGroup;
			children = (
				D2EB010824D9136D009EAFD6 /* BubbleSort.swift */,
			);
			path = 01_bubbleSort;
			sourceTree = "<group>";
		};
		D2EB010724D91339009EAFD6 /* 01_bubbleSort */ = {
			isa = PBXGroup;
			children = (
				D2EB010A24D91F91009EAFD6 /* BubbleSort.cpp */,
				D2EB010B24D91F91009EAFD6 /* BubbleSort.hpp */,
			);
			path = 01_bubbleSort;
			sourceTree = "<group>";
		};
		D2EB010D24D92F5B009EAFD6 /* 02_InsertSort */ = {
			isa = PBXGroup;
			children = (
				D2EB010E24D92F70009EAFD6 /* InsertSort.cpp */,
				D2EB010F24D92F70009EAFD6 /* InsertSort.hpp */,
			);
			path = 02_InsertSort;
			sourceTree = "<group>";
		};
		D2EB011124D93397009EAFD6 /* 02_InsertSort */ = {
			isa = PBXGroup;
			children = (
				D2EB011224D933BB009EAFD6 /* InsertSort.swift */,
			);
			path = 02_InsertSort;
			sourceTree = "<group>";
		};
		D2EB011424D93626009EAFD6 /* 03_ShellSort */ = {
			isa = PBXGroup;
			children = (
				D2EB011524D9364C009EAFD6 /* ShellSort.cpp */,
				D2EB011624D9364C009EAFD6 /* ShellSort.hpp */,
			);
			path = 03_ShellSort;
			sourceTree = "<group>";
		};
		D2EB011824D93E71009EAFD6 /* 03_ShellSort */ = {
			isa = PBXGroup;
			children = (
				D2EB011924D93E86009EAFD6 /* ShellSort.swift */,
			);
			path = 03_ShellSort;
			sourceTree = "<group>";
		};
		D2EB011B24D955B8009EAFD6 /* 04_SelectSort */ = {
			isa = PBXGroup;
			children = (
				D2EB011C24D955D6009EAFD6 /* SelectSort.cpp */,
				D2EB011D24D955D6009EAFD6 /* SelectSort.hpp */,
			);
			path = 04_SelectSort;
			sourceTree = "<group>";
		};
		D2EB011F24D9581D009EAFD6 /* 04_SelectSort */ = {
			isa = PBXGroup;
			children = (
				D2EB012024D95836009EAFD6 /* SelectSort.swift */,
			);
			path = 04_SelectSort;
			sourceTree = "<group>";
		};
		D2EB012224D959DA009EAFD6 /* 05_QuickSort */ = {
			isa = PBXGroup;
			children = (
				D2EB012324D95A00009EAFD6 /* QuickSort.cpp */,
				D2EB012424D95A00009EAFD6 /* QuickSort.hpp */,
			);
			path = 05_QuickSort;
			sourceTree = "<group>";
		};
		D2EB012624D95C6F009EAFD6 /* 05_QuickSort */ = {
			isa = PBXGroup;
			children = (
				D2EB012724D95C83009EAFD6 /* QuickSort.swift */,
			);
			path = 05_QuickSort;
			sourceTree = "<group>";
		};
		D2EB012924D95F48009EAFD6 /* 06_MergeSort */ = {
			isa = PBXGroup;
			children = (
				D2EB012A24D95F74009EAFD6 /* MergeSort.cpp */,
				D2EB012B24D95F74009EAFD6 /* MergeSort.hpp */,
			);
			path = 06_MergeSort;
			sourceTree = "<group>";
		};
		D2EB012D24D96442009EAFD6 /* 07_HeapSort */ = {
			isa = PBXGroup;
			children = (
				D2EB012E24D96467009EAFD6 /* HeapSort.cpp */,
				D2EB012F24D96467009EAFD6 /* HeapSort.hpp */,
			);
			path = 07_HeapSort;
			sourceTree = "<group>";
		};
		D2EB013124D96A5C009EAFD6 /* 06_MergeSort */ = {
			isa = PBXGroup;
			children = (
				D2EB013224D96A81009EAFD6 /* MergeSort.swift */,
			);
			path = 06_MergeSort;
			sourceTree = "<group>";
		};
		D2EB013424D97385009EAFD6 /* 07_HeapSort */ = {
			isa = PBXGroup;
			children = (
				D2EB013524D97392009EAFD6 /* HeapSort.swift */,
			);
			path = 07_HeapSort;
			sourceTree = "<group>";
		};
		D2EB013724DA2D8A009EAFD6 /* LeetCode */ = {
			isa = PBXGroup;
			children = (
				D2EB013824DA2DAC009EAFD6 /* 01_TwoSum */,
			);
			path = LeetCode;
			sourceTree = "<group>";
		};
		D2EB013824DA2DAC009EAFD6 /* 01_TwoSum */ = {
			isa = PBXGroup;
			children = (
				D2EB013924DA2DC8009EAFD6 /* TwoSum.cpp */,
				D2EB013A24DA2DC8009EAFD6 /* TwoSum.hpp */,
			);
			path = 01_TwoSum;
			sourceTree = "<group>";
		};
		D2EB014124DB7A5C009EAFD6 /* Block */ = {
			isa = PBXGroup;
			children = (
				8E2572DA24DC44650080F598 /* Initialize */,
				D2EB014724DB7B3A009EAFD6 /* BlockNotes.md */,
				D2EB014A24DBB132009EAFD6 /* BlockStruct.h */,
				D2EB014B24DBB132009EAFD6 /* BlockStruct.c */,
				D2EB014224DB7A5C009EAFD6 /* main.m */,
			);
			path = Block;
			sourceTree = "<group>";
		};
		D2FE54A924CA698500E5B5EA /* FirstNotRepeatingChar */ = {
			isa = PBXGroup;
			children = (
			);
			path = FirstNotRepeatingChar;
			sourceTree = "<group>";
		};
		D2FE54AD24CA8E6700E5B5EA /* InversePairs */ = {
			isa = PBXGroup;
			children = (
			);
			path = InversePairs;
			sourceTree = "<group>";
		};
		D2FE54B124CA94E500E5B5EA /* FirstCommonNodesInLists */ = {
			isa = PBXGroup;
			children = (
			);
			path = FirstCommonNodesInLists;
			sourceTree = "<group>";
		};
		D2FE54B524CAB0BA00E5B5EA /* NumberOfK */ = {
			isa = PBXGroup;
			children = (
			);
			path = NumberOfK;
			sourceTree = "<group>";
		};
		D2FE54B924CAB71400E5B5EA /* MissingNumber */ = {
			isa = PBXGroup;
			children = (
			);
			path = MissingNumber;
			sourceTree = "<group>";
		};
		D2FE54BD24CABC4700E5B5EA /* IntegerIdenticalToIndex */ = {
			isa = PBXGroup;
			children = (
			);
			path = IntegerIdenticalToIndex;
			sourceTree = "<group>";
		};
		D2FE54C124CAC39900E5B5EA /* KthNodeInBST */ = {
			isa = PBXGroup;
			children = (
			);
			path = KthNodeInBST;
			sourceTree = "<group>";
		};
		D2FE54C524CACAFA00E5B5EA /* TreeDepth */ = {
			isa = PBXGroup;
			children = (
			);
			path = TreeDepth;
			sourceTree = "<group>";
		};
		D2FE54C924CAD5EE00E5B5EA /* BalancedBinaryTree */ = {
			isa = PBXGroup;
			children = (
			);
			path = BalancedBinaryTree;
			sourceTree = "<group>";
		};
		D2FE54CD24CAF0DF00E5B5EA /* NumbersAppearOnce */ = {
			isa = PBXGroup;
			children = (
			);
			path = NumbersAppearOnce;
			sourceTree = "<group>";
		};
/* End PBXGroup section */

/* Begin PBXNativeTarget section */
		8EA593D524CDB969002785EF /* OfferReview */ = {
			isa = PBXNativeTarget;
			buildConfigurationList = 8EA593DA24CDB969002785EF /* Build configuration list for PBXNativeTarget "OfferReview" */;
			buildPhases = (
				8EA593D224CDB969002785EF /* Sources */,
				8EA593D324CDB969002785EF /* Frameworks */,
				8EA593D424CDB969002785EF /* CopyFiles */,
			);
			buildRules = (
			);
			dependencies = (
			);
			name = OfferReview;
			productName = OfferReview;
			productReference = 8EA593D624CDB969002785EF /* OfferReview */;
			productType = "com.apple.product-type.tool";
		};
		D2330A2324AF0FD500C6480D /* Algorithm_C */ = {
			isa = PBXNativeTarget;
			buildConfigurationList = D2330A2B24AF0FD500C6480D /* Build configuration list for PBXNativeTarget "Algorithm_C" */;
			buildPhases = (
				D2330A2024AF0FD500C6480D /* Sources */,
				D2330A2124AF0FD500C6480D /* Frameworks */,
				D2330A2224AF0FD500C6480D /* CopyFiles */,
			);
			buildRules = (
			);
			dependencies = (
			);
			name = Algorithm_C;
			productName = Algorithm_C;
			productReference = D2330A2424AF0FD500C6480D /* Algorithm_C */;
			productType = "com.apple.product-type.tool";
		};
		D2EB00FC24D912C6009EAFD6 /* Algorithm_Swift */ = {
			isa = PBXNativeTarget;
			buildConfigurationList = D2EB010324D912C6009EAFD6 /* Build configuration list for PBXNativeTarget "Algorithm_Swift" */;
			buildPhases = (
				D2EB00F924D912C6009EAFD6 /* Sources */,
				D2EB00FA24D912C6009EAFD6 /* Frameworks */,
				D2EB00FB24D912C6009EAFD6 /* CopyFiles */,
			);
			buildRules = (
			);
			dependencies = (
			);
			name = Algorithm_Swift;
			productName = Algorithm_Swift;
			productReference = D2EB00FD24D912C6009EAFD6 /* Algorithm_Swift */;
			productType = "com.apple.product-type.tool";
		};
		D2EB013F24DB7A5C009EAFD6 /* Block */ = {
			isa = PBXNativeTarget;
			buildConfigurationList = D2EB014624DB7A5C009EAFD6 /* Build configuration list for PBXNativeTarget "Block" */;
			buildPhases = (
				D2EB013C24DB7A5C009EAFD6 /* Sources */,
				D2EB013D24DB7A5C009EAFD6 /* Frameworks */,
				D2EB013E24DB7A5C009EAFD6 /* CopyFiles */,
			);
			buildRules = (
			);
			dependencies = (
			);
			name = Block;
			productName = Block;
			productReference = D2EB014024DB7A5C009EAFD6 /* Block */;
			productType = "com.apple.product-type.tool";
		};
/* End PBXNativeTarget section */

/* Begin PBXProject section */
		D2330A1C24AF0FD500C6480D /* Project object */ = {
			isa = PBXProject;
			attributes = {
				LastSwiftUpdateCheck = 1130;
				LastUpgradeCheck = 1160;
				ORGANIZATIONNAME = CHM;
				TargetAttributes = {
					8EA593D524CDB969002785EF = {
						CreatedOnToolsVersion = 11.6;
					};
					D2330A2324AF0FD500C6480D = {
						CreatedOnToolsVersion = 11.3.1;
					};
					D2EB00FC24D912C6009EAFD6 = {
						CreatedOnToolsVersion = 11.3.1;
					};
					D2EB013F24DB7A5C009EAFD6 = {
						CreatedOnToolsVersion = 11.3.1;
					};
				};
			};
			buildConfigurationList = D2330A1F24AF0FD500C6480D /* Build configuration list for PBXProject "Algorithm_C" */;
			compatibilityVersion = "Xcode 9.3";
			developmentRegion = en;
			hasScannedForEncodings = 0;
			knownRegions = (
				en,
				Base,
			);
			mainGroup = D2330A1B24AF0FD500C6480D;
			productRefGroup = D2330A2524AF0FD500C6480D /* Products */;
			projectDirPath = "";
			projectRoot = "";
			targets = (
				D2330A2324AF0FD500C6480D /* Algorithm_C */,
				8EA593D524CDB969002785EF /* OfferReview */,
				D2EB00FC24D912C6009EAFD6 /* Algorithm_Swift */,
				D2EB013F24DB7A5C009EAFD6 /* Block */,
			);
		};
/* End PBXProject section */

/* Begin PBXSourcesBuildPhase section */
		8EA593D224CDB969002785EF /* Sources */ = {
			isa = PBXSourcesBuildPhase;
			buildActionMask = 2147483647;
			files = (
				D227131424D126F2009B180D /* NumericStrings.cpp in Sources */,
				D227131824D139B5009B180D /* ReorderArray.cpp in Sources */,
				D227132824D16CBB009B180D /* MergeSortedLists.cpp in Sources */,
				D2090C1124CFCF3600FA4F51 /* Fibonacci.cpp in Sources */,
				D2EB012C24D95F74009EAFD6 /* MergeSort.cpp in Sources */,
				D2EB011024D92F70009EAFD6 /* InsertSort.cpp in Sources */,
				8E2572C124D0696F0080F598 /* Print1ToMaxOfNDigits.cpp in Sources */,
				D227130824D10B2F009B180D /* DeleteNodeInList.cpp in Sources */,
				D239E72724D3BDDF00DA0BE5 /* DigitsInSequence.cpp in Sources */,
				D2090C2124D0293B00FA4F51 /* NumberOf1InBinary.cpp in Sources */,
				8EA593E024CDBD0B002785EF /* AssignmentOperator.cpp in Sources */,
				D2090C0924CFAD4B00FA4F51 /* QueueWithTwoStacks.cpp in Sources */,
				D239E78824D4290200DA0BE5 /* LongestSubstringWithoutDup.cpp in Sources */,
				D2EB010C24D91F91009EAFD6 /* BubbleSort.cpp in Sources */,
				D237C64324D25B20001E0B21 /* StackPushPopOrder.cpp in Sources */,
				8E2572CC24D1C3780080F598 /* SymmetricalBinaryTree.cpp in Sources */,
				D237C65B24D2AAF8001E0B21 /* CopyComplexList.cpp in Sources */,
				D239E78424D4161800DA0BE5 /* MaxValueOfGifts.cpp in Sources */,
				D237C65E24D2AB63001E0B21 /* ComplexList.cpp in Sources */,
				8E2572D024D3039B0080F598 /* StringPermutation.cpp in Sources */,
				D2090C1D24D01FCC00FA4F51 /* RobotMove.cpp in Sources */,
				D237C63F24D24648001E0B21 /* StackWithMin.cpp in Sources */,
				D21B43A324CE83160078EEF9 /* FindDuplication.cpp in Sources */,
				D227132424D165A1009B180D /* ReverseList.cpp in Sources */,
				D2090C1524CFF75E00FA4F51 /* MinNumberInRotatedArray.cpp in Sources */,
				D227133024D17ADA009B180D /* SubstructureInTree.cpp in Sources */,
				D227131C24D14BEB009B180D /* KthNodeFromEnd.cpp in Sources */,
				D2090C0524CFA51E00FA4F51 /* NextNodeInBinaryTrees.cpp in Sources */,
				8E2572BD24D062C90080F598 /* CPower.cpp in Sources */,
				D239E72324D3B3E700DA0BE5 /* NumberOf1.cpp in Sources */,
				8EA593E424CF0B40002785EF /* ConstructBinaryTree.cpp in Sources */,
				D2EB011724D9364C009EAFD6 /* ShellSort.cpp in Sources */,
				D21B43A724CEA24B0078EEF9 /* FindDuplicationNoEdit.cpp in Sources */,
				D21B43AB24CEB54B0078EEF9 /* FindInPartiallySortedMatrix.cpp in Sources */,
				8E2572D524D304690080F598 /* MoreThanHalfNumber.cpp in Sources */,
				D239E71F24D3A3B200DA0BE5 /* GreatestSumOfSubarrays.cpp in Sources */,
				D2090C1924D010B800FA4F51 /* StringPathInMatrix.cpp in Sources */,
				D21B43B324CED1390078EEF9 /* PrintListInReversedOrder.cpp in Sources */,
				D239E71724D3921A00DA0BE5 /* KLeastNumbers.cpp in Sources */,
				D239E77C24D3FBF000DA0BE5 /* SortArrayForMinNumber.cpp in Sources */,
				D227132C24D16E6B009B180D /* List.cpp in Sources */,
				8EA593D924CDB969002785EF /* main.cpp in Sources */,
				D227130C24D11360009B180D /* DeleteDuplicatedNode.cpp in Sources */,
				D2090C0D24CFBCC600FA4F51 /* StackWithTwoQueues.cpp in Sources */,
				D2EB012524D95A00009EAFD6 /* QuickSort.cpp in Sources */,
				8E2572D824D304DE0080F598 /* Array.cpp in Sources */,
				D237C65724D29F3A001E0B21 /* PathInTree.cpp in Sources */,
				D237C65324D27FEE001E0B21 /* SquenceOfBST.cpp in Sources */,
				8E2572C524D1B3AE0080F598 /* MirrorOfBinaryTree.cpp in Sources */,
				D237C64F24D27648001E0B21 /* PrintTreesInZigzag.cpp in Sources */,
				D21B43AF24CEC0CD0078EEF9 /* ReplaceSpaces.cpp in Sources */,
				D2EB013024D96467009EAFD6 /* HeapSort.cpp in Sources */,
				D227132024D1577D009B180D /* EntryNodeInListLoop.cpp in Sources */,
				D237C64B24D26CED001E0B21 /* PrintTreesInLines.cpp in Sources */,
				D237C66624D2C730001E0B21 /* SerializeBinaryTrees.cpp in Sources */,
				D239E71B24D39BCA00DA0BE5 /* StreamMedian.cpp in Sources */,
				D237C64724D265B0001E0B21 /* PrintTreeFromTopToBottom.cpp in Sources */,
				D227131024D11DB5009B180D /* RegularExpressions.cpp in Sources */,
				D2EB011E24D955D6009EAFD6 /* SelectSort.cpp in Sources */,
				D237C66224D2BC31001E0B21 /* ConvertBinarySearchTree.cpp in Sources */,
				8E2572C824D1B45D0080F598 /* BinaryTree.cpp in Sources */,
				D239E78024D4012500DA0BE5 /* TranslateNumbersToStrings.cpp in Sources */,
			);
			runOnlyForDeploymentPostprocessing = 0;
		};
		D2330A2024AF0FD500C6480D /* Sources */ = {
			isa = PBXSourcesBuildPhase;
			buildActionMask = 2147483647;
			files = (
				D28F813A24C6E60E00EE7EF3 /* RecursiveSummary.cpp in Sources */,
				D2330A2824AF0FD500C6480D /* main.cpp in Sources */,
				D2EB013B24DA2DC8009EAFD6 /* TwoSum.cpp in Sources */,
				8E5CCE0724B9FF3D0081B5FF /* Review_1.cpp in Sources */,
			);
			runOnlyForDeploymentPostprocessing = 0;
		};
		D2EB00F924D912C6009EAFD6 /* Sources */ = {
			isa = PBXSourcesBuildPhase;
			buildActionMask = 2147483647;
			files = (
				D2EB010024D912C6009EAFD6 /* main.swift in Sources */,
				D2EB012824D95C83009EAFD6 /* QuickSort.swift in Sources */,
				D2EB010924D9136D009EAFD6 /* BubbleSort.swift in Sources */,
				D2EB012124D95836009EAFD6 /* SelectSort.swift in Sources */,
				D2EB013324D96A81009EAFD6 /* MergeSort.swift in Sources */,
				D2EB011A24D93E86009EAFD6 /* ShellSort.swift in Sources */,
				D2EB011324D933BB009EAFD6 /* InsertSort.swift in Sources */,
				D2EB013624D97392009EAFD6 /* HeapSort.swift in Sources */,
			);
			runOnlyForDeploymentPostprocessing = 0;
		};
		D2EB013C24DB7A5C009EAFD6 /* Sources */ = {
			isa = PBXSourcesBuildPhase;
			buildActionMask = 2147483647;
			files = (
				D2EB015B24DC0593009EAFD6 /* Son+Test.m in Sources */,
				D2EB015824DC04F0009EAFD6 /* Father+Test.m in Sources */,
				D2EB015524DC00CE009EAFD6 /* Son.m in Sources */,
				D2EB014C24DBB132009EAFD6 /* BlockStruct.c in Sources */,
				D2EB014F24DC0002009EAFD6 /* Father.m in Sources */,
				D2EB014324DB7A5C009EAFD6 /* main.m in Sources */,
				D2FF2CD224DC1B200029E56E /* GrandSon.m in Sources */,
			);
			runOnlyForDeploymentPostprocessing = 0;
		};
/* End PBXSourcesBuildPhase section */

/* Begin XCBuildConfiguration section */
		8EA593DB24CDB969002785EF /* Debug */ = {
			isa = XCBuildConfiguration;
			buildSettings = {
				CODE_SIGN_STYLE = Automatic;
				PRODUCT_NAME = "$(TARGET_NAME)";
			};
			name = Debug;
		};
		8EA593DC24CDB969002785EF /* Release */ = {
			isa = XCBuildConfiguration;
			buildSettings = {
				CODE_SIGN_STYLE = Automatic;
				PRODUCT_NAME = "$(TARGET_NAME)";
			};
			name = Release;
		};
		D2330A2924AF0FD500C6480D /* Debug */ = {
			isa = XCBuildConfiguration;
			buildSettings = {
				ALWAYS_SEARCH_USER_PATHS = NO;
				CLANG_ANALYZER_NONNULL = YES;
				CLANG_ANALYZER_NUMBER_OBJECT_CONVERSION = YES_AGGRESSIVE;
				CLANG_CXX_LANGUAGE_STANDARD = "gnu++14";
				CLANG_CXX_LIBRARY = "libc++";
				CLANG_ENABLE_MODULES = YES;
				CLANG_ENABLE_OBJC_ARC = YES;
				CLANG_ENABLE_OBJC_WEAK = YES;
				CLANG_WARN_BLOCK_CAPTURE_AUTORELEASING = YES;
				CLANG_WARN_BOOL_CONVERSION = YES;
				CLANG_WARN_COMMA = YES;
				CLANG_WARN_CONSTANT_CONVERSION = YES;
				CLANG_WARN_DEPRECATED_OBJC_IMPLEMENTATIONS = YES;
				CLANG_WARN_DIRECT_OBJC_ISA_USAGE = YES_ERROR;
				CLANG_WARN_DOCUMENTATION_COMMENTS = YES;
				CLANG_WARN_EMPTY_BODY = YES;
				CLANG_WARN_ENUM_CONVERSION = YES;
				CLANG_WARN_INFINITE_RECURSION = YES;
				CLANG_WARN_INT_CONVERSION = YES;
				CLANG_WARN_NON_LITERAL_NULL_CONVERSION = YES;
				CLANG_WARN_OBJC_IMPLICIT_RETAIN_SELF = YES;
				CLANG_WARN_OBJC_LITERAL_CONVERSION = YES;
				CLANG_WARN_OBJC_ROOT_CLASS = YES_ERROR;
				CLANG_WARN_RANGE_LOOP_ANALYSIS = YES;
				CLANG_WARN_STRICT_PROTOTYPES = YES;
				CLANG_WARN_SUSPICIOUS_MOVE = YES;
				CLANG_WARN_UNGUARDED_AVAILABILITY = YES_AGGRESSIVE;
				CLANG_WARN_UNREACHABLE_CODE = YES;
				CLANG_WARN__DUPLICATE_METHOD_MATCH = YES;
				COPY_PHASE_STRIP = NO;
				DEBUG_INFORMATION_FORMAT = dwarf;
				ENABLE_STRICT_OBJC_MSGSEND = YES;
				ENABLE_TESTABILITY = YES;
				GCC_C_LANGUAGE_STANDARD = gnu11;
				GCC_DYNAMIC_NO_PIC = NO;
				GCC_NO_COMMON_BLOCKS = YES;
				GCC_OPTIMIZATION_LEVEL = 0;
				GCC_PREPROCESSOR_DEFINITIONS = (
					"DEBUG=1",
					"$(inherited)",
				);
				GCC_WARN_64_TO_32_BIT_CONVERSION = YES;
				GCC_WARN_ABOUT_RETURN_TYPE = YES_ERROR;
				GCC_WARN_UNDECLARED_SELECTOR = YES;
				GCC_WARN_UNINITIALIZED_AUTOS = YES_AGGRESSIVE;
				GCC_WARN_UNUSED_FUNCTION = YES;
				GCC_WARN_UNUSED_VARIABLE = YES;
				MACOSX_DEPLOYMENT_TARGET = 10.15;
				MTL_ENABLE_DEBUG_INFO = INCLUDE_SOURCE;
				MTL_FAST_MATH = YES;
				ONLY_ACTIVE_ARCH = YES;
				SDKROOT = macosx;
			};
			name = Debug;
		};
		D2330A2A24AF0FD500C6480D /* Release */ = {
			isa = XCBuildConfiguration;
			buildSettings = {
				ALWAYS_SEARCH_USER_PATHS = NO;
				CLANG_ANALYZER_NONNULL = YES;
				CLANG_ANALYZER_NUMBER_OBJECT_CONVERSION = YES_AGGRESSIVE;
				CLANG_CXX_LANGUAGE_STANDARD = "gnu++14";
				CLANG_CXX_LIBRARY = "libc++";
				CLANG_ENABLE_MODULES = YES;
				CLANG_ENABLE_OBJC_ARC = YES;
				CLANG_ENABLE_OBJC_WEAK = YES;
				CLANG_WARN_BLOCK_CAPTURE_AUTORELEASING = YES;
				CLANG_WARN_BOOL_CONVERSION = YES;
				CLANG_WARN_COMMA = YES;
				CLANG_WARN_CONSTANT_CONVERSION = YES;
				CLANG_WARN_DEPRECATED_OBJC_IMPLEMENTATIONS = YES;
				CLANG_WARN_DIRECT_OBJC_ISA_USAGE = YES_ERROR;
				CLANG_WARN_DOCUMENTATION_COMMENTS = YES;
				CLANG_WARN_EMPTY_BODY = YES;
				CLANG_WARN_ENUM_CONVERSION = YES;
				CLANG_WARN_INFINITE_RECURSION = YES;
				CLANG_WARN_INT_CONVERSION = YES;
				CLANG_WARN_NON_LITERAL_NULL_CONVERSION = YES;
				CLANG_WARN_OBJC_IMPLICIT_RETAIN_SELF = YES;
				CLANG_WARN_OBJC_LITERAL_CONVERSION = YES;
				CLANG_WARN_OBJC_ROOT_CLASS = YES_ERROR;
				CLANG_WARN_RANGE_LOOP_ANALYSIS = YES;
				CLANG_WARN_STRICT_PROTOTYPES = YES;
				CLANG_WARN_SUSPICIOUS_MOVE = YES;
				CLANG_WARN_UNGUARDED_AVAILABILITY = YES_AGGRESSIVE;
				CLANG_WARN_UNREACHABLE_CODE = YES;
				CLANG_WARN__DUPLICATE_METHOD_MATCH = YES;
				COPY_PHASE_STRIP = NO;
				DEBUG_INFORMATION_FORMAT = "dwarf-with-dsym";
				ENABLE_NS_ASSERTIONS = NO;
				ENABLE_STRICT_OBJC_MSGSEND = YES;
				GCC_C_LANGUAGE_STANDARD = gnu11;
				GCC_NO_COMMON_BLOCKS = YES;
				GCC_WARN_64_TO_32_BIT_CONVERSION = YES;
				GCC_WARN_ABOUT_RETURN_TYPE = YES_ERROR;
				GCC_WARN_UNDECLARED_SELECTOR = YES;
				GCC_WARN_UNINITIALIZED_AUTOS = YES_AGGRESSIVE;
				GCC_WARN_UNUSED_FUNCTION = YES;
				GCC_WARN_UNUSED_VARIABLE = YES;
				MACOSX_DEPLOYMENT_TARGET = 10.15;
				MTL_ENABLE_DEBUG_INFO = NO;
				MTL_FAST_MATH = YES;
				SDKROOT = macosx;
			};
			name = Release;
		};
		D2330A2C24AF0FD500C6480D /* Debug */ = {
			isa = XCBuildConfiguration;
			buildSettings = {
				CODE_SIGN_IDENTITY = "-";
				CODE_SIGN_STYLE = Automatic;
				PRODUCT_NAME = "$(TARGET_NAME)";
			};
			name = Debug;
		};
		D2330A2D24AF0FD500C6480D /* Release */ = {
			isa = XCBuildConfiguration;
			buildSettings = {
				CODE_SIGN_IDENTITY = "-";
				CODE_SIGN_STYLE = Automatic;
				PRODUCT_NAME = "$(TARGET_NAME)";
			};
			name = Release;
		};
		D2EB010124D912C6009EAFD6 /* Debug */ = {
			isa = XCBuildConfiguration;
			buildSettings = {
				CODE_SIGN_STYLE = Automatic;
				PRODUCT_NAME = "$(TARGET_NAME)";
				SWIFT_ACTIVE_COMPILATION_CONDITIONS = DEBUG;
				SWIFT_OPTIMIZATION_LEVEL = "-Onone";
				SWIFT_VERSION = 5.0;
			};
			name = Debug;
		};
		D2EB010224D912C6009EAFD6 /* Release */ = {
			isa = XCBuildConfiguration;
			buildSettings = {
				CODE_SIGN_STYLE = Automatic;
				PRODUCT_NAME = "$(TARGET_NAME)";
				SWIFT_COMPILATION_MODE = wholemodule;
				SWIFT_OPTIMIZATION_LEVEL = "-O";
				SWIFT_VERSION = 5.0;
			};
			name = Release;
		};
		D2EB014424DB7A5C009EAFD6 /* Debug */ = {
			isa = XCBuildConfiguration;
			buildSettings = {
				CODE_SIGN_STYLE = Automatic;
				GCC_INPUT_FILETYPE = sourcecode.cpp.objcpp;
				PRODUCT_NAME = "$(TARGET_NAME)";
			};
			name = Debug;
		};
		D2EB014524DB7A5C009EAFD6 /* Release */ = {
			isa = XCBuildConfiguration;
			buildSettings = {
				CODE_SIGN_STYLE = Automatic;
				GCC_INPUT_FILETYPE = sourcecode.cpp.objcpp;
				PRODUCT_NAME = "$(TARGET_NAME)";
			};
			name = Release;
		};
/* End XCBuildConfiguration section */

/* Begin XCConfigurationList section */
		8EA593DA24CDB969002785EF /* Build configuration list for PBXNativeTarget "OfferReview" */ = {
			isa = XCConfigurationList;
			buildConfigurations = (
				8EA593DB24CDB969002785EF /* Debug */,
				8EA593DC24CDB969002785EF /* Release */,
			);
			defaultConfigurationIsVisible = 0;
			defaultConfigurationName = Release;
		};
		D2330A1F24AF0FD500C6480D /* Build configuration list for PBXProject "Algorithm_C" */ = {
			isa = XCConfigurationList;
			buildConfigurations = (
				D2330A2924AF0FD500C6480D /* Debug */,
				D2330A2A24AF0FD500C6480D /* Release */,
			);
			defaultConfigurationIsVisible = 0;
			defaultConfigurationName = Release;
		};
		D2330A2B24AF0FD500C6480D /* Build configuration list for PBXNativeTarget "Algorithm_C" */ = {
			isa = XCConfigurationList;
			buildConfigurations = (
				D2330A2C24AF0FD500C6480D /* Debug */,
				D2330A2D24AF0FD500C6480D /* Release */,
			);
			defaultConfigurationIsVisible = 0;
			defaultConfigurationName = Release;
		};
		D2EB010324D912C6009EAFD6 /* Build configuration list for PBXNativeTarget "Algorithm_Swift" */ = {
			isa = XCConfigurationList;
			buildConfigurations = (
				D2EB010124D912C6009EAFD6 /* Debug */,
				D2EB010224D912C6009EAFD6 /* Release */,
			);
			defaultConfigurationIsVisible = 0;
			defaultConfigurationName = Release;
		};
		D2EB014624DB7A5C009EAFD6 /* Build configuration list for PBXNativeTarget "Block" */ = {
			isa = XCConfigurationList;
			buildConfigurations = (
				D2EB014424DB7A5C009EAFD6 /* Debug */,
				D2EB014524DB7A5C009EAFD6 /* Release */,
			);
			defaultConfigurationIsVisible = 0;
			defaultConfigurationName = Release;
		};
/* End XCConfigurationList section */
	};
	rootObject = D2330A1C24AF0FD500C6480D /* Project object */;
}
