// !$*UTF8*$!
{
	archiveVersion = 1;
	classes = {
	};
	objectVersion = 50;
	objects = {

/* Begin PBXBuildFile section */
		8E5CCE0724B9FF3D0081B5FF /* Review_1.cpp in Sources */ = {isa = PBXBuildFile; fileRef = 8E5CCE0624B9FF3D0081B5FF /* Review_1.cpp */; };
		8EB134DB24BA8E8D0055BDDF /* Review_2.cpp in Sources */ = {isa = PBXBuildFile; fileRef = 8EB134DA24BA8E8D0055BDDF /* Review_2.cpp */; };
		8EB134DF24BDF2CD0055BDDF /* Print1ToMaxOfNDigits.cpp in Sources */ = {isa = PBXBuildFile; fileRef = 8EB134DD24BDF2CD0055BDDF /* Print1ToMaxOfNDigits.cpp */; };
		D2330A2824AF0FD500C6480D /* main.cpp in Sources */ = {isa = PBXBuildFile; fileRef = D2330A2724AF0FD500C6480D /* main.cpp */; };
		D2407F3C24BD61BD0018D876 /* Power.cpp in Sources */ = {isa = PBXBuildFile; fileRef = D2407F3A24BD61BD0018D876 /* Power.cpp */; };
		D267479324BEC58500DB689B /* DeleteNodeInList.cpp in Sources */ = {isa = PBXBuildFile; fileRef = D267479124BEC58500DB689B /* DeleteNodeInList.cpp */; };
		D267479724BED8E300DB689B /* DeleteDuplicatedNode.cpp in Sources */ = {isa = PBXBuildFile; fileRef = D267479524BED8E300DB689B /* DeleteDuplicatedNode.cpp */; };
/* End PBXBuildFile section */

/* Begin PBXCopyFilesBuildPhase section */
		D2330A2224AF0FD500C6480D /* CopyFiles */ = {
			isa = PBXCopyFilesBuildPhase;
			buildActionMask = 2147483647;
			dstPath = /usr/share/man/man1/;
			dstSubfolderSpec = 0;
			files = (
			);
			runOnlyForDeploymentPostprocessing = 1;
		};
/* End PBXCopyFilesBuildPhase section */

/* Begin PBXFileReference section */
		8E5CCE0624B9FF3D0081B5FF /* Review_1.cpp */ = {isa = PBXFileReference; lastKnownFileType = sourcecode.cpp.cpp; path = Review_1.cpp; sourceTree = "<group>"; };
		8EB134DA24BA8E8D0055BDDF /* Review_2.cpp */ = {isa = PBXFileReference; lastKnownFileType = sourcecode.cpp.cpp; path = Review_2.cpp; sourceTree = "<group>"; };
		8EB134DD24BDF2CD0055BDDF /* Print1ToMaxOfNDigits.cpp */ = {isa = PBXFileReference; lastKnownFileType = sourcecode.cpp.cpp; path = Print1ToMaxOfNDigits.cpp; sourceTree = "<group>"; };
		8EB134DE24BDF2CD0055BDDF /* Print1ToMaxOfNDigits.hpp */ = {isa = PBXFileReference; lastKnownFileType = sourcecode.cpp.h; path = Print1ToMaxOfNDigits.hpp; sourceTree = "<group>"; };
		D225BF4324B7E38500D16B45 /* StudyList.strings */ = {isa = PBXFileReference; lastKnownFileType = text.plist.strings; path = StudyList.strings; sourceTree = "<group>"; };
		D2330A2424AF0FD500C6480D /* Algorithm_C */ = {isa = PBXFileReference; explicitFileType = "compiled.mach-o.executable"; includeInIndex = 0; path = Algorithm_C; sourceTree = BUILT_PRODUCTS_DIR; };
		D2330A2724AF0FD500C6480D /* main.cpp */ = {isa = PBXFileReference; lastKnownFileType = sourcecode.cpp.cpp; path = main.cpp; sourceTree = "<group>"; };
		D2407F3A24BD61BD0018D876 /* Power.cpp */ = {isa = PBXFileReference; lastKnownFileType = sourcecode.cpp.cpp; path = Power.cpp; sourceTree = "<group>"; };
		D2407F3B24BD61BD0018D876 /* Power.hpp */ = {isa = PBXFileReference; lastKnownFileType = sourcecode.cpp.h; path = Power.hpp; sourceTree = "<group>"; };
		D2407F3D24BD626B0018D876 /* LearnedList.strings */ = {isa = PBXFileReference; lastKnownFileType = text.plist.strings; path = LearnedList.strings; sourceTree = "<group>"; };
		D267479124BEC58500DB689B /* DeleteNodeInList.cpp */ = {isa = PBXFileReference; lastKnownFileType = sourcecode.cpp.cpp; path = DeleteNodeInList.cpp; sourceTree = "<group>"; };
		D267479224BEC58500DB689B /* DeleteNodeInList.hpp */ = {isa = PBXFileReference; lastKnownFileType = sourcecode.cpp.h; path = DeleteNodeInList.hpp; sourceTree = "<group>"; };
		D267479524BED8E300DB689B /* DeleteDuplicatedNode.cpp */ = {isa = PBXFileReference; lastKnownFileType = sourcecode.cpp.cpp; path = DeleteDuplicatedNode.cpp; sourceTree = "<group>"; };
		D267479624BED8E300DB689B /* DeleteDuplicatedNode.hpp */ = {isa = PBXFileReference; lastKnownFileType = sourcecode.cpp.h; path = DeleteDuplicatedNode.hpp; sourceTree = "<group>"; };
/* End PBXFileReference section */

/* Begin PBXFrameworksBuildPhase section */
		D2330A2124AF0FD500C6480D /* Frameworks */ = {
			isa = PBXFrameworksBuildPhase;
			buildActionMask = 2147483647;
			files = (
			);
			runOnlyForDeploymentPostprocessing = 0;
		};
/* End PBXFrameworksBuildPhase section */

/* Begin PBXGroup section */
		8EB134DC24BDF2AB0055BDDF /* Print1ToMaxOfNDigits */ = {
			isa = PBXGroup;
			children = (
				8EB134DD24BDF2CD0055BDDF /* Print1ToMaxOfNDigits.cpp */,
				8EB134DE24BDF2CD0055BDDF /* Print1ToMaxOfNDigits.hpp */,
			);
			path = Print1ToMaxOfNDigits;
			sourceTree = "<group>";
		};
		D2330A1B24AF0FD500C6480D = {
			isa = PBXGroup;
			children = (
				D2330A2624AF0FD500C6480D /* Algorithm_C */,
				D2330A2524AF0FD500C6480D /* Products */,
			);
			sourceTree = "<group>";
		};
		D2330A2524AF0FD500C6480D /* Products */ = {
			isa = PBXGroup;
			children = (
				D2330A2424AF0FD500C6480D /* Algorithm_C */,
			);
			name = Products;
			sourceTree = "<group>";
		};
		D2330A2624AF0FD500C6480D /* Algorithm_C */ = {
			isa = PBXGroup;
			children = (
				D267479424BED8D300DB689B /* DeleteDuplicatedNode */,
				D267479024BEC57100DB689B /* DeleteNodeInList */,
				8EB134DC24BDF2AB0055BDDF /* Print1ToMaxOfNDigits */,
				D2407F3924BD61A60018D876 /* Power */,
				D225BF4324B7E38500D16B45 /* StudyList.strings */,
				D2330A2724AF0FD500C6480D /* main.cpp */,
				D2407F3824BD3D9A0018D876 /* Review */,
			);
			path = Algorithm_C;
			sourceTree = "<group>";
		};
		D2407F3824BD3D9A0018D876 /* Review */ = {
			isa = PBXGroup;
			children = (
				D2407F3D24BD626B0018D876 /* LearnedList.strings */,
				8E5CCE0624B9FF3D0081B5FF /* Review_1.cpp */,
				8EB134DA24BA8E8D0055BDDF /* Review_2.cpp */,
			);
			path = Review;
			sourceTree = "<group>";
		};
		D2407F3924BD61A60018D876 /* Power */ = {
			isa = PBXGroup;
			children = (
				D2407F3A24BD61BD0018D876 /* Power.cpp */,
				D2407F3B24BD61BD0018D876 /* Power.hpp */,
			);
			path = Power;
			sourceTree = "<group>";
		};
		D267479024BEC57100DB689B /* DeleteNodeInList */ = {
			isa = PBXGroup;
			children = (
				D267479124BEC58500DB689B /* DeleteNodeInList.cpp */,
				D267479224BEC58500DB689B /* DeleteNodeInList.hpp */,
			);
			path = DeleteNodeInList;
			sourceTree = "<group>";
		};
		D267479424BED8D300DB689B /* DeleteDuplicatedNode */ = {
			isa = PBXGroup;
			children = (
				D267479524BED8E300DB689B /* DeleteDuplicatedNode.cpp */,
				D267479624BED8E300DB689B /* DeleteDuplicatedNode.hpp */,
			);
			path = DeleteDuplicatedNode;
			sourceTree = "<group>";
		};
/* End PBXGroup section */

/* Begin PBXNativeTarget section */
		D2330A2324AF0FD500C6480D /* Algorithm_C */ = {
			isa = PBXNativeTarget;
			buildConfigurationList = D2330A2B24AF0FD500C6480D /* Build configuration list for PBXNativeTarget "Algorithm_C" */;
			buildPhases = (
				D2330A2024AF0FD500C6480D /* Sources */,
				D2330A2124AF0FD500C6480D /* Frameworks */,
				D2330A2224AF0FD500C6480D /* CopyFiles */,
			);
			buildRules = (
			);
			dependencies = (
			);
			name = Algorithm_C;
			productName = Algorithm_C;
			productReference = D2330A2424AF0FD500C6480D /* Algorithm_C */;
			productType = "com.apple.product-type.tool";
		};
/* End PBXNativeTarget section */

/* Begin PBXProject section */
		D2330A1C24AF0FD500C6480D /* Project object */ = {
			isa = PBXProject;
			attributes = {
				LastUpgradeCheck = 1130;
				ORGANIZATIONNAME = CHM;
				TargetAttributes = {
					D2330A2324AF0FD500C6480D = {
						CreatedOnToolsVersion = 11.3.1;
					};
				};
			};
			buildConfigurationList = D2330A1F24AF0FD500C6480D /* Build configuration list for PBXProject "Algorithm_C" */;
			compatibilityVersion = "Xcode 9.3";
			developmentRegion = en;
			hasScannedForEncodings = 0;
			knownRegions = (
				en,
				Base,
			);
			mainGroup = D2330A1B24AF0FD500C6480D;
			productRefGroup = D2330A2524AF0FD500C6480D /* Products */;
			projectDirPath = "";
			projectRoot = "";
			targets = (
				D2330A2324AF0FD500C6480D /* Algorithm_C */,
			);
		};
/* End PBXProject section */

/* Begin PBXSourcesBuildPhase section */
		D2330A2024AF0FD500C6480D /* Sources */ = {
			isa = PBXSourcesBuildPhase;
			buildActionMask = 2147483647;
			files = (
				8EB134DB24BA8E8D0055BDDF /* Review_2.cpp in Sources */,
				D2330A2824AF0FD500C6480D /* main.cpp in Sources */,
				8E5CCE0724B9FF3D0081B5FF /* Review_1.cpp in Sources */,
				D267479324BEC58500DB689B /* DeleteNodeInList.cpp in Sources */,
				D2407F3C24BD61BD0018D876 /* Power.cpp in Sources */,
				D267479724BED8E300DB689B /* DeleteDuplicatedNode.cpp in Sources */,
				8EB134DF24BDF2CD0055BDDF /* Print1ToMaxOfNDigits.cpp in Sources */,
			);
			runOnlyForDeploymentPostprocessing = 0;
		};
/* End PBXSourcesBuildPhase section */

/* Begin XCBuildConfiguration section */
		D2330A2924AF0FD500C6480D /* Debug */ = {
			isa = XCBuildConfiguration;
			buildSettings = {
				ALWAYS_SEARCH_USER_PATHS = NO;
				CLANG_ANALYZER_NONNULL = YES;
				CLANG_ANALYZER_NUMBER_OBJECT_CONVERSION = YES_AGGRESSIVE;
				CLANG_CXX_LANGUAGE_STANDARD = "gnu++14";
				CLANG_CXX_LIBRARY = "libc++";
				CLANG_ENABLE_MODULES = YES;
				CLANG_ENABLE_OBJC_ARC = YES;
				CLANG_ENABLE_OBJC_WEAK = YES;
				CLANG_WARN_BLOCK_CAPTURE_AUTORELEASING = YES;
				CLANG_WARN_BOOL_CONVERSION = YES;
				CLANG_WARN_COMMA = YES;
				CLANG_WARN_CONSTANT_CONVERSION = YES;
				CLANG_WARN_DEPRECATED_OBJC_IMPLEMENTATIONS = YES;
				CLANG_WARN_DIRECT_OBJC_ISA_USAGE = YES_ERROR;
				CLANG_WARN_DOCUMENTATION_COMMENTS = YES;
				CLANG_WARN_EMPTY_BODY = YES;
				CLANG_WARN_ENUM_CONVERSION = YES;
				CLANG_WARN_INFINITE_RECURSION = YES;
				CLANG_WARN_INT_CONVERSION = YES;
				CLANG_WARN_NON_LITERAL_NULL_CONVERSION = YES;
				CLANG_WARN_OBJC_IMPLICIT_RETAIN_SELF = YES;
				CLANG_WARN_OBJC_LITERAL_CONVERSION = YES;
				CLANG_WARN_OBJC_ROOT_CLASS = YES_ERROR;
				CLANG_WARN_RANGE_LOOP_ANALYSIS = YES;
				CLANG_WARN_STRICT_PROTOTYPES = YES;
				CLANG_WARN_SUSPICIOUS_MOVE = YES;
				CLANG_WARN_UNGUARDED_AVAILABILITY = YES_AGGRESSIVE;
				CLANG_WARN_UNREACHABLE_CODE = YES;
				CLANG_WARN__DUPLICATE_METHOD_MATCH = YES;
				COPY_PHASE_STRIP = NO;
				DEBUG_INFORMATION_FORMAT = dwarf;
				ENABLE_STRICT_OBJC_MSGSEND = YES;
				ENABLE_TESTABILITY = YES;
				GCC_C_LANGUAGE_STANDARD = gnu11;
				GCC_DYNAMIC_NO_PIC = NO;
				GCC_NO_COMMON_BLOCKS = YES;
				GCC_OPTIMIZATION_LEVEL = 0;
				GCC_PREPROCESSOR_DEFINITIONS = (
					"DEBUG=1",
					"$(inherited)",
				);
				GCC_WARN_64_TO_32_BIT_CONVERSION = YES;
				GCC_WARN_ABOUT_RETURN_TYPE = YES_ERROR;
				GCC_WARN_UNDECLARED_SELECTOR = YES;
				GCC_WARN_UNINITIALIZED_AUTOS = YES_AGGRESSIVE;
				GCC_WARN_UNUSED_FUNCTION = YES;
				GCC_WARN_UNUSED_VARIABLE = YES;
				MACOSX_DEPLOYMENT_TARGET = 10.15;
				MTL_ENABLE_DEBUG_INFO = INCLUDE_SOURCE;
				MTL_FAST_MATH = YES;
				ONLY_ACTIVE_ARCH = YES;
				SDKROOT = macosx;
			};
			name = Debug;
		};
		D2330A2A24AF0FD500C6480D /* Release */ = {
			isa = XCBuildConfiguration;
			buildSettings = {
				ALWAYS_SEARCH_USER_PATHS = NO;
				CLANG_ANALYZER_NONNULL = YES;
				CLANG_ANALYZER_NUMBER_OBJECT_CONVERSION = YES_AGGRESSIVE;
				CLANG_CXX_LANGUAGE_STANDARD = "gnu++14";
				CLANG_CXX_LIBRARY = "libc++";
				CLANG_ENABLE_MODULES = YES;
				CLANG_ENABLE_OBJC_ARC = YES;
				CLANG_ENABLE_OBJC_WEAK = YES;
				CLANG_WARN_BLOCK_CAPTURE_AUTORELEASING = YES;
				CLANG_WARN_BOOL_CONVERSION = YES;
				CLANG_WARN_COMMA = YES;
				CLANG_WARN_CONSTANT_CONVERSION = YES;
				CLANG_WARN_DEPRECATED_OBJC_IMPLEMENTATIONS = YES;
				CLANG_WARN_DIRECT_OBJC_ISA_USAGE = YES_ERROR;
				CLANG_WARN_DOCUMENTATION_COMMENTS = YES;
				CLANG_WARN_EMPTY_BODY = YES;
				CLANG_WARN_ENUM_CONVERSION = YES;
				CLANG_WARN_INFINITE_RECURSION = YES;
				CLANG_WARN_INT_CONVERSION = YES;
				CLANG_WARN_NON_LITERAL_NULL_CONVERSION = YES;
				CLANG_WARN_OBJC_IMPLICIT_RETAIN_SELF = YES;
				CLANG_WARN_OBJC_LITERAL_CONVERSION = YES;
				CLANG_WARN_OBJC_ROOT_CLASS = YES_ERROR;
				CLANG_WARN_RANGE_LOOP_ANALYSIS = YES;
				CLANG_WARN_STRICT_PROTOTYPES = YES;
				CLANG_WARN_SUSPICIOUS_MOVE = YES;
				CLANG_WARN_UNGUARDED_AVAILABILITY = YES_AGGRESSIVE;
				CLANG_WARN_UNREACHABLE_CODE = YES;
				CLANG_WARN__DUPLICATE_METHOD_MATCH = YES;
				COPY_PHASE_STRIP = NO;
				DEBUG_INFORMATION_FORMAT = "dwarf-with-dsym";
				ENABLE_NS_ASSERTIONS = NO;
				ENABLE_STRICT_OBJC_MSGSEND = YES;
				GCC_C_LANGUAGE_STANDARD = gnu11;
				GCC_NO_COMMON_BLOCKS = YES;
				GCC_WARN_64_TO_32_BIT_CONVERSION = YES;
				GCC_WARN_ABOUT_RETURN_TYPE = YES_ERROR;
				GCC_WARN_UNDECLARED_SELECTOR = YES;
				GCC_WARN_UNINITIALIZED_AUTOS = YES_AGGRESSIVE;
				GCC_WARN_UNUSED_FUNCTION = YES;
				GCC_WARN_UNUSED_VARIABLE = YES;
				MACOSX_DEPLOYMENT_TARGET = 10.15;
				MTL_ENABLE_DEBUG_INFO = NO;
				MTL_FAST_MATH = YES;
				SDKROOT = macosx;
			};
			name = Release;
		};
		D2330A2C24AF0FD500C6480D /* Debug */ = {
			isa = XCBuildConfiguration;
			buildSettings = {
				CODE_SIGN_STYLE = Automatic;
				PRODUCT_NAME = "$(TARGET_NAME)";
			};
			name = Debug;
		};
		D2330A2D24AF0FD500C6480D /* Release */ = {
			isa = XCBuildConfiguration;
			buildSettings = {
				CODE_SIGN_STYLE = Automatic;
				PRODUCT_NAME = "$(TARGET_NAME)";
			};
			name = Release;
		};
/* End XCBuildConfiguration section */

/* Begin XCConfigurationList section */
		D2330A1F24AF0FD500C6480D /* Build configuration list for PBXProject "Algorithm_C" */ = {
			isa = XCConfigurationList;
			buildConfigurations = (
				D2330A2924AF0FD500C6480D /* Debug */,
				D2330A2A24AF0FD500C6480D /* Release */,
			);
			defaultConfigurationIsVisible = 0;
			defaultConfigurationName = Release;
		};
		D2330A2B24AF0FD500C6480D /* Build configuration list for PBXNativeTarget "Algorithm_C" */ = {
			isa = XCConfigurationList;
			buildConfigurations = (
				D2330A2C24AF0FD500C6480D /* Debug */,
				D2330A2D24AF0FD500C6480D /* Release */,
			);
			defaultConfigurationIsVisible = 0;
			defaultConfigurationName = Release;
		};
/* End XCConfigurationList section */
	};
	rootObject = D2330A1C24AF0FD500C6480D /* Project object */;
}
