// !$*UTF8*$!
{
	archiveVersion = 1;
	classes = {
	};
	objectVersion = 50;
	objects = {

/* Begin PBXBuildFile section */
		8E3ECB7624C28B2C004D4F4E /* MirrorOfBinaryTree.cpp in Sources */ = {isa = PBXBuildFile; fileRef = 8E3ECB7524C28B2C004D4F4E /* MirrorOfBinaryTree.cpp */; };
		8E3ECB7A24C28B42004D4F4E /* SymmetricalBinaryTree.cpp in Sources */ = {isa = PBXBuildFile; fileRef = 8E3ECB7824C28B42004D4F4E /* SymmetricalBinaryTree.cpp */; };
		8E3ECB7E24C28B56004D4F4E /* PrintMatrix.cpp in Sources */ = {isa = PBXBuildFile; fileRef = 8E3ECB7C24C28B55004D4F4E /* PrintMatrix.cpp */; };
		8E3ECB8224C28B65004D4F4E /* StackWithMin.cpp in Sources */ = {isa = PBXBuildFile; fileRef = 8E3ECB8124C28B64004D4F4E /* StackWithMin.cpp */; };
		8E3ECB8624C28B73004D4F4E /* StackPushPopOrder.cpp in Sources */ = {isa = PBXBuildFile; fileRef = 8E3ECB8424C28B73004D4F4E /* StackPushPopOrder.cpp */; };
		8E3ECB8A24C28B8D004D4F4E /* PrintTreeFromTopToBottom.cpp in Sources */ = {isa = PBXBuildFile; fileRef = 8E3ECB8824C28B8C004D4F4E /* PrintTreeFromTopToBottom.cpp */; };
		8E3ECB8E24C28B98004D4F4E /* PrintTreesInLines.cpp in Sources */ = {isa = PBXBuildFile; fileRef = 8E3ECB8C24C28B98004D4F4E /* PrintTreesInLines.cpp */; };
		8E3ECB9224C29779004D4F4E /* PrintTreesInZigzag.cpp in Sources */ = {isa = PBXBuildFile; fileRef = 8E3ECB9024C29779004D4F4E /* PrintTreesInZigzag.cpp */; };
		8E3ECB9624C2A9FF004D4F4E /* SquenceOfBST.cpp in Sources */ = {isa = PBXBuildFile; fileRef = 8E3ECB9424C2A9FF004D4F4E /* SquenceOfBST.cpp */; };
		8E5CCE0724B9FF3D0081B5FF /* Review_1.cpp in Sources */ = {isa = PBXBuildFile; fileRef = 8E5CCE0624B9FF3D0081B5FF /* Review_1.cpp */; };
		8EB134DB24BA8E8D0055BDDF /* Review_2.cpp in Sources */ = {isa = PBXBuildFile; fileRef = 8EB134DA24BA8E8D0055BDDF /* Review_2.cpp */; };
		8EB134DF24BDF2CD0055BDDF /* Print1ToMaxOfNDigits.cpp in Sources */ = {isa = PBXBuildFile; fileRef = 8EB134DD24BDF2CD0055BDDF /* Print1ToMaxOfNDigits.cpp */; };
		8EB134E324C0913A0055BDDF /* SubstructureInTree.cpp in Sources */ = {isa = PBXBuildFile; fileRef = 8EB134E124C0913A0055BDDF /* SubstructureInTree.cpp */; };
		D21EDC8424BFCCC200CBF16E /* NumericStrings.cpp in Sources */ = {isa = PBXBuildFile; fileRef = D21EDC8224BFCCC200CBF16E /* NumericStrings.cpp */; };
		D21EDC8824BFFCFB00CBF16E /* ReorderArray.cpp in Sources */ = {isa = PBXBuildFile; fileRef = D21EDC8624BFFCFB00CBF16E /* ReorderArray.cpp */; };
		D21EDC8C24C01DE300CBF16E /* KthNodeFromEnd.cpp in Sources */ = {isa = PBXBuildFile; fileRef = D21EDC8A24C01DE300CBF16E /* KthNodeFromEnd.cpp */; };
		D21EDC9024C02C1900CBF16E /* EntryNodeInListLoop.cpp in Sources */ = {isa = PBXBuildFile; fileRef = D21EDC8E24C02C1900CBF16E /* EntryNodeInListLoop.cpp */; };
		D21EDC9424C03FFA00CBF16E /* ReverseList.cpp in Sources */ = {isa = PBXBuildFile; fileRef = D21EDC9224C03FFA00CBF16E /* ReverseList.cpp */; };
		D21EDC9924C066A000CBF16E /* MergeSortedLists.cpp in Sources */ = {isa = PBXBuildFile; fileRef = D21EDC9724C066A000CBF16E /* MergeSortedLists.cpp */; };
		D2330A2824AF0FD500C6480D /* main.cpp in Sources */ = {isa = PBXBuildFile; fileRef = D2330A2724AF0FD500C6480D /* main.cpp */; };
		D2407F3C24BD61BD0018D876 /* Power.cpp in Sources */ = {isa = PBXBuildFile; fileRef = D2407F3A24BD61BD0018D876 /* Power.cpp */; };
		D267479324BEC58500DB689B /* DeleteNodeInList.cpp in Sources */ = {isa = PBXBuildFile; fileRef = D267479124BEC58500DB689B /* DeleteNodeInList.cpp */; };
		D267479724BED8E300DB689B /* DeleteDuplicatedNode.cpp in Sources */ = {isa = PBXBuildFile; fileRef = D267479524BED8E300DB689B /* DeleteDuplicatedNode.cpp */; };
		D267479B24BF060700DB689B /* RegularExpressions.cpp in Sources */ = {isa = PBXBuildFile; fileRef = D267479924BF060700DB689B /* RegularExpressions.cpp */; };
/* End PBXBuildFile section */

/* Begin PBXCopyFilesBuildPhase section */
		D2330A2224AF0FD500C6480D /* CopyFiles */ = {
			isa = PBXCopyFilesBuildPhase;
			buildActionMask = 2147483647;
			dstPath = /usr/share/man/man1/;
			dstSubfolderSpec = 0;
			files = (
			);
			runOnlyForDeploymentPostprocessing = 1;
		};
/* End PBXCopyFilesBuildPhase section */

/* Begin PBXFileReference section */
		8E3ECB7424C28B2C004D4F4E /* MirrorOfBinaryTree.hpp */ = {isa = PBXFileReference; fileEncoding = 4; lastKnownFileType = sourcecode.cpp.h; path = MirrorOfBinaryTree.hpp; sourceTree = "<group>"; };
		8E3ECB7524C28B2C004D4F4E /* MirrorOfBinaryTree.cpp */ = {isa = PBXFileReference; fileEncoding = 4; lastKnownFileType = sourcecode.cpp.cpp; path = MirrorOfBinaryTree.cpp; sourceTree = "<group>"; };
		8E3ECB7824C28B42004D4F4E /* SymmetricalBinaryTree.cpp */ = {isa = PBXFileReference; fileEncoding = 4; lastKnownFileType = sourcecode.cpp.cpp; path = SymmetricalBinaryTree.cpp; sourceTree = "<group>"; };
		8E3ECB7924C28B42004D4F4E /* SymmetricalBinaryTree.hpp */ = {isa = PBXFileReference; fileEncoding = 4; lastKnownFileType = sourcecode.cpp.h; path = SymmetricalBinaryTree.hpp; sourceTree = "<group>"; };
		8E3ECB7C24C28B55004D4F4E /* PrintMatrix.cpp */ = {isa = PBXFileReference; fileEncoding = 4; lastKnownFileType = sourcecode.cpp.cpp; path = PrintMatrix.cpp; sourceTree = "<group>"; };
		8E3ECB7D24C28B55004D4F4E /* PrintMatrix.hpp */ = {isa = PBXFileReference; fileEncoding = 4; lastKnownFileType = sourcecode.cpp.h; path = PrintMatrix.hpp; sourceTree = "<group>"; };
		8E3ECB8024C28B64004D4F4E /* StackWithMin.hpp */ = {isa = PBXFileReference; fileEncoding = 4; lastKnownFileType = sourcecode.cpp.h; path = StackWithMin.hpp; sourceTree = "<group>"; };
		8E3ECB8124C28B64004D4F4E /* StackWithMin.cpp */ = {isa = PBXFileReference; fileEncoding = 4; lastKnownFileType = sourcecode.cpp.cpp; path = StackWithMin.cpp; sourceTree = "<group>"; };
		8E3ECB8424C28B73004D4F4E /* StackPushPopOrder.cpp */ = {isa = PBXFileReference; fileEncoding = 4; lastKnownFileType = sourcecode.cpp.cpp; path = StackPushPopOrder.cpp; sourceTree = "<group>"; };
		8E3ECB8524C28B73004D4F4E /* StackPushPopOrder.hpp */ = {isa = PBXFileReference; fileEncoding = 4; lastKnownFileType = sourcecode.cpp.h; path = StackPushPopOrder.hpp; sourceTree = "<group>"; };
		8E3ECB8824C28B8C004D4F4E /* PrintTreeFromTopToBottom.cpp */ = {isa = PBXFileReference; fileEncoding = 4; lastKnownFileType = sourcecode.cpp.cpp; path = PrintTreeFromTopToBottom.cpp; sourceTree = "<group>"; };
		8E3ECB8924C28B8D004D4F4E /* PrintTreeFromTopToBottom.hpp */ = {isa = PBXFileReference; fileEncoding = 4; lastKnownFileType = sourcecode.cpp.h; path = PrintTreeFromTopToBottom.hpp; sourceTree = "<group>"; };
		8E3ECB8C24C28B98004D4F4E /* PrintTreesInLines.cpp */ = {isa = PBXFileReference; fileEncoding = 4; lastKnownFileType = sourcecode.cpp.cpp; path = PrintTreesInLines.cpp; sourceTree = "<group>"; };
		8E3ECB8D24C28B98004D4F4E /* PrintTreesInLines.hpp */ = {isa = PBXFileReference; fileEncoding = 4; lastKnownFileType = sourcecode.cpp.h; path = PrintTreesInLines.hpp; sourceTree = "<group>"; };
		8E3ECB9024C29779004D4F4E /* PrintTreesInZigzag.cpp */ = {isa = PBXFileReference; lastKnownFileType = sourcecode.cpp.cpp; path = PrintTreesInZigzag.cpp; sourceTree = "<group>"; };
		8E3ECB9124C29779004D4F4E /* PrintTreesInZigzag.hpp */ = {isa = PBXFileReference; lastKnownFileType = sourcecode.cpp.h; path = PrintTreesInZigzag.hpp; sourceTree = "<group>"; };
		8E3ECB9424C2A9FF004D4F4E /* SquenceOfBST.cpp */ = {isa = PBXFileReference; lastKnownFileType = sourcecode.cpp.cpp; path = SquenceOfBST.cpp; sourceTree = "<group>"; };
		8E3ECB9524C2A9FF004D4F4E /* SquenceOfBST.hpp */ = {isa = PBXFileReference; lastKnownFileType = sourcecode.cpp.h; path = SquenceOfBST.hpp; sourceTree = "<group>"; };
		8E5CCE0624B9FF3D0081B5FF /* Review_1.cpp */ = {isa = PBXFileReference; lastKnownFileType = sourcecode.cpp.cpp; path = Review_1.cpp; sourceTree = "<group>"; };
		8EB134DA24BA8E8D0055BDDF /* Review_2.cpp */ = {isa = PBXFileReference; lastKnownFileType = sourcecode.cpp.cpp; path = Review_2.cpp; sourceTree = "<group>"; };
		8EB134DD24BDF2CD0055BDDF /* Print1ToMaxOfNDigits.cpp */ = {isa = PBXFileReference; lastKnownFileType = sourcecode.cpp.cpp; path = Print1ToMaxOfNDigits.cpp; sourceTree = "<group>"; };
		8EB134DE24BDF2CD0055BDDF /* Print1ToMaxOfNDigits.hpp */ = {isa = PBXFileReference; lastKnownFileType = sourcecode.cpp.h; path = Print1ToMaxOfNDigits.hpp; sourceTree = "<group>"; };
		8EB134E124C0913A0055BDDF /* SubstructureInTree.cpp */ = {isa = PBXFileReference; lastKnownFileType = sourcecode.cpp.cpp; path = SubstructureInTree.cpp; sourceTree = "<group>"; };
		8EB134E224C0913A0055BDDF /* SubstructureInTree.hpp */ = {isa = PBXFileReference; lastKnownFileType = sourcecode.cpp.h; path = SubstructureInTree.hpp; sourceTree = "<group>"; };
		D21EDC8224BFCCC200CBF16E /* NumericStrings.cpp */ = {isa = PBXFileReference; lastKnownFileType = sourcecode.cpp.cpp; path = NumericStrings.cpp; sourceTree = "<group>"; };
		D21EDC8324BFCCC200CBF16E /* NumericStrings.hpp */ = {isa = PBXFileReference; lastKnownFileType = sourcecode.cpp.h; path = NumericStrings.hpp; sourceTree = "<group>"; };
		D21EDC8624BFFCFB00CBF16E /* ReorderArray.cpp */ = {isa = PBXFileReference; lastKnownFileType = sourcecode.cpp.cpp; path = ReorderArray.cpp; sourceTree = "<group>"; };
		D21EDC8724BFFCFB00CBF16E /* ReorderArray.hpp */ = {isa = PBXFileReference; lastKnownFileType = sourcecode.cpp.h; path = ReorderArray.hpp; sourceTree = "<group>"; };
		D21EDC8A24C01DE300CBF16E /* KthNodeFromEnd.cpp */ = {isa = PBXFileReference; lastKnownFileType = sourcecode.cpp.cpp; path = KthNodeFromEnd.cpp; sourceTree = "<group>"; };
		D21EDC8B24C01DE300CBF16E /* KthNodeFromEnd.hpp */ = {isa = PBXFileReference; lastKnownFileType = sourcecode.cpp.h; path = KthNodeFromEnd.hpp; sourceTree = "<group>"; };
		D21EDC8E24C02C1900CBF16E /* EntryNodeInListLoop.cpp */ = {isa = PBXFileReference; lastKnownFileType = sourcecode.cpp.cpp; path = EntryNodeInListLoop.cpp; sourceTree = "<group>"; };
		D21EDC8F24C02C1900CBF16E /* EntryNodeInListLoop.hpp */ = {isa = PBXFileReference; lastKnownFileType = sourcecode.cpp.h; path = EntryNodeInListLoop.hpp; sourceTree = "<group>"; };
		D21EDC9224C03FFA00CBF16E /* ReverseList.cpp */ = {isa = PBXFileReference; lastKnownFileType = sourcecode.cpp.cpp; path = ReverseList.cpp; sourceTree = "<group>"; };
		D21EDC9324C03FFA00CBF16E /* ReverseList.hpp */ = {isa = PBXFileReference; lastKnownFileType = sourcecode.cpp.h; path = ReverseList.hpp; sourceTree = "<group>"; };
		D21EDC9724C066A000CBF16E /* MergeSortedLists.cpp */ = {isa = PBXFileReference; lastKnownFileType = sourcecode.cpp.cpp; path = MergeSortedLists.cpp; sourceTree = "<group>"; };
		D21EDC9824C066A000CBF16E /* MergeSortedLists.hpp */ = {isa = PBXFileReference; lastKnownFileType = sourcecode.cpp.h; path = MergeSortedLists.hpp; sourceTree = "<group>"; };
		D225BF4324B7E38500D16B45 /* StudyList.strings */ = {isa = PBXFileReference; lastKnownFileType = text.plist.strings; path = StudyList.strings; sourceTree = "<group>"; };
		D2330A2424AF0FD500C6480D /* Algorithm_C */ = {isa = PBXFileReference; explicitFileType = "compiled.mach-o.executable"; includeInIndex = 0; path = Algorithm_C; sourceTree = BUILT_PRODUCTS_DIR; };
		D2330A2724AF0FD500C6480D /* main.cpp */ = {isa = PBXFileReference; lastKnownFileType = sourcecode.cpp.cpp; path = main.cpp; sourceTree = "<group>"; };
		D2407F3A24BD61BD0018D876 /* Power.cpp */ = {isa = PBXFileReference; lastKnownFileType = sourcecode.cpp.cpp; path = Power.cpp; sourceTree = "<group>"; };
		D2407F3B24BD61BD0018D876 /* Power.hpp */ = {isa = PBXFileReference; lastKnownFileType = sourcecode.cpp.h; path = Power.hpp; sourceTree = "<group>"; };
		D2407F3D24BD626B0018D876 /* LearnedList.strings */ = {isa = PBXFileReference; lastKnownFileType = text.plist.strings; path = LearnedList.strings; sourceTree = "<group>"; };
		D267479124BEC58500DB689B /* DeleteNodeInList.cpp */ = {isa = PBXFileReference; lastKnownFileType = sourcecode.cpp.cpp; path = DeleteNodeInList.cpp; sourceTree = "<group>"; };
		D267479224BEC58500DB689B /* DeleteNodeInList.hpp */ = {isa = PBXFileReference; lastKnownFileType = sourcecode.cpp.h; path = DeleteNodeInList.hpp; sourceTree = "<group>"; };
		D267479524BED8E300DB689B /* DeleteDuplicatedNode.cpp */ = {isa = PBXFileReference; lastKnownFileType = sourcecode.cpp.cpp; path = DeleteDuplicatedNode.cpp; sourceTree = "<group>"; };
		D267479624BED8E300DB689B /* DeleteDuplicatedNode.hpp */ = {isa = PBXFileReference; lastKnownFileType = sourcecode.cpp.h; path = DeleteDuplicatedNode.hpp; sourceTree = "<group>"; };
		D267479924BF060700DB689B /* RegularExpressions.cpp */ = {isa = PBXFileReference; lastKnownFileType = sourcecode.cpp.cpp; path = RegularExpressions.cpp; sourceTree = "<group>"; };
		D267479A24BF060700DB689B /* RegularExpressions.hpp */ = {isa = PBXFileReference; lastKnownFileType = sourcecode.cpp.h; path = RegularExpressions.hpp; sourceTree = "<group>"; };
/* End PBXFileReference section */

/* Begin PBXFrameworksBuildPhase section */
		D2330A2124AF0FD500C6480D /* Frameworks */ = {
			isa = PBXFrameworksBuildPhase;
			buildActionMask = 2147483647;
			files = (
			);
			runOnlyForDeploymentPostprocessing = 0;
		};
/* End PBXFrameworksBuildPhase section */

/* Begin PBXGroup section */
		8E3ECB7324C28B2C004D4F4E /* MirrorOfBinaryTree */ = {
			isa = PBXGroup;
			children = (
				8E3ECB7424C28B2C004D4F4E /* MirrorOfBinaryTree.hpp */,
				8E3ECB7524C28B2C004D4F4E /* MirrorOfBinaryTree.cpp */,
			);
			path = MirrorOfBinaryTree;
			sourceTree = "<group>";
		};
		8E3ECB7724C28B42004D4F4E /* SymmetricalBinaryTree */ = {
			isa = PBXGroup;
			children = (
				8E3ECB7824C28B42004D4F4E /* SymmetricalBinaryTree.cpp */,
				8E3ECB7924C28B42004D4F4E /* SymmetricalBinaryTree.hpp */,
			);
			path = SymmetricalBinaryTree;
			sourceTree = "<group>";
		};
		8E3ECB7B24C28B55004D4F4E /* PrintMatrix */ = {
			isa = PBXGroup;
			children = (
				8E3ECB7C24C28B55004D4F4E /* PrintMatrix.cpp */,
				8E3ECB7D24C28B55004D4F4E /* PrintMatrix.hpp */,
			);
			path = PrintMatrix;
			sourceTree = "<group>";
		};
		8E3ECB7F24C28B64004D4F4E /* StackWithMin */ = {
			isa = PBXGroup;
			children = (
				8E3ECB8024C28B64004D4F4E /* StackWithMin.hpp */,
				8E3ECB8124C28B64004D4F4E /* StackWithMin.cpp */,
			);
			path = StackWithMin;
			sourceTree = "<group>";
		};
		8E3ECB8324C28B73004D4F4E /* StackPushPopOrder */ = {
			isa = PBXGroup;
			children = (
				8E3ECB8424C28B73004D4F4E /* StackPushPopOrder.cpp */,
				8E3ECB8524C28B73004D4F4E /* StackPushPopOrder.hpp */,
			);
			path = StackPushPopOrder;
			sourceTree = "<group>";
		};
		8E3ECB8724C28B8C004D4F4E /* PrintTreeFromTopToBottom */ = {
			isa = PBXGroup;
			children = (
				8E3ECB8824C28B8C004D4F4E /* PrintTreeFromTopToBottom.cpp */,
				8E3ECB8924C28B8D004D4F4E /* PrintTreeFromTopToBottom.hpp */,
			);
			path = PrintTreeFromTopToBottom;
			sourceTree = "<group>";
		};
		8E3ECB8B24C28B98004D4F4E /* PrintTreesInLines */ = {
			isa = PBXGroup;
			children = (
				8E3ECB8C24C28B98004D4F4E /* PrintTreesInLines.cpp */,
				8E3ECB8D24C28B98004D4F4E /* PrintTreesInLines.hpp */,
			);
			path = PrintTreesInLines;
			sourceTree = "<group>";
		};
		8E3ECB8F24C29771004D4F4E /* PrintTreesInZigzag */ = {
			isa = PBXGroup;
			children = (
				8E3ECB9024C29779004D4F4E /* PrintTreesInZigzag.cpp */,
				8E3ECB9124C29779004D4F4E /* PrintTreesInZigzag.hpp */,
			);
			path = PrintTreesInZigzag;
			sourceTree = "<group>";
		};
		8E3ECB9324C2A9F9004D4F4E /* SquenceOfBST */ = {
			isa = PBXGroup;
			children = (
				8E3ECB9424C2A9FF004D4F4E /* SquenceOfBST.cpp */,
				8E3ECB9524C2A9FF004D4F4E /* SquenceOfBST.hpp */,
			);
			path = SquenceOfBST;
			sourceTree = "<group>";
		};
		8EB134DC24BDF2AB0055BDDF /* Print1ToMaxOfNDigits */ = {
			isa = PBXGroup;
			children = (
				8EB134DD24BDF2CD0055BDDF /* Print1ToMaxOfNDigits.cpp */,
				8EB134DE24BDF2CD0055BDDF /* Print1ToMaxOfNDigits.hpp */,
			);
			path = Print1ToMaxOfNDigits;
			sourceTree = "<group>";
		};
		8EB134E024C091300055BDDF /* SubstructureInTree */ = {
			isa = PBXGroup;
			children = (
				8EB134E124C0913A0055BDDF /* SubstructureInTree.cpp */,
				8EB134E224C0913A0055BDDF /* SubstructureInTree.hpp */,
			);
			path = SubstructureInTree;
			sourceTree = "<group>";
		};
		D21EDC8124BFCCB600CBF16E /* NumericStrings */ = {
			isa = PBXGroup;
			children = (
				D21EDC8224BFCCC200CBF16E /* NumericStrings.cpp */,
				D21EDC8324BFCCC200CBF16E /* NumericStrings.hpp */,
			);
			path = NumericStrings;
			sourceTree = "<group>";
		};
		D21EDC8524BFFCF200CBF16E /* ReorderArray */ = {
			isa = PBXGroup;
			children = (
				D21EDC8624BFFCFB00CBF16E /* ReorderArray.cpp */,
				D21EDC8724BFFCFB00CBF16E /* ReorderArray.hpp */,
			);
			path = ReorderArray;
			sourceTree = "<group>";
		};
		D21EDC8924C01DDA00CBF16E /* KthNodeFromEnd */ = {
			isa = PBXGroup;
			children = (
				D21EDC8A24C01DE300CBF16E /* KthNodeFromEnd.cpp */,
				D21EDC8B24C01DE300CBF16E /* KthNodeFromEnd.hpp */,
			);
			path = KthNodeFromEnd;
			sourceTree = "<group>";
		};
		D21EDC8D24C02C0E00CBF16E /* EntryNodeInListLoop */ = {
			isa = PBXGroup;
			children = (
				D21EDC8E24C02C1900CBF16E /* EntryNodeInListLoop.cpp */,
				D21EDC8F24C02C1900CBF16E /* EntryNodeInListLoop.hpp */,
			);
			path = EntryNodeInListLoop;
			sourceTree = "<group>";
		};
		D21EDC9124C03FF100CBF16E /* ReverseList */ = {
			isa = PBXGroup;
			children = (
				D21EDC9224C03FFA00CBF16E /* ReverseList.cpp */,
				D21EDC9324C03FFA00CBF16E /* ReverseList.hpp */,
			);
			path = ReverseList;
			sourceTree = "<group>";
		};
		D21EDC9524C04E4000CBF16E /* LearnedList */ = {
			isa = PBXGroup;
			children = (
				D2407F3D24BD626B0018D876 /* LearnedList.strings */,
			);
			path = LearnedList;
			sourceTree = "<group>";
		};
		D21EDC9624C0669600CBF16E /* MergeSortedLists */ = {
			isa = PBXGroup;
			children = (
				D21EDC9724C066A000CBF16E /* MergeSortedLists.cpp */,
				D21EDC9824C066A000CBF16E /* MergeSortedLists.hpp */,
			);
			path = MergeSortedLists;
			sourceTree = "<group>";
		};
		D2330A1B24AF0FD500C6480D = {
			isa = PBXGroup;
			children = (
				D2330A2624AF0FD500C6480D /* Algorithm_C */,
				D2330A2524AF0FD500C6480D /* Products */,
			);
			sourceTree = "<group>";
		};
		D2330A2524AF0FD500C6480D /* Products */ = {
			isa = PBXGroup;
			children = (
				D2330A2424AF0FD500C6480D /* Algorithm_C */,
			);
			name = Products;
			sourceTree = "<group>";
		};
		D2330A2624AF0FD500C6480D /* Algorithm_C */ = {
			isa = PBXGroup;
			children = (
				8E3ECB9324C2A9F9004D4F4E /* SquenceOfBST */,
				8E3ECB8F24C29771004D4F4E /* PrintTreesInZigzag */,
				8E3ECB8B24C28B98004D4F4E /* PrintTreesInLines */,
				8E3ECB8724C28B8C004D4F4E /* PrintTreeFromTopToBottom */,
				8E3ECB8324C28B73004D4F4E /* StackPushPopOrder */,
				8E3ECB7F24C28B64004D4F4E /* StackWithMin */,
				8E3ECB7B24C28B55004D4F4E /* PrintMatrix */,
				8E3ECB7724C28B42004D4F4E /* SymmetricalBinaryTree */,
				8E3ECB7324C28B2C004D4F4E /* MirrorOfBinaryTree */,
				8EB134E024C091300055BDDF /* SubstructureInTree */,
				D21EDC9624C0669600CBF16E /* MergeSortedLists */,
				D21EDC9124C03FF100CBF16E /* ReverseList */,
				D21EDC8D24C02C0E00CBF16E /* EntryNodeInListLoop */,
				D21EDC8924C01DDA00CBF16E /* KthNodeFromEnd */,
				D21EDC8524BFFCF200CBF16E /* ReorderArray */,
				D21EDC8124BFCCB600CBF16E /* NumericStrings */,
				D267479824BF05FA00DB689B /* RegularExpressions */,
				D267479424BED8D300DB689B /* DeleteDuplicatedNode */,
				D267479024BEC57100DB689B /* DeleteNodeInList */,
				8EB134DC24BDF2AB0055BDDF /* Print1ToMaxOfNDigits */,
				D2407F3924BD61A60018D876 /* Power */,
				D225BF4324B7E38500D16B45 /* StudyList.strings */,
				D2330A2724AF0FD500C6480D /* main.cpp */,
				D2407F3824BD3D9A0018D876 /* Review */,
			);
			path = Algorithm_C;
			sourceTree = "<group>";
		};
		D2407F3824BD3D9A0018D876 /* Review */ = {
			isa = PBXGroup;
			children = (
				D21EDC9524C04E4000CBF16E /* LearnedList */,
				8E5CCE0624B9FF3D0081B5FF /* Review_1.cpp */,
				8EB134DA24BA8E8D0055BDDF /* Review_2.cpp */,
			);
			path = Review;
			sourceTree = "<group>";
		};
		D2407F3924BD61A60018D876 /* Power */ = {
			isa = PBXGroup;
			children = (
				D2407F3A24BD61BD0018D876 /* Power.cpp */,
				D2407F3B24BD61BD0018D876 /* Power.hpp */,
			);
			path = Power;
			sourceTree = "<group>";
		};
		D267479024BEC57100DB689B /* DeleteNodeInList */ = {
			isa = PBXGroup;
			children = (
				D267479124BEC58500DB689B /* DeleteNodeInList.cpp */,
				D267479224BEC58500DB689B /* DeleteNodeInList.hpp */,
			);
			path = DeleteNodeInList;
			sourceTree = "<group>";
		};
		D267479424BED8D300DB689B /* DeleteDuplicatedNode */ = {
			isa = PBXGroup;
			children = (
				D267479524BED8E300DB689B /* DeleteDuplicatedNode.cpp */,
				D267479624BED8E300DB689B /* DeleteDuplicatedNode.hpp */,
			);
			path = DeleteDuplicatedNode;
			sourceTree = "<group>";
		};
		D267479824BF05FA00DB689B /* RegularExpressions */ = {
			isa = PBXGroup;
			children = (
				D267479924BF060700DB689B /* RegularExpressions.cpp */,
				D267479A24BF060700DB689B /* RegularExpressions.hpp */,
			);
			path = RegularExpressions;
			sourceTree = "<group>";
		};
/* End PBXGroup section */

/* Begin PBXNativeTarget section */
		D2330A2324AF0FD500C6480D /* Algorithm_C */ = {
			isa = PBXNativeTarget;
			buildConfigurationList = D2330A2B24AF0FD500C6480D /* Build configuration list for PBXNativeTarget "Algorithm_C" */;
			buildPhases = (
				D2330A2024AF0FD500C6480D /* Sources */,
				D2330A2124AF0FD500C6480D /* Frameworks */,
				D2330A2224AF0FD500C6480D /* CopyFiles */,
			);
			buildRules = (
			);
			dependencies = (
			);
			name = Algorithm_C;
			productName = Algorithm_C;
			productReference = D2330A2424AF0FD500C6480D /* Algorithm_C */;
			productType = "com.apple.product-type.tool";
		};
/* End PBXNativeTarget section */

/* Begin PBXProject section */
		D2330A1C24AF0FD500C6480D /* Project object */ = {
			isa = PBXProject;
			attributes = {
				LastUpgradeCheck = 1130;
				ORGANIZATIONNAME = CHM;
				TargetAttributes = {
					D2330A2324AF0FD500C6480D = {
						CreatedOnToolsVersion = 11.3.1;
					};
				};
			};
			buildConfigurationList = D2330A1F24AF0FD500C6480D /* Build configuration list for PBXProject "Algorithm_C" */;
			compatibilityVersion = "Xcode 9.3";
			developmentRegion = en;
			hasScannedForEncodings = 0;
			knownRegions = (
				en,
				Base,
			);
			mainGroup = D2330A1B24AF0FD500C6480D;
			productRefGroup = D2330A2524AF0FD500C6480D /* Products */;
			projectDirPath = "";
			projectRoot = "";
			targets = (
				D2330A2324AF0FD500C6480D /* Algorithm_C */,
			);
		};
/* End PBXProject section */

/* Begin PBXSourcesBuildPhase section */
		D2330A2024AF0FD500C6480D /* Sources */ = {
			isa = PBXSourcesBuildPhase;
			buildActionMask = 2147483647;
			files = (
				8E3ECB8E24C28B98004D4F4E /* PrintTreesInLines.cpp in Sources */,
				8EB134E324C0913A0055BDDF /* SubstructureInTree.cpp in Sources */,
				D21EDC8424BFCCC200CBF16E /* NumericStrings.cpp in Sources */,
				D21EDC8824BFFCFB00CBF16E /* ReorderArray.cpp in Sources */,
				8EB134DB24BA8E8D0055BDDF /* Review_2.cpp in Sources */,
				D2330A2824AF0FD500C6480D /* main.cpp in Sources */,
				8E3ECB9224C29779004D4F4E /* PrintTreesInZigzag.cpp in Sources */,
				8E3ECB8224C28B65004D4F4E /* StackWithMin.cpp in Sources */,
				8E5CCE0724B9FF3D0081B5FF /* Review_1.cpp in Sources */,
				8E3ECB7E24C28B56004D4F4E /* PrintMatrix.cpp in Sources */,
				D267479324BEC58500DB689B /* DeleteNodeInList.cpp in Sources */,
				8E3ECB9624C2A9FF004D4F4E /* SquenceOfBST.cpp in Sources */,
				D267479B24BF060700DB689B /* RegularExpressions.cpp in Sources */,
				D2407F3C24BD61BD0018D876 /* Power.cpp in Sources */,
				D21EDC8C24C01DE300CBF16E /* KthNodeFromEnd.cpp in Sources */,
				D21EDC9024C02C1900CBF16E /* EntryNodeInListLoop.cpp in Sources */,
				D21EDC9424C03FFA00CBF16E /* ReverseList.cpp in Sources */,
				8E3ECB7624C28B2C004D4F4E /* MirrorOfBinaryTree.cpp in Sources */,
				8E3ECB7A24C28B42004D4F4E /* SymmetricalBinaryTree.cpp in Sources */,
				D21EDC9924C066A000CBF16E /* MergeSortedLists.cpp in Sources */,
				D267479724BED8E300DB689B /* DeleteDuplicatedNode.cpp in Sources */,
				8E3ECB8A24C28B8D004D4F4E /* PrintTreeFromTopToBottom.cpp in Sources */,
				8EB134DF24BDF2CD0055BDDF /* Print1ToMaxOfNDigits.cpp in Sources */,
				8E3ECB8624C28B73004D4F4E /* StackPushPopOrder.cpp in Sources */,
			);
			runOnlyForDeploymentPostprocessing = 0;
		};
/* End PBXSourcesBuildPhase section */

/* Begin XCBuildConfiguration section */
		D2330A2924AF0FD500C6480D /* Debug */ = {
			isa = XCBuildConfiguration;
			buildSettings = {
				ALWAYS_SEARCH_USER_PATHS = NO;
				CLANG_ANALYZER_NONNULL = YES;
				CLANG_ANALYZER_NUMBER_OBJECT_CONVERSION = YES_AGGRESSIVE;
				CLANG_CXX_LANGUAGE_STANDARD = "gnu++14";
				CLANG_CXX_LIBRARY = "libc++";
				CLANG_ENABLE_MODULES = YES;
				CLANG_ENABLE_OBJC_ARC = YES;
				CLANG_ENABLE_OBJC_WEAK = YES;
				CLANG_WARN_BLOCK_CAPTURE_AUTORELEASING = YES;
				CLANG_WARN_BOOL_CONVERSION = YES;
				CLANG_WARN_COMMA = YES;
				CLANG_WARN_CONSTANT_CONVERSION = YES;
				CLANG_WARN_DEPRECATED_OBJC_IMPLEMENTATIONS = YES;
				CLANG_WARN_DIRECT_OBJC_ISA_USAGE = YES_ERROR;
				CLANG_WARN_DOCUMENTATION_COMMENTS = YES;
				CLANG_WARN_EMPTY_BODY = YES;
				CLANG_WARN_ENUM_CONVERSION = YES;
				CLANG_WARN_INFINITE_RECURSION = YES;
				CLANG_WARN_INT_CONVERSION = YES;
				CLANG_WARN_NON_LITERAL_NULL_CONVERSION = YES;
				CLANG_WARN_OBJC_IMPLICIT_RETAIN_SELF = YES;
				CLANG_WARN_OBJC_LITERAL_CONVERSION = YES;
				CLANG_WARN_OBJC_ROOT_CLASS = YES_ERROR;
				CLANG_WARN_RANGE_LOOP_ANALYSIS = YES;
				CLANG_WARN_STRICT_PROTOTYPES = YES;
				CLANG_WARN_SUSPICIOUS_MOVE = YES;
				CLANG_WARN_UNGUARDED_AVAILABILITY = YES_AGGRESSIVE;
				CLANG_WARN_UNREACHABLE_CODE = YES;
				CLANG_WARN__DUPLICATE_METHOD_MATCH = YES;
				COPY_PHASE_STRIP = NO;
				DEBUG_INFORMATION_FORMAT = dwarf;
				ENABLE_STRICT_OBJC_MSGSEND = YES;
				ENABLE_TESTABILITY = YES;
				GCC_C_LANGUAGE_STANDARD = gnu11;
				GCC_DYNAMIC_NO_PIC = NO;
				GCC_NO_COMMON_BLOCKS = YES;
				GCC_OPTIMIZATION_LEVEL = 0;
				GCC_PREPROCESSOR_DEFINITIONS = (
					"DEBUG=1",
					"$(inherited)",
				);
				GCC_WARN_64_TO_32_BIT_CONVERSION = YES;
				GCC_WARN_ABOUT_RETURN_TYPE = YES_ERROR;
				GCC_WARN_UNDECLARED_SELECTOR = YES;
				GCC_WARN_UNINITIALIZED_AUTOS = YES_AGGRESSIVE;
				GCC_WARN_UNUSED_FUNCTION = YES;
				GCC_WARN_UNUSED_VARIABLE = YES;
				MACOSX_DEPLOYMENT_TARGET = 10.15;
				MTL_ENABLE_DEBUG_INFO = INCLUDE_SOURCE;
				MTL_FAST_MATH = YES;
				ONLY_ACTIVE_ARCH = YES;
				SDKROOT = macosx;
			};
			name = Debug;
		};
		D2330A2A24AF0FD500C6480D /* Release */ = {
			isa = XCBuildConfiguration;
			buildSettings = {
				ALWAYS_SEARCH_USER_PATHS = NO;
				CLANG_ANALYZER_NONNULL = YES;
				CLANG_ANALYZER_NUMBER_OBJECT_CONVERSION = YES_AGGRESSIVE;
				CLANG_CXX_LANGUAGE_STANDARD = "gnu++14";
				CLANG_CXX_LIBRARY = "libc++";
				CLANG_ENABLE_MODULES = YES;
				CLANG_ENABLE_OBJC_ARC = YES;
				CLANG_ENABLE_OBJC_WEAK = YES;
				CLANG_WARN_BLOCK_CAPTURE_AUTORELEASING = YES;
				CLANG_WARN_BOOL_CONVERSION = YES;
				CLANG_WARN_COMMA = YES;
				CLANG_WARN_CONSTANT_CONVERSION = YES;
				CLANG_WARN_DEPRECATED_OBJC_IMPLEMENTATIONS = YES;
				CLANG_WARN_DIRECT_OBJC_ISA_USAGE = YES_ERROR;
				CLANG_WARN_DOCUMENTATION_COMMENTS = YES;
				CLANG_WARN_EMPTY_BODY = YES;
				CLANG_WARN_ENUM_CONVERSION = YES;
				CLANG_WARN_INFINITE_RECURSION = YES;
				CLANG_WARN_INT_CONVERSION = YES;
				CLANG_WARN_NON_LITERAL_NULL_CONVERSION = YES;
				CLANG_WARN_OBJC_IMPLICIT_RETAIN_SELF = YES;
				CLANG_WARN_OBJC_LITERAL_CONVERSION = YES;
				CLANG_WARN_OBJC_ROOT_CLASS = YES_ERROR;
				CLANG_WARN_RANGE_LOOP_ANALYSIS = YES;
				CLANG_WARN_STRICT_PROTOTYPES = YES;
				CLANG_WARN_SUSPICIOUS_MOVE = YES;
				CLANG_WARN_UNGUARDED_AVAILABILITY = YES_AGGRESSIVE;
				CLANG_WARN_UNREACHABLE_CODE = YES;
				CLANG_WARN__DUPLICATE_METHOD_MATCH = YES;
				COPY_PHASE_STRIP = NO;
				DEBUG_INFORMATION_FORMAT = "dwarf-with-dsym";
				ENABLE_NS_ASSERTIONS = NO;
				ENABLE_STRICT_OBJC_MSGSEND = YES;
				GCC_C_LANGUAGE_STANDARD = gnu11;
				GCC_NO_COMMON_BLOCKS = YES;
				GCC_WARN_64_TO_32_BIT_CONVERSION = YES;
				GCC_WARN_ABOUT_RETURN_TYPE = YES_ERROR;
				GCC_WARN_UNDECLARED_SELECTOR = YES;
				GCC_WARN_UNINITIALIZED_AUTOS = YES_AGGRESSIVE;
				GCC_WARN_UNUSED_FUNCTION = YES;
				GCC_WARN_UNUSED_VARIABLE = YES;
				MACOSX_DEPLOYMENT_TARGET = 10.15;
				MTL_ENABLE_DEBUG_INFO = NO;
				MTL_FAST_MATH = YES;
				SDKROOT = macosx;
			};
			name = Release;
		};
		D2330A2C24AF0FD500C6480D /* Debug */ = {
			isa = XCBuildConfiguration;
			buildSettings = {
				CODE_SIGN_STYLE = Automatic;
				PRODUCT_NAME = "$(TARGET_NAME)";
			};
			name = Debug;
		};
		D2330A2D24AF0FD500C6480D /* Release */ = {
			isa = XCBuildConfiguration;
			buildSettings = {
				CODE_SIGN_STYLE = Automatic;
				PRODUCT_NAME = "$(TARGET_NAME)";
			};
			name = Release;
		};
/* End XCBuildConfiguration section */

/* Begin XCConfigurationList section */
		D2330A1F24AF0FD500C6480D /* Build configuration list for PBXProject "Algorithm_C" */ = {
			isa = XCConfigurationList;
			buildConfigurations = (
				D2330A2924AF0FD500C6480D /* Debug */,
				D2330A2A24AF0FD500C6480D /* Release */,
			);
			defaultConfigurationIsVisible = 0;
			defaultConfigurationName = Release;
		};
		D2330A2B24AF0FD500C6480D /* Build configuration list for PBXNativeTarget "Algorithm_C" */ = {
			isa = XCConfigurationList;
			buildConfigurations = (
				D2330A2C24AF0FD500C6480D /* Debug */,
				D2330A2D24AF0FD500C6480D /* Release */,
			);
			defaultConfigurationIsVisible = 0;
			defaultConfigurationName = Release;
		};
/* End XCConfigurationList section */
	};
	rootObject = D2330A1C24AF0FD500C6480D /* Project object */;
}
